{
  "version": 4,
  "terraform_version": "1.13.4",
  "serial": 399,
  "lineage": "102a5ee1-05bb-0b3a-c9d1-056e6873f908",
  "outputs": {
    "clickhouse_instance_id": {
      "value": "i-014fef65d720976f9",
      "type": "string"
    },
    "clickhouse_private_ip": {
      "value": "10.0.11.92",
      "type": "string"
    },
    "configure_kubectl": {
      "value": "aws eks update-kubeconfig --region ap-southeast-1 --name observability-platform-dev-eks",
      "type": "string"
    },
    "eks_cluster_certificate_authority_data": {
      "value": "LS0tLS1CRUdJTiBDRVJUSUZJQ0FURS0tLS0tCk1JSURCVENDQWUyZ0F3SUJBZ0lJRzZRaXpISXA5dkF3RFFZSktvWklodmNOQVFFTEJRQXdGVEVUTUJFR0ExVUUKQXhNS2EzVmlaWEp1WlhSbGN6QWVGdzB5TlRFd01qa3hOakl4TkRKYUZ3MHpOVEV3TWpjeE5qSTJOREphTUJVeApFekFSQmdOVkJBTVRDbXQxWW1WeWJtVjBaWE13Z2dFaU1BMEdDU3FHU0liM0RRRUJBUVVBQTRJQkR3QXdnZ0VLCkFvSUJBUURyL3QxeVRZTnBRN0R0SEl3R3VDdDJYaDRrTTk4cmo4VExJN3FIZUwyblp0SVlaYm1BUFdyL1R2TnYKWmJJT25YWWJZa01UaGt6ZlA5ZzhQM01PZFlpWVF6WW91L09FTEpvVVZ1NFV5WXM1WmpHT0hwMmQ1a1p4UDFlRQpkK1hFVXBBZ3ZEN3o4YUNSMThJaEtFM3liZzdqTDFodWZqcWdrcTZPeGhJL0VYWkdXeW85YTlCWVhNUUNCYlpiClp2aE5OM2s4M1I2a0FGcDdNcjY0am5wejNzN0xhSFdWazdyc3UrYzBCWFBnMWR5VVNLZ012WEdLVHc2ejZGQUIKRlhMZ2E4dXZjWUxLc1ZPOUpydkdHcHlJRVlUNUNRUm0zMTZRdVRxbXhtTm1xbHlJOEdUc1Fjb0JidEpWZWhNdAp4QVRwbW1JZjV0SUovV3dYSXRZUW5EZno3YTh4QWdNQkFBR2pXVEJYTUE0R0ExVWREd0VCL3dRRUF3SUNwREFQCkJnTlZIUk1CQWY4RUJUQURBUUgvTUIwR0ExVWREZ1FXQkJSbkhIcW12RjdTNyswcUR1ME1jb1NMa25EZWV6QVYKQmdOVkhSRUVEakFNZ2dwcmRXSmxjbTVsZEdWek1BMEdDU3FHU0liM0RRRUJDd1VBQTRJQkFRREVYcytneXF6LwpkOGxRVzVHSzF3TlllRldBc3hFbjd5S2hIVjY5THhXemxDS0cwc1d5My9IY1BWR1o1b0duM0lvMVg1M2psckIyCmQ5RFd3bk5rSG1tckxsZS9VVlBUVU9EYzNLWHBUNVQ3NHBEcnYzTXB2bEZGL0JMem1CVHVXcVFoUnRXUXp5Yy8Ka3oyRWY0UzNyUng2a1hNTmRZbi85UHVGa1lJNytMY0FRbFlHNlBZODhMeUhWT3ZkUTIyeVpReld5YW1aTmJtNAphRU9xL25NZEFjWXJIZlZKTEF3NnljT29qall0TzhTQ1lCUE15MDh6RldOVC9JYUhTTzQ2bDNMdUYwTFpOckp6CmhiRXAzRE1wMFVwL3kwZStsWHFtN0Nmb0l4ejBpL3Q5UllJcXdDYTZXekpHWFlpdllGVjNkNU1zaUJyL2U2Qm0KdDYyb2daREovaFdFCi0tLS0tRU5EIENFUlRJRklDQVRFLS0tLS0K",
      "type": "string",
      "sensitive": true
    },
    "eks_cluster_endpoint": {
      "value": "https://A486896E13103062D01DA5C79B1197E3.gr7.ap-southeast-1.eks.amazonaws.com",
      "type": "string"
    },
    "eks_cluster_id": {
      "value": "observability-platform-dev-eks",
      "type": "string"
    },
    "eks_cluster_security_group_id": {
      "value": "sg-0b779ee37f87e204b",
      "type": "string"
    },
    "jaeger_instance_id": {
      "value": "i-08098bc9376c3af83",
      "type": "string"
    },
    "jaeger_private_ip": {
      "value": "10.0.11.14",
      "type": "string"
    },
    "msk_bootstrap_brokers": {
      "value": "",
      "type": "string"
    },
    "msk_cluster_arn": {
      "value": "arn:aws:kafka:ap-southeast-1:711387107956:cluster/observability-platform-dev-msk/0fac61e4-a6f2-47ff-b661-598686a8815a-4",
      "type": "string"
    },
    "msk_zookeeper_connect_string": {
      "value": "z-1.observabilityplat.wf4psm.c4.kafka.ap-southeast-1.amazonaws.com:2181,z-2.observabilityplat.wf4psm.c4.kafka.ap-southeast-1.amazonaws.com:2181,z-3.observabilityplat.wf4psm.c4.kafka.ap-southeast-1.amazonaws.com:2181",
      "type": "string"
    },
    "opensearch_dashboard_endpoint": {
      "value": "https://vpc-obs-platform-dev-os-uzlp5yleesyhj5wgazuw5bnugi.ap-southeast-1.es.amazonaws.com/_dashboards",
      "type": "string"
    },
    "opensearch_domain_arn": {
      "value": "arn:aws:es:ap-southeast-1:711387107956:domain/obs-platform-dev-os",
      "type": "string"
    },
    "opensearch_endpoint": {
      "value": "https://vpc-obs-platform-dev-os-uzlp5yleesyhj5wgazuw5bnugi.ap-southeast-1.es.amazonaws.com",
      "type": "string"
    },
    "private_subnet_ids": {
      "value": [
        "subnet-0ae7ddcac23915574",
        "subnet-01e9ffa2fadbf9e42",
        "subnet-0039023fed1441da7"
      ],
      "type": [
        "tuple",
        [
          "string",
          "string",
          "string"
        ]
      ]
    },
    "public_subnet_ids": {
      "value": [
        "subnet-0584e9080cb2aafd8",
        "subnet-01c795ba4b070cd78",
        "subnet-0092422a1445ef5ab"
      ],
      "type": [
        "tuple",
        [
          "string",
          "string",
          "string"
        ]
      ]
    },
    "rds_database_name": {
      "value": "observability",
      "type": "string"
    },
    "rds_instance_address": {
      "value": "observability-platform-dev-postgres.ct6co8iq0yhj.ap-southeast-1.rds.amazonaws.com",
      "type": "string"
    },
    "rds_instance_arn": {
      "value": "arn:aws:rds:ap-southeast-1:711387107956:db:observability-platform-dev-postgres",
      "type": "string"
    },
    "rds_instance_endpoint": {
      "value": "observability-platform-dev-postgres.ct6co8iq0yhj.ap-southeast-1.rds.amazonaws.com:5432",
      "type": "string"
    },
    "rds_instance_port": {
      "value": 5432,
      "type": "number"
    },
    "vpc_cidr": {
      "value": "10.0.0.0/16",
      "type": "string"
    },
    "vpc_id": {
      "value": "vpc-09ea04bebf9fca5da",
      "type": "string"
    }
  },
  "resources": [
    {
      "mode": "data",
      "type": "aws_availability_zones",
      "name": "available",
      "provider": "provider[\"registry.terraform.io/hashicorp/aws\"]",
      "instances": [
        {
          "schema_version": 0,
          "attributes": {
            "all_availability_zones": null,
            "exclude_names": null,
            "exclude_zone_ids": null,
            "filter": null,
            "group_names": [
              "ap-southeast-1-zg-1"
            ],
            "id": "ap-southeast-1",
            "names": [
              "ap-southeast-1a",
              "ap-southeast-1b",
              "ap-southeast-1c"
            ],
            "state": "available",
            "timeouts": null,
            "zone_ids": [
              "apse1-az1",
              "apse1-az2",
              "apse1-az3"
            ]
          },
          "sensitive_attributes": [],
          "identity_schema_version": 0
        }
      ]
    },
    {
      "mode": "data",
      "type": "aws_caller_identity",
      "name": "current",
      "provider": "provider[\"registry.terraform.io/hashicorp/aws\"]",
      "instances": [
        {
          "schema_version": 0,
          "attributes": {
            "account_id": "711387107956",
            "arn": "arn:aws:iam::711387107956:user/terraform-user",
            "id": "711387107956",
            "user_id": "AIDA2LIPZ2J2LPAIFT3TX"
          },
          "sensitive_attributes": [],
          "identity_schema_version": 0
        }
      ]
    },
    {
      "module": "module.clickhouse",
      "mode": "data",
      "type": "aws_ami",
      "name": "ubuntu",
      "provider": "provider[\"registry.terraform.io/hashicorp/aws\"]",
      "instances": [
        {
          "schema_version": 0,
          "attributes": {
            "architecture": "x86_64",
            "arn": "arn:aws:ec2:ap-southeast-1::image/ami-0827b3068f1548bf6",
            "block_device_mappings": [
              {
                "device_name": "/dev/sda1",
                "ebs": {
                  "delete_on_termination": "true",
                  "encrypted": "false",
                  "iops": "0",
                  "snapshot_id": "snap-08b877539a3882387",
                  "throughput": "0",
                  "volume_initialization_rate": "0",
                  "volume_size": "8",
                  "volume_type": "gp2"
                },
                "no_device": "",
                "virtual_name": ""
              },
              {
                "device_name": "/dev/sdb",
                "ebs": {},
                "no_device": "",
                "virtual_name": "ephemeral0"
              },
              {
                "device_name": "/dev/sdc",
                "ebs": {},
                "no_device": "",
                "virtual_name": "ephemeral1"
              }
            ],
            "boot_mode": "uefi-preferred",
            "creation_date": "2025-10-15T08:05:44.000Z",
            "deprecation_time": "2027-10-15T08:05:44.000Z",
            "description": "Canonical, Ubuntu, 22.04, amd64 jammy image",
            "ena_support": true,
            "executable_users": null,
            "filter": [
              {
                "name": "name",
                "values": [
                  "ubuntu/images/hvm-ssd/ubuntu-jammy-22.04-amd64-server-*"
                ]
              },
              {
                "name": "virtualization-type",
                "values": [
                  "hvm"
                ]
              }
            ],
            "hypervisor": "xen",
            "id": "ami-0827b3068f1548bf6",
            "image_id": "ami-0827b3068f1548bf6",
            "image_location": "amazon/ubuntu/images/hvm-ssd/ubuntu-jammy-22.04-amd64-server-20251015",
            "image_owner_alias": "amazon",
            "image_type": "machine",
            "imds_support": "",
            "include_deprecated": false,
            "kernel_id": "",
            "last_launched_time": "",
            "most_recent": true,
            "name": "ubuntu/images/hvm-ssd/ubuntu-jammy-22.04-amd64-server-20251015",
            "name_regex": null,
            "owner_id": "099720109477",
            "owners": [
              "099720109477"
            ],
            "platform": "",
            "platform_details": "Linux/UNIX",
            "product_codes": [],
            "public": true,
            "ramdisk_id": "",
            "root_device_name": "/dev/sda1",
            "root_device_type": "ebs",
            "root_snapshot_id": "snap-08b877539a3882387",
            "sriov_net_support": "simple",
            "state": "available",
            "state_reason": {
              "code": "UNSET",
              "message": "UNSET"
            },
            "tags": {},
            "timeouts": null,
            "tpm_support": "",
            "uefi_data": null,
            "usage_operation": "RunInstances",
            "virtualization_type": "hvm"
          },
          "sensitive_attributes": [],
          "identity_schema_version": 0
        }
      ]
    },
    {
      "module": "module.clickhouse",
      "mode": "data",
      "type": "aws_subnet",
      "name": "selected",
      "provider": "provider[\"registry.terraform.io/hashicorp/aws\"]",
      "instances": [
        {
          "schema_version": 0,
          "attributes": {
            "arn": "arn:aws:ec2:ap-southeast-1:711387107956:subnet/subnet-0ae7ddcac23915574",
            "assign_ipv6_address_on_creation": false,
            "availability_zone": "ap-southeast-1a",
            "availability_zone_id": "apse1-az1",
            "available_ip_address_count": 219,
            "cidr_block": "10.0.11.0/24",
            "customer_owned_ipv4_pool": "",
            "default_for_az": false,
            "enable_dns64": false,
            "enable_lni_at_device_index": 0,
            "enable_resource_name_dns_a_record_on_launch": false,
            "enable_resource_name_dns_aaaa_record_on_launch": false,
            "filter": null,
            "id": "subnet-0ae7ddcac23915574",
            "ipv6_cidr_block": "",
            "ipv6_cidr_block_association_id": "",
            "ipv6_native": false,
            "map_customer_owned_ip_on_launch": false,
            "map_public_ip_on_launch": false,
            "outpost_arn": "",
            "owner_id": "711387107956",
            "private_dns_hostname_type_on_launch": "ip-name",
            "state": "available",
            "tags": {
              "Environment": "dev",
              "ManagedBy": "Terraform",
              "Name": "observability-platform-dev-private-subnet-1",
              "Project": "observability-platform",
              "kubernetes.io/cluster/observability-platform-dev-eks": "shared",
              "kubernetes.io/role/internal-elb": "1"
            },
            "timeouts": null,
            "vpc_id": "vpc-09ea04bebf9fca5da"
          },
          "sensitive_attributes": [],
          "identity_schema_version": 0
        }
      ]
    },
    {
      "module": "module.clickhouse",
      "mode": "managed",
      "type": "aws_ebs_volume",
      "name": "clickhouse_data",
      "provider": "provider[\"registry.terraform.io/hashicorp/aws\"]",
      "instances": [
        {
          "schema_version": 0,
          "attributes": {
            "arn": "arn:aws:ec2:ap-southeast-1:711387107956:volume/vol-0a8126c1e963f1379",
            "availability_zone": "ap-southeast-1a",
            "create_time": "2025-10-29T16:21:03Z",
            "encrypted": true,
            "final_snapshot": false,
            "id": "vol-0a8126c1e963f1379",
            "iops": 3000,
            "kms_key_id": "arn:aws:kms:ap-southeast-1:711387107956:key/6c49865f-114d-4807-a538-94638a14a015",
            "multi_attach_enabled": false,
            "outpost_arn": "",
            "size": 100,
            "snapshot_id": "",
            "tags": {
              "Name": "observability-platform-dev-clickhouse-data"
            },
            "tags_all": {
              "Environment": "dev",
              "ManagedBy": "Terraform",
              "Name": "observability-platform-dev-clickhouse-data",
              "Project": "observability-platform"
            },
            "throughput": 125,
            "timeouts": null,
            "type": "gp3"
          },
          "sensitive_attributes": [],
          "identity_schema_version": 0,
          "private": "eyJlMmJmYjczMC1lY2FhLTExZTYtOGY4OC0zNDM2M2JjN2M0YzAiOnsiY3JlYXRlIjozMDAwMDAwMDAwMDAsImRlbGV0ZSI6NjAwMDAwMDAwMDAwLCJ1cGRhdGUiOjMwMDAwMDAwMDAwMH19",
          "dependencies": [
            "data.aws_availability_zones.available",
            "module.clickhouse.data.aws_subnet.selected",
            "module.vpc.aws_subnet.private",
            "module.vpc.aws_vpc.main"
          ]
        }
      ]
    },
    {
      "module": "module.clickhouse",
      "mode": "managed",
      "type": "aws_iam_instance_profile",
      "name": "clickhouse",
      "provider": "provider[\"registry.terraform.io/hashicorp/aws\"]",
      "instances": [
        {
          "schema_version": 0,
          "attributes": {
            "arn": "arn:aws:iam::711387107956:instance-profile/observability-platform-dev-clickhouse-profile",
            "create_date": "2025-10-29T16:20:53Z",
            "id": "observability-platform-dev-clickhouse-profile",
            "name": "observability-platform-dev-clickhouse-profile",
            "name_prefix": "",
            "path": "/",
            "role": "observability-platform-dev-clickhouse-role",
            "tags": {
              "Name": "observability-platform-dev-clickhouse-profile"
            },
            "tags_all": {
              "Environment": "dev",
              "ManagedBy": "Terraform",
              "Name": "observability-platform-dev-clickhouse-profile",
              "Project": "observability-platform"
            },
            "unique_id": "AIPA2LIPZ2J2PZPJQTOUZ"
          },
          "sensitive_attributes": [],
          "identity_schema_version": 0,
          "private": "bnVsbA==",
          "dependencies": [
            "module.clickhouse.aws_iam_role.clickhouse"
          ]
        }
      ]
    },
    {
      "module": "module.clickhouse",
      "mode": "managed",
      "type": "aws_iam_role",
      "name": "clickhouse",
      "provider": "provider[\"registry.terraform.io/hashicorp/aws\"]",
      "instances": [
        {
          "schema_version": 0,
          "attributes": {
            "arn": "arn:aws:iam::711387107956:role/observability-platform-dev-clickhouse-role",
            "assume_role_policy": "{\"Statement\":[{\"Action\":\"sts:AssumeRole\",\"Effect\":\"Allow\",\"Principal\":{\"Service\":\"ec2.amazonaws.com\"}}],\"Version\":\"2012-10-17\"}",
            "create_date": "2025-10-29T16:20:50Z",
            "description": "",
            "force_detach_policies": false,
            "id": "observability-platform-dev-clickhouse-role",
            "inline_policy": [],
            "managed_policy_arns": [
              "arn:aws:iam::aws:policy/AmazonSSMManagedInstanceCore",
              "arn:aws:iam::aws:policy/CloudWatchAgentServerPolicy"
            ],
            "max_session_duration": 3600,
            "name": "observability-platform-dev-clickhouse-role",
            "name_prefix": "",
            "path": "/",
            "permissions_boundary": "",
            "tags": {
              "Name": "observability-platform-dev-clickhouse-role"
            },
            "tags_all": {
              "Environment": "dev",
              "ManagedBy": "Terraform",
              "Name": "observability-platform-dev-clickhouse-role",
              "Project": "observability-platform"
            },
            "unique_id": "AROA2LIPZ2J2OYWD422HB"
          },
          "sensitive_attributes": [],
          "identity_schema_version": 0,
          "private": "bnVsbA=="
        }
      ]
    },
    {
      "module": "module.clickhouse",
      "mode": "managed",
      "type": "aws_iam_role_policy_attachment",
      "name": "clickhouse_cloudwatch",
      "provider": "provider[\"registry.terraform.io/hashicorp/aws\"]",
      "instances": [
        {
          "schema_version": 0,
          "attributes": {
            "id": "observability-platform-dev-clickhouse-role-2025102916205327690000000c",
            "policy_arn": "arn:aws:iam::aws:policy/CloudWatchAgentServerPolicy",
            "role": "observability-platform-dev-clickhouse-role"
          },
          "sensitive_attributes": [],
          "identity_schema_version": 0,
          "private": "bnVsbA==",
          "dependencies": [
            "module.clickhouse.aws_iam_role.clickhouse"
          ]
        }
      ]
    },
    {
      "module": "module.clickhouse",
      "mode": "managed",
      "type": "aws_iam_role_policy_attachment",
      "name": "clickhouse_ssm",
      "provider": "provider[\"registry.terraform.io/hashicorp/aws\"]",
      "instances": [
        {
          "schema_version": 0,
          "attributes": {
            "id": "observability-platform-dev-clickhouse-role-2025102916205333990000000d",
            "policy_arn": "arn:aws:iam::aws:policy/AmazonSSMManagedInstanceCore",
            "role": "observability-platform-dev-clickhouse-role"
          },
          "sensitive_attributes": [],
          "identity_schema_version": 0,
          "private": "bnVsbA==",
          "dependencies": [
            "module.clickhouse.aws_iam_role.clickhouse"
          ]
        }
      ]
    },
    {
      "module": "module.clickhouse",
      "mode": "managed",
      "type": "aws_instance",
      "name": "clickhouse",
      "provider": "provider[\"registry.terraform.io/hashicorp/aws\"]",
      "instances": [
        {
          "schema_version": 1,
          "attributes": {
            "ami": "ami-0827b3068f1548bf6",
            "arn": "arn:aws:ec2:ap-southeast-1:711387107956:instance/i-014fef65d720976f9",
            "associate_public_ip_address": false,
            "availability_zone": "ap-southeast-1a",
            "capacity_reservation_specification": [
              {
                "capacity_reservation_preference": "open",
                "capacity_reservation_target": []
              }
            ],
            "cpu_core_count": 1,
            "cpu_options": [
              {
                "amd_sev_snp": "",
                "core_count": 1,
                "threads_per_core": 2
              }
            ],
            "cpu_threads_per_core": 2,
            "credit_specification": [
              {
                "cpu_credits": "unlimited"
              }
            ],
            "disable_api_stop": false,
            "disable_api_termination": false,
            "ebs_block_device": [
              {
                "delete_on_termination": false,
                "device_name": "/dev/xvdf",
                "encrypted": true,
                "iops": 3000,
                "kms_key_id": "arn:aws:kms:ap-southeast-1:711387107956:key/6c49865f-114d-4807-a538-94638a14a015",
                "snapshot_id": "",
                "tags": {
                  "Environment": "dev",
                  "ManagedBy": "Terraform",
                  "Name": "observability-platform-dev-clickhouse-data",
                  "Project": "observability-platform"
                },
                "tags_all": {
                  "Environment": "dev",
                  "ManagedBy": "Terraform",
                  "Name": "observability-platform-dev-clickhouse-data",
                  "Project": "observability-platform"
                },
                "throughput": 125,
                "volume_id": "vol-0a8126c1e963f1379",
                "volume_size": 100,
                "volume_type": "gp3"
              }
            ],
            "ebs_optimized": false,
            "enable_primary_ipv6": null,
            "enclave_options": [
              {
                "enabled": false
              }
            ],
            "ephemeral_block_device": [],
            "get_password_data": false,
            "hibernation": false,
            "host_id": "",
            "host_resource_group_arn": null,
            "iam_instance_profile": "observability-platform-dev-clickhouse-profile",
            "id": "i-014fef65d720976f9",
            "instance_initiated_shutdown_behavior": "stop",
            "instance_lifecycle": "",
            "instance_market_options": [],
            "instance_state": "running",
            "instance_type": "t3.large",
            "ipv6_address_count": 0,
            "ipv6_addresses": [],
            "key_name": "KeyPair",
            "launch_template": [],
            "maintenance_options": [
              {
                "auto_recovery": "default"
              }
            ],
            "metadata_options": [
              {
                "http_endpoint": "enabled",
                "http_protocol_ipv6": "disabled",
                "http_put_response_hop_limit": 1,
                "http_tokens": "required",
                "instance_metadata_tags": "disabled"
              }
            ],
            "monitoring": false,
            "network_interface": [],
            "outpost_arn": "",
            "password_data": "",
            "placement_group": "",
            "placement_partition_number": 0,
            "primary_network_interface_id": "eni-01ff2146ba14ca654",
            "private_dns": "ip-10-0-11-92.ap-southeast-1.compute.internal",
            "private_dns_name_options": [
              {
                "enable_resource_name_dns_a_record": false,
                "enable_resource_name_dns_aaaa_record": false,
                "hostname_type": "ip-name"
              }
            ],
            "private_ip": "10.0.11.92",
            "public_dns": "",
            "public_ip": "",
            "root_block_device": [
              {
                "delete_on_termination": true,
                "device_name": "/dev/sda1",
                "encrypted": true,
                "iops": 3000,
                "kms_key_id": "arn:aws:kms:ap-southeast-1:711387107956:key/6c49865f-114d-4807-a538-94638a14a015",
                "tags": {},
                "tags_all": {
                  "Environment": "dev",
                  "ManagedBy": "Terraform",
                  "Project": "observability-platform"
                },
                "throughput": 125,
                "volume_id": "vol-07525cb2027d934de",
                "volume_size": 30,
                "volume_type": "gp3"
              }
            ],
            "secondary_private_ips": [],
            "security_groups": [],
            "source_dest_check": true,
            "spot_instance_request_id": "",
            "subnet_id": "subnet-0ae7ddcac23915574",
            "tags": {
              "Name": "observability-platform-dev-clickhouse"
            },
            "tags_all": {
              "Environment": "dev",
              "ManagedBy": "Terraform",
              "Name": "observability-platform-dev-clickhouse",
              "Project": "observability-platform"
            },
            "tenancy": "default",
            "timeouts": null,
            "user_data": "e4de3bdfd653a81a927073bf66eeed0ccb4d67ac",
            "user_data_base64": null,
            "user_data_replace_on_change": false,
            "volume_tags": null,
            "vpc_security_group_ids": [
              "sg-0b93775880a516b9c"
            ]
          },
          "sensitive_attributes": [],
          "identity_schema_version": 0,
          "private": "eyJlMmJmYjczMC1lY2FhLTExZTYtOGY4OC0zNDM2M2JjN2M0YzAiOnsiY3JlYXRlIjo2MDAwMDAwMDAwMDAsImRlbGV0ZSI6MTIwMDAwMDAwMDAwMCwicmVhZCI6OTAwMDAwMDAwMDAwLCJ1cGRhdGUiOjYwMDAwMDAwMDAwMH0sInNjaGVtYV92ZXJzaW9uIjoiMSJ9",
          "dependencies": [
            "data.aws_availability_zones.available",
            "module.clickhouse.aws_iam_instance_profile.clickhouse",
            "module.clickhouse.aws_iam_role.clickhouse",
            "module.clickhouse.data.aws_ami.ubuntu",
            "module.security_groups.aws_security_group.clickhouse",
            "module.vpc.aws_subnet.private",
            "module.vpc.aws_vpc.main"
          ]
        }
      ]
    },
    {
      "module": "module.clickhouse",
      "mode": "managed",
      "type": "aws_volume_attachment",
      "name": "clickhouse_data",
      "provider": "provider[\"registry.terraform.io/hashicorp/aws\"]",
      "instances": [
        {
          "schema_version": 0,
          "attributes": {
            "device_name": "/dev/xvdf",
            "force_detach": null,
            "id": "vai-483679570",
            "instance_id": "i-014fef65d720976f9",
            "skip_destroy": null,
            "stop_instance_before_detaching": null,
            "timeouts": null,
            "volume_id": "vol-0a8126c1e963f1379"
          },
          "sensitive_attributes": [],
          "identity_schema_version": 0,
          "private": "eyJlMmJmYjczMC1lY2FhLTExZTYtOGY4OC0zNDM2M2JjN2M0YzAiOnsiY3JlYXRlIjozMDAwMDAwMDAwMDAsImRlbGV0ZSI6MzAwMDAwMDAwMDAwfX0=",
          "dependencies": [
            "data.aws_availability_zones.available",
            "module.clickhouse.aws_ebs_volume.clickhouse_data",
            "module.clickhouse.aws_iam_instance_profile.clickhouse",
            "module.clickhouse.aws_iam_role.clickhouse",
            "module.clickhouse.aws_instance.clickhouse",
            "module.clickhouse.data.aws_ami.ubuntu",
            "module.clickhouse.data.aws_subnet.selected",
            "module.security_groups.aws_security_group.clickhouse",
            "module.vpc.aws_subnet.private",
            "module.vpc.aws_vpc.main"
          ]
        }
      ]
    },
    {
      "module": "module.eks",
      "mode": "data",
      "type": "aws_eks_addon_version",
      "name": "coredns",
      "provider": "provider[\"registry.terraform.io/hashicorp/aws\"]",
      "instances": [
        {
          "schema_version": 0,
          "attributes": {
            "addon_name": "coredns",
            "id": "coredns",
            "kubernetes_version": "1.28",
            "most_recent": true,
            "version": "v1.10.1-eksbuild.38"
          },
          "sensitive_attributes": [],
          "identity_schema_version": 0
        }
      ]
    },
    {
      "module": "module.eks",
      "mode": "data",
      "type": "aws_eks_addon_version",
      "name": "ebs_csi_driver",
      "provider": "provider[\"registry.terraform.io/hashicorp/aws\"]",
      "instances": [
        {
          "schema_version": 0,
          "attributes": {
            "addon_name": "aws-ebs-csi-driver",
            "id": "aws-ebs-csi-driver",
            "kubernetes_version": "1.28",
            "most_recent": true,
            "version": "v1.51.1-eksbuild.1"
          },
          "sensitive_attributes": [],
          "identity_schema_version": 0
        }
      ]
    },
    {
      "module": "module.eks",
      "mode": "data",
      "type": "aws_eks_addon_version",
      "name": "kube_proxy",
      "provider": "provider[\"registry.terraform.io/hashicorp/aws\"]",
      "instances": [
        {
          "schema_version": 0,
          "attributes": {
            "addon_name": "kube-proxy",
            "id": "kube-proxy",
            "kubernetes_version": "1.28",
            "most_recent": true,
            "version": "v1.28.15-eksbuild.31"
          },
          "sensitive_attributes": [],
          "identity_schema_version": 0
        }
      ]
    },
    {
      "module": "module.eks",
      "mode": "data",
      "type": "aws_eks_addon_version",
      "name": "vpc_cni",
      "provider": "provider[\"registry.terraform.io/hashicorp/aws\"]",
      "instances": [
        {
          "schema_version": 0,
          "attributes": {
            "addon_name": "vpc-cni",
            "id": "vpc-cni",
            "kubernetes_version": "1.28",
            "most_recent": true,
            "version": "v1.20.4-eksbuild.1"
          },
          "sensitive_attributes": [],
          "identity_schema_version": 0
        }
      ]
    },
    {
      "module": "module.eks",
      "mode": "data",
      "type": "tls_certificate",
      "name": "eks",
      "provider": "provider[\"registry.terraform.io/hashicorp/tls\"]",
      "instances": [
        {
          "schema_version": 0,
          "attributes": {
            "certificates": [
              {
                "cert_pem": "-----BEGIN CERTIFICATE-----\nMIIEkjCCA3qgAwIBAgITBn+USionzfP6wq4rAfkI7rnExjANBgkqhkiG9w0BAQsF\nADCBmDELMAkGA1UEBhMCVVMxEDAOBgNVBAgTB0FyaXpvbmExEzARBgNVBAcTClNj\nb3R0c2RhbGUxJTAjBgNVBAoTHFN0YXJmaWVsZCBUZWNobm9sb2dpZXMsIEluYy4x\nOzA5BgNVBAMTMlN0YXJmaWVsZCBTZXJ2aWNlcyBSb290IENlcnRpZmljYXRlIEF1\ndGhvcml0eSAtIEcyMB4XDTE1MDUyNTEyMDAwMFoXDTM3MTIzMTAxMDAwMFowOTEL\nMAkGA1UEBhMCVVMxDzANBgNVBAoTBkFtYXpvbjEZMBcGA1UEAxMQQW1hem9uIFJv\nb3QgQ0EgMTCCASIwDQYJKoZIhvcNAQEBBQADggEPADCCAQoCggEBALJ4gHHKeNXj\nca9HgFB0fW7Y14h29Jlo91ghYPl0hAEvrAIthtOgQ3pOsqTQNroBvo3bSMgHFzZM\n9O6II8c+6zf1tRn4SWiw3te5djgdYZ6k/oI2peVKVuRF4fn9tBb6dNqcmzU5L/qw\nIFAGbHrQgLKm+a/sRxmPUDgH3KKHOVj4utWp+UhnMJbulHheb4mjUcAwhmahRWa6\nVOujw5H5SNz/0egwLX0tdHA114gk957EWW67c4cX8jJGKLhD+rcdqsq08p8kDi1L\n93FcXmn/6pUCyziKrlA4b9v7LWIbxcceVOF34GfID5yHI9Y/QCB/IIDEgEw+OyQm\njgSubJrIqg0CAwEAAaOCATEwggEtMA8GA1UdEwEB/wQFMAMBAf8wDgYDVR0PAQH/\nBAQDAgGGMB0GA1UdDgQWBBSEGMyFNOy8DJSULghZnMeyEE4KCDAfBgNVHSMEGDAW\ngBScXwDfqgHXMCs4iKK4bUqc8hGRgzB4BggrBgEFBQcBAQRsMGowLgYIKwYBBQUH\nMAGGImh0dHA6Ly9vY3NwLnJvb3RnMi5hbWF6b250cnVzdC5jb20wOAYIKwYBBQUH\nMAKGLGh0dHA6Ly9jcnQucm9vdGcyLmFtYXpvbnRydXN0LmNvbS9yb290ZzIuY2Vy\nMD0GA1UdHwQ2MDQwMqAwoC6GLGh0dHA6Ly9jcmwucm9vdGcyLmFtYXpvbnRydXN0\nLmNvbS9yb290ZzIuY3JsMBEGA1UdIAQKMAgwBgYEVR0gADANBgkqhkiG9w0BAQsF\nAAOCAQEAYjdCXLwQtT6LLOkMm2xF4gcAevnFWAu5CIw+7bMlPLVvUOTNNWqnkzSW\nMiGpSESrnO09tKpzbeR/FoCJbM8oAxiDR3mjEH4wW6w7sGDgd9QIpuEdfF7Au/ma\neyKdpwAJfqxGF4PcnCZXmTA5YpaP7dreqsXMGz7KQ2hsVxa81Q4gLv7/wmpdLqBK\nbRRYh5TmOTFffHPLkIhqhBGWJ6bt2YFGpn6jcgAKUj6DiAdjd4lpFw85hdKrCEVN\n0FE6/V1dN2RMfjCyVSRCnTawXZwXgWHxyvkQAiSr6w10kY17RSlQOYiypok1JR4U\nakcjMS9cmvqtmg5iUaQqqcT5NJ0hGA==\n-----END CERTIFICATE-----\n",
                "is_ca": true,
                "issuer": "CN=Starfield Services Root Certificate Authority - G2,O=Starfield Technologies\\, Inc.,L=Scottsdale,ST=Arizona,C=US",
                "not_after": "2037-12-31T01:00:00Z",
                "not_before": "2015-05-25T12:00:00Z",
                "public_key_algorithm": "RSA",
                "serial_number": "144918191876577076464031512351042010504348870",
                "sha1_fingerprint": "06b25927c42a721631c1efd9431e648fa62e1e39",
                "signature_algorithm": "SHA256-RSA",
                "subject": "CN=Amazon Root CA 1,O=Amazon,C=US",
                "version": 3
              },
              {
                "cert_pem": "-----BEGIN CERTIFICATE-----\nMIIEXjCCA0agAwIBAgITB3MSTyqVLj7Rili9uF0bwM5fJzANBgkqhkiG9w0BAQsF\nADA5MQswCQYDVQQGEwJVUzEPMA0GA1UEChMGQW1hem9uMRkwFwYDVQQDExBBbWF6\nb24gUm9vdCBDQSAxMB4XDTIyMDgyMzIyMjYzNVoXDTMwMDgyMzIyMjYzNVowPDEL\nMAkGA1UEBhMCVVMxDzANBgNVBAoTBkFtYXpvbjEcMBoGA1UEAxMTQW1hem9uIFJT\nQSAyMDQ4IE0wNDCCASIwDQYJKoZIhvcNAQEBBQADggEPADCCAQoCggEBAM3pVR6A\nlQOp4xe776FdePXyejgA38mYx1ou9/jrpV6Sfn+/oqBKgwhY6ePsQHHQayWBJdBn\nv4Wz363qRI4XUh9swBFJ11TnZ3LqOMvHmWq2+loA0QPtOfXdJ2fHBLrBrngtJ/GB\n0p5olAVYrSZgvQGP16Rf8ddtNyxEEhYm3HuhmNi+vSeAq1tLYJPAvRCXonTpWdSD\nxY6hvdmxlqTYi82AtBXSfpGQ58HHM0hw0C6aQakghrwWi5fGslLOqzpimNMIsT7c\nqa0GJx6JfKqJqmQQNplO2h8n9ZsFJgBowof01ppdoLAWg6caMOM0om/VILKaa30F\n9W/r8Qjah7ltGVkCAwEAAaOCAVowggFWMBIGA1UdEwEB/wQIMAYBAf8CAQAwDgYD\nVR0PAQH/BAQDAgGGMB0GA1UdJQQWMBQGCCsGAQUFBwMBBggrBgEFBQcDAjAdBgNV\nHQ4EFgQUH1KSYVaCVH+BZtgdPQqqMlyH3QgwHwYDVR0jBBgwFoAUhBjMhTTsvAyU\nlC4IWZzHshBOCggwewYIKwYBBQUHAQEEbzBtMC8GCCsGAQUFBzABhiNodHRwOi8v\nb2NzcC5yb290Y2ExLmFtYXpvbnRydXN0LmNvbTA6BggrBgEFBQcwAoYuaHR0cDov\nL2NydC5yb290Y2ExLmFtYXpvbnRydXN0LmNvbS9yb290Y2ExLmNlcjA/BgNVHR8E\nODA2MDSgMqAwhi5odHRwOi8vY3JsLnJvb3RjYTEuYW1hem9udHJ1c3QuY29tL3Jv\nb3RjYTEuY3JsMBMGA1UdIAQMMAowCAYGZ4EMAQIBMA0GCSqGSIb3DQEBCwUAA4IB\nAQA+1O5UsAaNuW3lHzJtpNGwBnZd9QEYFtxpiAnIaV4qApnGS9OCw5ZPwie7YSlD\nZF5yyFPsFhUC2Q9uJHY/CRV1b5hIiGH0+6+w5PgKiY1MWuWT8VAaJjFxvuhM7a/e\nfN2TIw1Wd6WCl6YRisunjQOrSP+unqC8A540JNyZ1JOE3jVqat3OZBGgMvihdj2w\nY23EpwesrKiQzkHzmvSH67PVW4ycbPy08HVZnBxZ5NrlGG9bwXR3fNTaz+c+Ej6c\n5AnwI3qkOFgSkg3Y75cdFz6pO/olK+e3AqygAcv0WjzmkDPuBjssuZjCHMC56oH3\nGJkV29Di2j5prHJbwZjG1inU\n-----END CERTIFICATE-----\n",
                "is_ca": true,
                "issuer": "CN=Amazon Root CA 1,O=Amazon,C=US",
                "not_after": "2030-08-23T22:26:35Z",
                "not_before": "2022-08-23T22:26:35Z",
                "public_key_algorithm": "RSA",
                "serial_number": "166129359584585245282080020727744908546170663",
                "sha1_fingerprint": "e7b8b5a6743ce1b2f17b041de59558a41472d70c",
                "signature_algorithm": "SHA256-RSA",
                "subject": "CN=Amazon RSA 2048 M04,O=Amazon,C=US",
                "version": 3
              },
              {
                "cert_pem": "-----BEGIN CERTIFICATE-----\nMIIF6DCCBNCgAwIBAgIQCSU6MF/BYOI9nNeBh9oAJzANBgkqhkiG9w0BAQsFADA8\nMQswCQYDVQQGEwJVUzEPMA0GA1UEChMGQW1hem9uMRwwGgYDVQQDExNBbWF6b24g\nUlNBIDIwNDggTTA0MB4XDTI1MTAwNjAwMDAwMFoXDTI2MDQwMTIzNTk1OVowLTEr\nMCkGA1UEAwwiKi5la3MuYXAtc291dGhlYXN0LTEuYW1hem9uYXdzLmNvbTCCASIw\nDQYJKoZIhvcNAQEBBQADggEPADCCAQoCggEBAL274y+XBLVcs0Sb2g0RLrCopbGk\ngbCOXxCVHVaDx5J3Li/CgaSQy4nj7bxiaqznjakDDNEAVibCLkQwb/wz7pFHLMlh\n25efhmbe1r7KCufncAtqlUOgZnQwKmhpXcyE33Ob1snPBOj/LDk/zM0Wvmrgw9vs\nlfsvNmtheFYbL/H0+PY9hfRjy4nKf0YBrBYOvqU+it1TLHA/Gm8FWxm7TeP23bMK\n8H945ofS31IQ3MWNjwUPOV6RTa6Ew21vH/HK9QGxpdolI2J0BtJg5bhEkCMtuAc7\nSKW3ZnP00kazrCN80nOwWYZqAnZrTbOhojXi5qH3yxFJsEcFN8NgYVYjMf0CAwEA\nAaOCAvMwggLvMB8GA1UdIwQYMBaAFB9SkmFWglR/gWbYHT0KqjJch90IMB0GA1Ud\nDgQWBBSx5PhXmonO9Scf1GGehf4EzBbAGzAtBgNVHREEJjAkgiIqLmVrcy5hcC1z\nb3V0aGVhc3QtMS5hbWF6b25hd3MuY29tMBMGA1UdIAQMMAowCAYGZ4EMAQIBMA4G\nA1UdDwEB/wQEAwIFoDATBgNVHSUEDDAKBggrBgEFBQcDATA7BgNVHR8ENDAyMDCg\nLqAshipodHRwOi8vY3JsLnIybTA0LmFtYXpvbnRydXN0LmNvbS9yMm0wNC5jcmww\ndQYIKwYBBQUHAQEEaTBnMC0GCCsGAQUFBzABhiFodHRwOi8vb2NzcC5yMm0wNC5h\nbWF6b250cnVzdC5jb20wNgYIKwYBBQUHMAKGKmh0dHA6Ly9jcnQucjJtMDQuYW1h\nem9udHJ1c3QuY29tL3IybTA0LmNlcjAMBgNVHRMBAf8EAjAAMIIBgAYKKwYBBAHW\neQIEAgSCAXAEggFsAWoAdwCWl2S/VViXrfdDh2g3CEJ36fA61fak8zZuRqQ/D8qp\nxgAAAZm7VURWAAAEAwBIMEYCIQC483LzLd7rDcO9MsDc2UgxrI/EdyYJO6JRgwyQ\nvvarrwIhAIONEDoP0WnegzUn6iyP58OccnZX8YHZkqFG8lTV+nK3AHYAZBHEbKQS\n7KeJHKICLgC8q08oB9QeNSer6v7VA8l9zfAAAAGZu1VEMwAABAMARzBFAiBbSEj/\nm/CPKHqGzOZDf6yTg+DZjLX8LZmhU4PVIijMBwIhAPY79dtmfo8lNsJotKNUycCg\n3E04wtq86lC1vLcZF1V/AHcASZybad4dfOz8Nt7Nh2SmuFuvCoeAGdFVUvvp6ynd\n+MMAAAGZu1VERQAABAMASDBGAiEA6oYXnanvsoTTQYpyQ9yp+cNuXuiHaWvjtnIO\nTD8GlgECIQDkeXOudUk3M8mAWsEFHRkbvvpjXlE2zmsG7ng47at23jANBgkqhkiG\n9w0BAQsFAAOCAQEAj3kx0KhGx7+kklw76Eh7+1lvo+0L2LuPi/6WqaRuwLrwlOA4\nyxlHSaAiNhWWJhPnqe9qdXIQaJ/3t1O+sWzu0fE7iMB5VGAksIC3CEQxAs9A8QSX\nVZgyjarTO/3XkENd4bDz7WMDYWd6og6VROF6Av6clNBqVCndk81YKpStfnIL1alo\nCRlJkwKqn5fQoL51FwEg1zKreUkqu/ETvIrrhgdYzQWZxkrVzwbY2G1qu3EBmucj\nMfYD9NOsXHBty+Gl/ekRbqwVwy6qbTtM6EZDP4G/TJc1WWQc7VvFm7DZEX3PRZ5c\nGP1yCvD2FKIA4azHS7YYKOdS5eNVTg7+35nA+A==\n-----END CERTIFICATE-----\n",
                "is_ca": false,
                "issuer": "CN=Amazon RSA 2048 M04,O=Amazon,C=US",
                "not_after": "2026-04-01T23:59:59Z",
                "not_before": "2025-10-06T00:00:00Z",
                "public_key_algorithm": "RSA",
                "serial_number": "12156347158173700096762266725270552615",
                "sha1_fingerprint": "2cc380c4be32efeef6453450930a8b2d392568f9",
                "signature_algorithm": "SHA256-RSA",
                "subject": "CN=*.eks.ap-southeast-1.amazonaws.com",
                "version": 3
              }
            ],
            "content": null,
            "id": "923e879def9bf38b36fa8072440dfc9e77c41ccb",
            "url": "https://oidc.eks.ap-southeast-1.amazonaws.com/id/A486896E13103062D01DA5C79B1197E3",
            "verify_chain": true
          },
          "sensitive_attributes": [],
          "identity_schema_version": 0
        }
      ]
    },
    {
      "module": "module.eks",
      "mode": "managed",
      "type": "aws_cloudwatch_log_group",
      "name": "eks",
      "provider": "provider[\"registry.terraform.io/hashicorp/aws\"]",
      "instances": [
        {
          "schema_version": 0,
          "attributes": {
            "arn": "arn:aws:logs:ap-southeast-1:711387107956:log-group:/aws/eks/observability-platform-dev/cluster",
            "id": "/aws/eks/observability-platform-dev/cluster",
            "kms_key_id": "",
            "log_group_class": "STANDARD",
            "name": "/aws/eks/observability-platform-dev/cluster",
            "name_prefix": "",
            "retention_in_days": 7,
            "skip_destroy": false,
            "tags": {
              "Name": "observability-platform-dev-eks-logs"
            },
            "tags_all": {
              "Environment": "dev",
              "ManagedBy": "Terraform",
              "Name": "observability-platform-dev-eks-logs",
              "Project": "observability-platform"
            }
          },
          "sensitive_attributes": [],
          "identity_schema_version": 0,
          "private": "bnVsbA=="
        }
      ]
    },
    {
      "module": "module.eks",
      "mode": "managed",
      "type": "aws_eks_addon",
      "name": "coredns",
      "provider": "provider[\"registry.terraform.io/hashicorp/aws\"]",
      "instances": [
        {
          "schema_version": 0,
          "attributes": {
            "addon_name": "coredns",
            "addon_version": "v1.10.1-eksbuild.38",
            "arn": "arn:aws:eks:ap-southeast-1:711387107956:addon/observability-platform-dev-eks/coredns/82cd1868-8763-f293-cfb3-ae0650dfe9ab",
            "cluster_name": "observability-platform-dev-eks",
            "configuration_values": "",
            "created_at": "2025-10-29T16:33:18Z",
            "id": "observability-platform-dev-eks:coredns",
            "modified_at": "2025-10-29T16:33:32Z",
            "pod_identity_association": [],
            "preserve": null,
            "resolve_conflicts": null,
            "resolve_conflicts_on_create": null,
            "resolve_conflicts_on_update": "PRESERVE",
            "service_account_role_arn": "",
            "tags": {
              "Name": "observability-platform-dev-coredns"
            },
            "tags_all": {
              "Environment": "dev",
              "ManagedBy": "Terraform",
              "Name": "observability-platform-dev-coredns",
              "Project": "observability-platform"
            },
            "timeouts": null
          },
          "sensitive_attributes": [],
          "identity_schema_version": 0,
          "private": "eyJlMmJmYjczMC1lY2FhLTExZTYtOGY4OC0zNDM2M2JjN2M0YzAiOnsiY3JlYXRlIjoxMjAwMDAwMDAwMDAwLCJkZWxldGUiOjI0MDAwMDAwMDAwMDAsInVwZGF0ZSI6MTIwMDAwMDAwMDAwMH19",
          "dependencies": [
            "data.aws_availability_zones.available",
            "module.eks.aws_cloudwatch_log_group.eks",
            "module.eks.aws_eks_cluster.main",
            "module.eks.aws_eks_node_group.main",
            "module.eks.aws_iam_role.cluster",
            "module.eks.aws_iam_role.node_group",
            "module.eks.aws_iam_role_policy_attachment.cluster_AmazonEKSClusterPolicy",
            "module.eks.aws_iam_role_policy_attachment.cluster_AmazonEKSVPCResourceController",
            "module.eks.aws_iam_role_policy_attachment.node_group_AmazonEC2ContainerRegistryReadOnly",
            "module.eks.aws_iam_role_policy_attachment.node_group_AmazonEKSWorkerNodePolicy",
            "module.eks.aws_iam_role_policy_attachment.node_group_AmazonEKS_CNI_Policy",
            "module.eks.aws_launch_template.node_group",
            "module.eks.aws_security_group.cluster",
            "module.eks.data.aws_eks_addon_version.coredns",
            "module.vpc.aws_subnet.private",
            "module.vpc.aws_vpc.main"
          ]
        }
      ]
    },
    {
      "module": "module.eks",
      "mode": "managed",
      "type": "aws_eks_addon",
      "name": "ebs_csi_driver",
      "provider": "provider[\"registry.terraform.io/hashicorp/aws\"]",
      "instances": [
        {
          "schema_version": 0,
          "attributes": {
            "addon_name": "aws-ebs-csi-driver",
            "addon_version": "v1.51.1-eksbuild.1",
            "arn": "arn:aws:eks:ap-southeast-1:711387107956:addon/observability-platform-dev-eks/aws-ebs-csi-driver/b4cd1867-8f39-405c-59ad-5d05d0f92c48",
            "cluster_name": "observability-platform-dev-eks",
            "configuration_values": "",
            "created_at": "2025-10-29T16:31:11Z",
            "id": "observability-platform-dev-eks:aws-ebs-csi-driver",
            "modified_at": "2025-10-29T16:39:51Z",
            "pod_identity_association": [],
            "preserve": null,
            "resolve_conflicts": null,
            "resolve_conflicts_on_create": null,
            "resolve_conflicts_on_update": "PRESERVE",
            "service_account_role_arn": "arn:aws:iam::711387107956:role/observability-platform-dev-ebs-csi-driver-role",
            "tags": {
              "Name": "observability-platform-dev-ebs-csi-driver"
            },
            "tags_all": {
              "Environment": "dev",
              "ManagedBy": "Terraform",
              "Name": "observability-platform-dev-ebs-csi-driver",
              "Project": "observability-platform"
            },
            "timeouts": null
          },
          "sensitive_attributes": [],
          "identity_schema_version": 0,
          "private": "eyJlMmJmYjczMC1lY2FhLTExZTYtOGY4OC0zNDM2M2JjN2M0YzAiOnsiY3JlYXRlIjoxMjAwMDAwMDAwMDAwLCJkZWxldGUiOjI0MDAwMDAwMDAwMDAsInVwZGF0ZSI6MTIwMDAwMDAwMDAwMH19",
          "dependencies": [
            "data.aws_availability_zones.available",
            "module.eks.aws_cloudwatch_log_group.eks",
            "module.eks.aws_eks_cluster.main",
            "module.eks.aws_iam_openid_connect_provider.eks",
            "module.eks.aws_iam_role.cluster",
            "module.eks.aws_iam_role.ebs_csi_driver",
            "module.eks.aws_iam_role_policy_attachment.cluster_AmazonEKSClusterPolicy",
            "module.eks.aws_iam_role_policy_attachment.cluster_AmazonEKSVPCResourceController",
            "module.eks.aws_security_group.cluster",
            "module.eks.data.aws_eks_addon_version.ebs_csi_driver",
            "module.eks.data.tls_certificate.eks",
            "module.vpc.aws_subnet.private",
            "module.vpc.aws_vpc.main"
          ]
        }
      ]
    },
    {
      "module": "module.eks",
      "mode": "managed",
      "type": "aws_eks_addon",
      "name": "kube_proxy",
      "provider": "provider[\"registry.terraform.io/hashicorp/aws\"]",
      "instances": [
        {
          "schema_version": 0,
          "attributes": {
            "addon_name": "kube-proxy",
            "addon_version": "v1.28.15-eksbuild.31",
            "arn": "arn:aws:eks:ap-southeast-1:711387107956:addon/observability-platform-dev-eks/kube-proxy/72cd1867-8b10-8f7e-d39a-f2fcece02948",
            "cluster_name": "observability-platform-dev-eks",
            "configuration_values": "",
            "created_at": "2025-10-29T16:31:09Z",
            "id": "observability-platform-dev-eks:kube-proxy",
            "modified_at": "2025-10-29T16:31:26Z",
            "pod_identity_association": [],
            "preserve": null,
            "resolve_conflicts": null,
            "resolve_conflicts_on_create": null,
            "resolve_conflicts_on_update": "PRESERVE",
            "service_account_role_arn": "",
            "tags": {
              "Name": "observability-platform-dev-kube-proxy"
            },
            "tags_all": {
              "Environment": "dev",
              "ManagedBy": "Terraform",
              "Name": "observability-platform-dev-kube-proxy",
              "Project": "observability-platform"
            },
            "timeouts": null
          },
          "sensitive_attributes": [],
          "identity_schema_version": 0,
          "private": "eyJlMmJmYjczMC1lY2FhLTExZTYtOGY4OC0zNDM2M2JjN2M0YzAiOnsiY3JlYXRlIjoxMjAwMDAwMDAwMDAwLCJkZWxldGUiOjI0MDAwMDAwMDAwMDAsInVwZGF0ZSI6MTIwMDAwMDAwMDAwMH19",
          "dependencies": [
            "data.aws_availability_zones.available",
            "module.eks.aws_cloudwatch_log_group.eks",
            "module.eks.aws_eks_cluster.main",
            "module.eks.aws_iam_role.cluster",
            "module.eks.aws_iam_role_policy_attachment.cluster_AmazonEKSClusterPolicy",
            "module.eks.aws_iam_role_policy_attachment.cluster_AmazonEKSVPCResourceController",
            "module.eks.aws_security_group.cluster",
            "module.eks.data.aws_eks_addon_version.kube_proxy",
            "module.vpc.aws_subnet.private",
            "module.vpc.aws_vpc.main"
          ]
        }
      ]
    },
    {
      "module": "module.eks",
      "mode": "managed",
      "type": "aws_eks_addon",
      "name": "vpc_cni",
      "provider": "provider[\"registry.terraform.io/hashicorp/aws\"]",
      "instances": [
        {
          "schema_version": 0,
          "attributes": {
            "addon_name": "vpc-cni",
            "addon_version": "v1.20.4-eksbuild.1",
            "arn": "arn:aws:eks:ap-southeast-1:711387107956:addon/observability-platform-dev-eks/vpc-cni/24cd1867-8a3b-a7e1-b442-4591a7f1061a",
            "cluster_name": "observability-platform-dev-eks",
            "configuration_values": "",
            "created_at": "2025-10-29T16:31:09Z",
            "id": "observability-platform-dev-eks:vpc-cni",
            "modified_at": "2025-10-29T16:31:28Z",
            "pod_identity_association": [],
            "preserve": null,
            "resolve_conflicts": null,
            "resolve_conflicts_on_create": null,
            "resolve_conflicts_on_update": "PRESERVE",
            "service_account_role_arn": "",
            "tags": {
              "Name": "observability-platform-dev-vpc-cni"
            },
            "tags_all": {
              "Environment": "dev",
              "ManagedBy": "Terraform",
              "Name": "observability-platform-dev-vpc-cni",
              "Project": "observability-platform"
            },
            "timeouts": null
          },
          "sensitive_attributes": [],
          "identity_schema_version": 0,
          "private": "eyJlMmJmYjczMC1lY2FhLTExZTYtOGY4OC0zNDM2M2JjN2M0YzAiOnsiY3JlYXRlIjoxMjAwMDAwMDAwMDAwLCJkZWxldGUiOjI0MDAwMDAwMDAwMDAsInVwZGF0ZSI6MTIwMDAwMDAwMDAwMH19",
          "dependencies": [
            "data.aws_availability_zones.available",
            "module.eks.aws_cloudwatch_log_group.eks",
            "module.eks.aws_eks_cluster.main",
            "module.eks.aws_iam_role.cluster",
            "module.eks.aws_iam_role_policy_attachment.cluster_AmazonEKSClusterPolicy",
            "module.eks.aws_iam_role_policy_attachment.cluster_AmazonEKSVPCResourceController",
            "module.eks.aws_security_group.cluster",
            "module.eks.data.aws_eks_addon_version.vpc_cni",
            "module.vpc.aws_subnet.private",
            "module.vpc.aws_vpc.main"
          ]
        }
      ]
    },
    {
      "module": "module.eks",
      "mode": "managed",
      "type": "aws_eks_cluster",
      "name": "main",
      "provider": "provider[\"registry.terraform.io/hashicorp/aws\"]",
      "instances": [
        {
          "schema_version": 1,
          "attributes": {
            "access_config": [
              {
                "authentication_mode": "CONFIG_MAP",
                "bootstrap_cluster_creator_admin_permissions": true
              }
            ],
            "arn": "arn:aws:eks:ap-southeast-1:711387107956:cluster/observability-platform-dev-eks",
            "bootstrap_self_managed_addons": true,
            "certificate_authority": [
              {
                "data": "LS0tLS1CRUdJTiBDRVJUSUZJQ0FURS0tLS0tCk1JSURCVENDQWUyZ0F3SUJBZ0lJRzZRaXpISXA5dkF3RFFZSktvWklodmNOQVFFTEJRQXdGVEVUTUJFR0ExVUUKQXhNS2EzVmlaWEp1WlhSbGN6QWVGdzB5TlRFd01qa3hOakl4TkRKYUZ3MHpOVEV3TWpjeE5qSTJOREphTUJVeApFekFSQmdOVkJBTVRDbXQxWW1WeWJtVjBaWE13Z2dFaU1BMEdDU3FHU0liM0RRRUJBUVVBQTRJQkR3QXdnZ0VLCkFvSUJBUURyL3QxeVRZTnBRN0R0SEl3R3VDdDJYaDRrTTk4cmo4VExJN3FIZUwyblp0SVlaYm1BUFdyL1R2TnYKWmJJT25YWWJZa01UaGt6ZlA5ZzhQM01PZFlpWVF6WW91L09FTEpvVVZ1NFV5WXM1WmpHT0hwMmQ1a1p4UDFlRQpkK1hFVXBBZ3ZEN3o4YUNSMThJaEtFM3liZzdqTDFodWZqcWdrcTZPeGhJL0VYWkdXeW85YTlCWVhNUUNCYlpiClp2aE5OM2s4M1I2a0FGcDdNcjY0am5wejNzN0xhSFdWazdyc3UrYzBCWFBnMWR5VVNLZ012WEdLVHc2ejZGQUIKRlhMZ2E4dXZjWUxLc1ZPOUpydkdHcHlJRVlUNUNRUm0zMTZRdVRxbXhtTm1xbHlJOEdUc1Fjb0JidEpWZWhNdAp4QVRwbW1JZjV0SUovV3dYSXRZUW5EZno3YTh4QWdNQkFBR2pXVEJYTUE0R0ExVWREd0VCL3dRRUF3SUNwREFQCkJnTlZIUk1CQWY4RUJUQURBUUgvTUIwR0ExVWREZ1FXQkJSbkhIcW12RjdTNyswcUR1ME1jb1NMa25EZWV6QVYKQmdOVkhSRUVEakFNZ2dwcmRXSmxjbTVsZEdWek1BMEdDU3FHU0liM0RRRUJDd1VBQTRJQkFRREVYcytneXF6LwpkOGxRVzVHSzF3TlllRldBc3hFbjd5S2hIVjY5THhXemxDS0cwc1d5My9IY1BWR1o1b0duM0lvMVg1M2psckIyCmQ5RFd3bk5rSG1tckxsZS9VVlBUVU9EYzNLWHBUNVQ3NHBEcnYzTXB2bEZGL0JMem1CVHVXcVFoUnRXUXp5Yy8Ka3oyRWY0UzNyUng2a1hNTmRZbi85UHVGa1lJNytMY0FRbFlHNlBZODhMeUhWT3ZkUTIyeVpReld5YW1aTmJtNAphRU9xL25NZEFjWXJIZlZKTEF3NnljT29qall0TzhTQ1lCUE15MDh6RldOVC9JYUhTTzQ2bDNMdUYwTFpOckp6CmhiRXAzRE1wMFVwL3kwZStsWHFtN0Nmb0l4ejBpL3Q5UllJcXdDYTZXekpHWFlpdllGVjNkNU1zaUJyL2U2Qm0KdDYyb2daREovaFdFCi0tLS0tRU5EIENFUlRJRklDQVRFLS0tLS0K"
              }
            ],
            "cluster_id": null,
            "compute_config": [],
            "created_at": "2025-10-29T16:21:05Z",
            "enabled_cluster_log_types": [
              "api",
              "audit",
              "authenticator",
              "controllerManager",
              "scheduler"
            ],
            "encryption_config": [],
            "endpoint": "https://A486896E13103062D01DA5C79B1197E3.gr7.ap-southeast-1.eks.amazonaws.com",
            "force_update_version": null,
            "id": "observability-platform-dev-eks",
            "identity": [
              {
                "oidc": [
                  {
                    "issuer": "https://oidc.eks.ap-southeast-1.amazonaws.com/id/A486896E13103062D01DA5C79B1197E3"
                  }
                ]
              }
            ],
            "kubernetes_network_config": [
              {
                "elastic_load_balancing": [
                  {
                    "enabled": false
                  }
                ],
                "ip_family": "ipv4",
                "service_ipv4_cidr": "172.20.0.0/16",
                "service_ipv6_cidr": ""
              }
            ],
            "name": "observability-platform-dev-eks",
            "outpost_config": [],
            "platform_version": "eks.60",
            "remote_network_config": [],
            "role_arn": "arn:aws:iam::711387107956:role/observability-platform-dev-eks-cluster-role",
            "status": "ACTIVE",
            "storage_config": [],
            "tags": {
              "Name": "observability-platform-dev-eks"
            },
            "tags_all": {
              "Environment": "dev",
              "ManagedBy": "Terraform",
              "Name": "observability-platform-dev-eks",
              "Project": "observability-platform"
            },
            "timeouts": null,
            "upgrade_policy": [
              {
                "support_type": "EXTENDED"
              }
            ],
            "version": "1.28",
            "vpc_config": [
              {
                "cluster_security_group_id": "sg-0c215f20493c4bc8e",
                "endpoint_private_access": true,
                "endpoint_public_access": true,
                "public_access_cidrs": [
                  "0.0.0.0/0"
                ],
                "security_group_ids": [
                  "sg-0b779ee37f87e204b"
                ],
                "subnet_ids": [
                  "subnet-0039023fed1441da7",
                  "subnet-01e9ffa2fadbf9e42",
                  "subnet-0ae7ddcac23915574"
                ],
                "vpc_id": "vpc-09ea04bebf9fca5da"
              }
            ],
            "zonal_shift_config": []
          },
          "sensitive_attributes": [],
          "identity_schema_version": 0,
          "private": "eyJlMmJmYjczMC1lY2FhLTExZTYtOGY4OC0zNDM2M2JjN2M0YzAiOnsiY3JlYXRlIjoxODAwMDAwMDAwMDAwLCJkZWxldGUiOjkwMDAwMDAwMDAwMCwidXBkYXRlIjozNjAwMDAwMDAwMDAwfSwic2NoZW1hX3ZlcnNpb24iOiIxIn0=",
          "dependencies": [
            "data.aws_availability_zones.available",
            "module.eks.aws_cloudwatch_log_group.eks",
            "module.eks.aws_iam_role.cluster",
            "module.eks.aws_iam_role_policy_attachment.cluster_AmazonEKSClusterPolicy",
            "module.eks.aws_iam_role_policy_attachment.cluster_AmazonEKSVPCResourceController",
            "module.eks.aws_security_group.cluster",
            "module.vpc.aws_subnet.private",
            "module.vpc.aws_vpc.main"
          ]
        }
      ]
    },
    {
      "module": "module.eks",
      "mode": "managed",
      "type": "aws_eks_node_group",
      "name": "main",
      "provider": "provider[\"registry.terraform.io/hashicorp/aws\"]",
      "instances": [
        {
          "schema_version": 0,
          "attributes": {
            "ami_type": "AL2_x86_64",
            "arn": "arn:aws:eks:ap-southeast-1:711387107956:nodegroup/observability-platform-dev-eks/observability-platform-dev-node-group/a2cd1867-89e3-5bd7-4d5e-a96a38b66e0d",
            "capacity_type": "ON_DEMAND",
            "cluster_name": "observability-platform-dev-eks",
            "disk_size": 0,
            "force_update_version": null,
            "id": "observability-platform-dev-eks:observability-platform-dev-node-group",
            "instance_types": [
              "t3.large"
            ],
            "labels": {
              "role": "general"
            },
            "launch_template": [
              {
                "id": "lt-0fb31e1351d075ec9",
                "name": "observability-platform-dev-eks-node-20251029162049618500000001",
                "version": "1"
              }
            ],
            "node_group_name": "observability-platform-dev-node-group",
            "node_group_name_prefix": "",
            "node_repair_config": [],
            "node_role_arn": "arn:aws:iam::711387107956:role/observability-platform-dev-eks-node-group-role",
            "release_version": "1.28.15-20251023",
            "remote_access": [],
            "resources": [
              {
                "autoscaling_groups": [
                  {
                    "name": "eks-observability-platform-dev-node-group-a2cd1867-89e3-5bd7-4d5e-a96a38b66e0d"
                  }
                ],
                "remote_access_security_group_id": ""
              }
            ],
            "scaling_config": [
              {
                "desired_size": 3,
                "max_size": 5,
                "min_size": 2
              }
            ],
            "status": "ACTIVE",
            "subnet_ids": [
              "subnet-0039023fed1441da7",
              "subnet-01e9ffa2fadbf9e42",
              "subnet-0ae7ddcac23915574"
            ],
            "tags": {
              "Name": "observability-platform-dev-eks-node-group"
            },
            "tags_all": {
              "Environment": "dev",
              "ManagedBy": "Terraform",
              "Name": "observability-platform-dev-eks-node-group",
              "Project": "observability-platform"
            },
            "taint": [],
            "timeouts": null,
            "update_config": [
              {
                "max_unavailable": 1,
                "max_unavailable_percentage": 0
              }
            ],
            "version": "1.28"
          },
          "sensitive_attributes": [],
          "identity_schema_version": 0,
          "private": "eyJlMmJmYjczMC1lY2FhLTExZTYtOGY4OC0zNDM2M2JjN2M0YzAiOnsiY3JlYXRlIjozNjAwMDAwMDAwMDAwLCJkZWxldGUiOjM2MDAwMDAwMDAwMDAsInVwZGF0ZSI6MzYwMDAwMDAwMDAwMH19",
          "dependencies": [
            "data.aws_availability_zones.available",
            "module.eks.aws_cloudwatch_log_group.eks",
            "module.eks.aws_eks_cluster.main",
            "module.eks.aws_iam_role.cluster",
            "module.eks.aws_iam_role.node_group",
            "module.eks.aws_iam_role_policy_attachment.cluster_AmazonEKSClusterPolicy",
            "module.eks.aws_iam_role_policy_attachment.cluster_AmazonEKSVPCResourceController",
            "module.eks.aws_iam_role_policy_attachment.node_group_AmazonEC2ContainerRegistryReadOnly",
            "module.eks.aws_iam_role_policy_attachment.node_group_AmazonEKSWorkerNodePolicy",
            "module.eks.aws_iam_role_policy_attachment.node_group_AmazonEKS_CNI_Policy",
            "module.eks.aws_launch_template.node_group",
            "module.eks.aws_security_group.cluster",
            "module.vpc.aws_subnet.private",
            "module.vpc.aws_vpc.main"
          ]
        }
      ]
    },
    {
      "module": "module.eks",
      "mode": "managed",
      "type": "aws_iam_openid_connect_provider",
      "name": "eks",
      "provider": "provider[\"registry.terraform.io/hashicorp/aws\"]",
      "instances": [
        {
          "schema_version": 0,
          "attributes": {
            "arn": "arn:aws:iam::711387107956:oidc-provider/oidc.eks.ap-southeast-1.amazonaws.com/id/A486896E13103062D01DA5C79B1197E3",
            "client_id_list": [
              "sts.amazonaws.com"
            ],
            "id": "arn:aws:iam::711387107956:oidc-provider/oidc.eks.ap-southeast-1.amazonaws.com/id/A486896E13103062D01DA5C79B1197E3",
            "tags": {
              "Name": "observability-platform-dev-eks-oidc"
            },
            "tags_all": {
              "Environment": "dev",
              "ManagedBy": "Terraform",
              "Name": "observability-platform-dev-eks-oidc",
              "Project": "observability-platform"
            },
            "thumbprint_list": [
              "06b25927c42a721631c1efd9431e648fa62e1e39"
            ],
            "url": "oidc.eks.ap-southeast-1.amazonaws.com/id/A486896E13103062D01DA5C79B1197E3"
          },
          "sensitive_attributes": [],
          "identity_schema_version": 0,
          "private": "bnVsbA==",
          "dependencies": [
            "data.aws_availability_zones.available",
            "module.eks.aws_cloudwatch_log_group.eks",
            "module.eks.aws_eks_cluster.main",
            "module.eks.aws_iam_role.cluster",
            "module.eks.aws_iam_role_policy_attachment.cluster_AmazonEKSClusterPolicy",
            "module.eks.aws_iam_role_policy_attachment.cluster_AmazonEKSVPCResourceController",
            "module.eks.aws_security_group.cluster",
            "module.eks.data.tls_certificate.eks",
            "module.vpc.aws_subnet.private",
            "module.vpc.aws_vpc.main"
          ]
        }
      ]
    },
    {
      "module": "module.eks",
      "mode": "managed",
      "type": "aws_iam_role",
      "name": "cluster",
      "provider": "provider[\"registry.terraform.io/hashicorp/aws\"]",
      "instances": [
        {
          "schema_version": 0,
          "attributes": {
            "arn": "arn:aws:iam::711387107956:role/observability-platform-dev-eks-cluster-role",
            "assume_role_policy": "{\"Statement\":[{\"Action\":\"sts:AssumeRole\",\"Effect\":\"Allow\",\"Principal\":{\"Service\":\"eks.amazonaws.com\"}}],\"Version\":\"2012-10-17\"}",
            "create_date": "2025-10-29T16:20:50Z",
            "description": "",
            "force_detach_policies": false,
            "id": "observability-platform-dev-eks-cluster-role",
            "inline_policy": [],
            "managed_policy_arns": [
              "arn:aws:iam::aws:policy/AmazonEKSClusterPolicy",
              "arn:aws:iam::aws:policy/AmazonEKSVPCResourceController"
            ],
            "max_session_duration": 3600,
            "name": "observability-platform-dev-eks-cluster-role",
            "name_prefix": "",
            "path": "/",
            "permissions_boundary": "",
            "tags": {
              "Name": "observability-platform-dev-eks-cluster-role"
            },
            "tags_all": {
              "Environment": "dev",
              "ManagedBy": "Terraform",
              "Name": "observability-platform-dev-eks-cluster-role",
              "Project": "observability-platform"
            },
            "unique_id": "AROA2LIPZ2J2JDDIBDVTO"
          },
          "sensitive_attributes": [],
          "identity_schema_version": 0,
          "private": "bnVsbA=="
        }
      ]
    },
    {
      "module": "module.eks",
      "mode": "managed",
      "type": "aws_iam_role",
      "name": "ebs_csi_driver",
      "provider": "provider[\"registry.terraform.io/hashicorp/aws\"]",
      "instances": [
        {
          "schema_version": 0,
          "attributes": {
            "arn": "arn:aws:iam::711387107956:role/observability-platform-dev-ebs-csi-driver-role",
            "assume_role_policy": "{\"Statement\":[{\"Action\":\"sts:AssumeRoleWithWebIdentity\",\"Condition\":{\"StringEquals\":{\"oidc.eks.ap-southeast-1.amazonaws.com/id/A486896E13103062D01DA5C79B1197E3:aud\":\"sts.amazonaws.com\",\"oidc.eks.ap-southeast-1.amazonaws.com/id/A486896E13103062D01DA5C79B1197E3:sub\":\"system:serviceaccount:kube-system:ebs-csi-controller-sa\"}},\"Effect\":\"Allow\",\"Principal\":{\"Federated\":\"arn:aws:iam::711387107956:oidc-provider/oidc.eks.ap-southeast-1.amazonaws.com/id/A486896E13103062D01DA5C79B1197E3\"}}],\"Version\":\"2012-10-17\"}",
            "create_date": "2025-10-29T16:31:10Z",
            "description": "",
            "force_detach_policies": false,
            "id": "observability-platform-dev-ebs-csi-driver-role",
            "inline_policy": [],
            "managed_policy_arns": [
              "arn:aws:iam::aws:policy/service-role/AmazonEBSCSIDriverPolicy"
            ],
            "max_session_duration": 3600,
            "name": "observability-platform-dev-ebs-csi-driver-role",
            "name_prefix": "",
            "path": "/",
            "permissions_boundary": "",
            "tags": {
              "Name": "observability-platform-dev-ebs-csi-driver-role"
            },
            "tags_all": {
              "Environment": "dev",
              "ManagedBy": "Terraform",
              "Name": "observability-platform-dev-ebs-csi-driver-role",
              "Project": "observability-platform"
            },
            "unique_id": "AROA2LIPZ2J2EHQUPYISJ"
          },
          "sensitive_attributes": [],
          "identity_schema_version": 0,
          "private": "bnVsbA==",
          "dependencies": [
            "data.aws_availability_zones.available",
            "module.eks.aws_cloudwatch_log_group.eks",
            "module.eks.aws_eks_cluster.main",
            "module.eks.aws_iam_openid_connect_provider.eks",
            "module.eks.aws_iam_role.cluster",
            "module.eks.aws_iam_role_policy_attachment.cluster_AmazonEKSClusterPolicy",
            "module.eks.aws_iam_role_policy_attachment.cluster_AmazonEKSVPCResourceController",
            "module.eks.aws_security_group.cluster",
            "module.eks.data.tls_certificate.eks",
            "module.vpc.aws_subnet.private",
            "module.vpc.aws_vpc.main"
          ]
        }
      ]
    },
    {
      "module": "module.eks",
      "mode": "managed",
      "type": "aws_iam_role",
      "name": "node_group",
      "provider": "provider[\"registry.terraform.io/hashicorp/aws\"]",
      "instances": [
        {
          "schema_version": 0,
          "attributes": {
            "arn": "arn:aws:iam::711387107956:role/observability-platform-dev-eks-node-group-role",
            "assume_role_policy": "{\"Statement\":[{\"Action\":\"sts:AssumeRole\",\"Effect\":\"Allow\",\"Principal\":{\"Service\":\"ec2.amazonaws.com\"}}],\"Version\":\"2012-10-17\"}",
            "create_date": "2025-10-29T16:20:50Z",
            "description": "",
            "force_detach_policies": false,
            "id": "observability-platform-dev-eks-node-group-role",
            "inline_policy": [
              {
                "name": "observability-platform-dev-eks-node-group-additional",
                "policy": "{\"Version\":\"2012-10-17\",\"Statement\":[{\"Action\":[\"kafka:DescribeCluster\",\"kafka:DescribeClusterV2\",\"kafka:GetBootstrapBrokers\",\"kafka-cluster:Connect\",\"kafka-cluster:AlterCluster\",\"kafka-cluster:DescribeCluster\"],\"Effect\":\"Allow\",\"Resource\":\"*\"},{\"Action\":[\"es:ESHttpGet\",\"es:ESHttpPut\",\"es:ESHttpPost\",\"es:ESHttpDelete\"],\"Effect\":\"Allow\",\"Resource\":\"*\"}]}"
              }
            ],
            "managed_policy_arns": [
              "arn:aws:iam::aws:policy/AmazonEC2ContainerRegistryReadOnly",
              "arn:aws:iam::aws:policy/AmazonEKSWorkerNodePolicy",
              "arn:aws:iam::aws:policy/AmazonEKS_CNI_Policy",
              "arn:aws:iam::aws:policy/AmazonSSMManagedInstanceCore",
              "arn:aws:iam::aws:policy/CloudWatchAgentServerPolicy"
            ],
            "max_session_duration": 3600,
            "name": "observability-platform-dev-eks-node-group-role",
            "name_prefix": "",
            "path": "/",
            "permissions_boundary": "",
            "tags": {
              "Name": "observability-platform-dev-eks-node-group-role"
            },
            "tags_all": {
              "Environment": "dev",
              "ManagedBy": "Terraform",
              "Name": "observability-platform-dev-eks-node-group-role",
              "Project": "observability-platform"
            },
            "unique_id": "AROA2LIPZ2J2ASXLYRRME"
          },
          "sensitive_attributes": [],
          "identity_schema_version": 0,
          "private": "bnVsbA=="
        }
      ]
    },
    {
      "module": "module.eks",
      "mode": "managed",
      "type": "aws_iam_role_policy",
      "name": "node_group_additional",
      "provider": "provider[\"registry.terraform.io/hashicorp/aws\"]",
      "instances": [
        {
          "schema_version": 0,
          "attributes": {
            "id": "observability-platform-dev-eks-node-group-role:observability-platform-dev-eks-node-group-additional",
            "name": "observability-platform-dev-eks-node-group-additional",
            "name_prefix": "",
            "policy": "{\"Version\":\"2012-10-17\",\"Statement\":[{\"Action\":[\"kafka:DescribeCluster\",\"kafka:DescribeClusterV2\",\"kafka:GetBootstrapBrokers\",\"kafka-cluster:Connect\",\"kafka-cluster:AlterCluster\",\"kafka-cluster:DescribeCluster\"],\"Effect\":\"Allow\",\"Resource\":\"*\"},{\"Action\":[\"es:ESHttpGet\",\"es:ESHttpPut\",\"es:ESHttpPost\",\"es:ESHttpDelete\"],\"Effect\":\"Allow\",\"Resource\":\"*\"}]}",
            "role": "observability-platform-dev-eks-node-group-role"
          },
          "sensitive_attributes": [],
          "identity_schema_version": 0,
          "private": "bnVsbA==",
          "dependencies": [
            "module.eks.aws_iam_role.node_group"
          ]
        }
      ]
    },
    {
      "module": "module.eks",
      "mode": "managed",
      "type": "aws_iam_role_policy_attachment",
      "name": "cluster_AmazonEKSClusterPolicy",
      "provider": "provider[\"registry.terraform.io/hashicorp/aws\"]",
      "instances": [
        {
          "schema_version": 0,
          "attributes": {
            "id": "observability-platform-dev-eks-cluster-role-2025102916205310670000000b",
            "policy_arn": "arn:aws:iam::aws:policy/AmazonEKSClusterPolicy",
            "role": "observability-platform-dev-eks-cluster-role"
          },
          "sensitive_attributes": [],
          "identity_schema_version": 0,
          "private": "bnVsbA==",
          "dependencies": [
            "module.eks.aws_iam_role.cluster"
          ]
        }
      ]
    },
    {
      "module": "module.eks",
      "mode": "managed",
      "type": "aws_iam_role_policy_attachment",
      "name": "cluster_AmazonEKSVPCResourceController",
      "provider": "provider[\"registry.terraform.io/hashicorp/aws\"]",
      "instances": [
        {
          "schema_version": 0,
          "attributes": {
            "id": "observability-platform-dev-eks-cluster-role-2025102916205300150000000a",
            "policy_arn": "arn:aws:iam::aws:policy/AmazonEKSVPCResourceController",
            "role": "observability-platform-dev-eks-cluster-role"
          },
          "sensitive_attributes": [],
          "identity_schema_version": 0,
          "private": "bnVsbA==",
          "dependencies": [
            "module.eks.aws_iam_role.cluster"
          ]
        }
      ]
    },
    {
      "module": "module.eks",
      "mode": "managed",
      "type": "aws_iam_role_policy_attachment",
      "name": "ebs_csi_driver",
      "provider": "provider[\"registry.terraform.io/hashicorp/aws\"]",
      "instances": [
        {
          "schema_version": 0,
          "attributes": {
            "id": "observability-platform-dev-ebs-csi-driver-role-20251029163111648500000023",
            "policy_arn": "arn:aws:iam::aws:policy/service-role/AmazonEBSCSIDriverPolicy",
            "role": "observability-platform-dev-ebs-csi-driver-role"
          },
          "sensitive_attributes": [],
          "identity_schema_version": 0,
          "private": "bnVsbA==",
          "dependencies": [
            "data.aws_availability_zones.available",
            "module.eks.aws_cloudwatch_log_group.eks",
            "module.eks.aws_eks_cluster.main",
            "module.eks.aws_iam_openid_connect_provider.eks",
            "module.eks.aws_iam_role.cluster",
            "module.eks.aws_iam_role.ebs_csi_driver",
            "module.eks.aws_iam_role_policy_attachment.cluster_AmazonEKSClusterPolicy",
            "module.eks.aws_iam_role_policy_attachment.cluster_AmazonEKSVPCResourceController",
            "module.eks.aws_security_group.cluster",
            "module.eks.data.tls_certificate.eks",
            "module.vpc.aws_subnet.private",
            "module.vpc.aws_vpc.main"
          ]
        }
      ]
    },
    {
      "module": "module.eks",
      "mode": "managed",
      "type": "aws_iam_role_policy_attachment",
      "name": "node_group_AmazonEC2ContainerRegistryReadOnly",
      "provider": "provider[\"registry.terraform.io/hashicorp/aws\"]",
      "instances": [
        {
          "schema_version": 0,
          "attributes": {
            "id": "observability-platform-dev-eks-node-group-role-20251029162052141300000005",
            "policy_arn": "arn:aws:iam::aws:policy/AmazonEC2ContainerRegistryReadOnly",
            "role": "observability-platform-dev-eks-node-group-role"
          },
          "sensitive_attributes": [],
          "identity_schema_version": 0,
          "private": "bnVsbA==",
          "dependencies": [
            "module.eks.aws_iam_role.node_group"
          ]
        }
      ]
    },
    {
      "module": "module.eks",
      "mode": "managed",
      "type": "aws_iam_role_policy_attachment",
      "name": "node_group_AmazonEKSWorkerNodePolicy",
      "provider": "provider[\"registry.terraform.io/hashicorp/aws\"]",
      "instances": [
        {
          "schema_version": 0,
          "attributes": {
            "id": "observability-platform-dev-eks-node-group-role-20251029162052208600000006",
            "policy_arn": "arn:aws:iam::aws:policy/AmazonEKSWorkerNodePolicy",
            "role": "observability-platform-dev-eks-node-group-role"
          },
          "sensitive_attributes": [],
          "identity_schema_version": 0,
          "private": "bnVsbA==",
          "dependencies": [
            "module.eks.aws_iam_role.node_group"
          ]
        }
      ]
    },
    {
      "module": "module.eks",
      "mode": "managed",
      "type": "aws_iam_role_policy_attachment",
      "name": "node_group_AmazonEKS_CNI_Policy",
      "provider": "provider[\"registry.terraform.io/hashicorp/aws\"]",
      "instances": [
        {
          "schema_version": 0,
          "attributes": {
            "id": "observability-platform-dev-eks-node-group-role-20251029162052358700000007",
            "policy_arn": "arn:aws:iam::aws:policy/AmazonEKS_CNI_Policy",
            "role": "observability-platform-dev-eks-node-group-role"
          },
          "sensitive_attributes": [],
          "identity_schema_version": 0,
          "private": "bnVsbA==",
          "dependencies": [
            "module.eks.aws_iam_role.node_group"
          ]
        }
      ]
    },
    {
      "module": "module.eks",
      "mode": "managed",
      "type": "aws_iam_role_policy_attachment",
      "name": "node_group_AmazonSSMManagedInstanceCore",
      "provider": "provider[\"registry.terraform.io/hashicorp/aws\"]",
      "instances": [
        {
          "schema_version": 0,
          "attributes": {
            "id": "observability-platform-dev-eks-node-group-role-20251029162051964400000004",
            "policy_arn": "arn:aws:iam::aws:policy/AmazonSSMManagedInstanceCore",
            "role": "observability-platform-dev-eks-node-group-role"
          },
          "sensitive_attributes": [],
          "identity_schema_version": 0,
          "private": "bnVsbA==",
          "dependencies": [
            "module.eks.aws_iam_role.node_group"
          ]
        }
      ]
    },
    {
      "module": "module.eks",
      "mode": "managed",
      "type": "aws_iam_role_policy_attachment",
      "name": "node_group_CloudWatchAgentServerPolicy",
      "provider": "provider[\"registry.terraform.io/hashicorp/aws\"]",
      "instances": [
        {
          "schema_version": 0,
          "attributes": {
            "id": "observability-platform-dev-eks-node-group-role-20251029162051951300000003",
            "policy_arn": "arn:aws:iam::aws:policy/CloudWatchAgentServerPolicy",
            "role": "observability-platform-dev-eks-node-group-role"
          },
          "sensitive_attributes": [],
          "identity_schema_version": 0,
          "private": "bnVsbA==",
          "dependencies": [
            "module.eks.aws_iam_role.node_group"
          ]
        }
      ]
    },
    {
      "module": "module.eks",
      "mode": "managed",
      "type": "aws_launch_template",
      "name": "node_group",
      "provider": "provider[\"registry.terraform.io/hashicorp/aws\"]",
      "instances": [
        {
          "schema_version": 0,
          "attributes": {
            "arn": "arn:aws:ec2:ap-southeast-1:711387107956:launch-template/lt-0fb31e1351d075ec9",
            "block_device_mappings": [
              {
                "device_name": "/dev/xvda",
                "ebs": [
                  {
                    "delete_on_termination": "true",
                    "encrypted": "true",
                    "iops": 3000,
                    "kms_key_id": "",
                    "snapshot_id": "",
                    "throughput": 125,
                    "volume_initialization_rate": 0,
                    "volume_size": 50,
                    "volume_type": "gp3"
                  }
                ],
                "no_device": "",
                "virtual_name": ""
              }
            ],
            "capacity_reservation_specification": [],
            "cpu_options": [],
            "credit_specification": [],
            "default_version": 1,
            "description": "Launch template for EKS node group",
            "disable_api_stop": false,
            "disable_api_termination": false,
            "ebs_optimized": "",
            "elastic_gpu_specifications": [],
            "elastic_inference_accelerator": [],
            "enclave_options": [],
            "hibernation_options": [],
            "iam_instance_profile": [],
            "id": "lt-0fb31e1351d075ec9",
            "image_id": "",
            "instance_initiated_shutdown_behavior": "",
            "instance_market_options": [],
            "instance_requirements": [],
            "instance_type": "",
            "kernel_id": "",
            "key_name": "",
            "latest_version": 1,
            "license_specification": [],
            "maintenance_options": [],
            "metadata_options": [
              {
                "http_endpoint": "enabled",
                "http_protocol_ipv6": "",
                "http_put_response_hop_limit": 2,
                "http_tokens": "required",
                "instance_metadata_tags": "enabled"
              }
            ],
            "monitoring": [
              {
                "enabled": true
              }
            ],
            "name": "observability-platform-dev-eks-node-20251029162049618500000001",
            "name_prefix": "observability-platform-dev-eks-node-",
            "network_interfaces": [],
            "placement": [],
            "private_dns_name_options": [],
            "ram_disk_id": "",
            "security_group_names": [],
            "tag_specifications": [
              {
                "resource_type": "instance",
                "tags": {
                  "Name": "observability-platform-dev-eks-node"
                }
              },
              {
                "resource_type": "volume",
                "tags": {
                  "Name": "observability-platform-dev-eks-node-volume"
                }
              }
            ],
            "tags": {},
            "tags_all": {
              "Environment": "dev",
              "ManagedBy": "Terraform",
              "Project": "observability-platform"
            },
            "update_default_version": null,
            "user_data": "",
            "vpc_security_group_ids": []
          },
          "sensitive_attributes": [],
          "identity_schema_version": 0,
          "private": "bnVsbA==",
          "create_before_destroy": true
        }
      ]
    },
    {
      "module": "module.eks",
      "mode": "managed",
      "type": "aws_security_group",
      "name": "cluster",
      "provider": "provider[\"registry.terraform.io/hashicorp/aws\"]",
      "instances": [
        {
          "schema_version": 1,
          "attributes": {
            "arn": "arn:aws:ec2:ap-southeast-1:711387107956:security-group/sg-0b779ee37f87e204b",
            "description": "Security group for EKS cluster control plane",
            "egress": [
              {
                "cidr_blocks": [
                  "0.0.0.0/0"
                ],
                "description": "Allow cluster egress access to the Internet",
                "from_port": 0,
                "ipv6_cidr_blocks": [],
                "prefix_list_ids": [],
                "protocol": "-1",
                "security_groups": [],
                "self": false,
                "to_port": 0
              }
            ],
            "id": "sg-0b779ee37f87e204b",
            "ingress": [
              {
                "cidr_blocks": [
                  "0.0.0.0/0"
                ],
                "description": "Allow workstation to communicate with the cluster API Server",
                "from_port": 443,
                "ipv6_cidr_blocks": [],
                "prefix_list_ids": [],
                "protocol": "tcp",
                "security_groups": [],
                "self": false,
                "to_port": 443
              }
            ],
            "name": "observability-platform-dev-eks-cluster-2025102916210127100000000f",
            "name_prefix": "observability-platform-dev-eks-cluster-",
            "owner_id": "711387107956",
            "revoke_rules_on_delete": false,
            "tags": {
              "Name": "observability-platform-dev-eks-cluster-sg"
            },
            "tags_all": {
              "Environment": "dev",
              "ManagedBy": "Terraform",
              "Name": "observability-platform-dev-eks-cluster-sg",
              "Project": "observability-platform"
            },
            "timeouts": null,
            "vpc_id": "vpc-09ea04bebf9fca5da"
          },
          "sensitive_attributes": [],
          "identity_schema_version": 0,
          "private": "eyJlMmJmYjczMC1lY2FhLTExZTYtOGY4OC0zNDM2M2JjN2M0YzAiOnsiY3JlYXRlIjo2MDAwMDAwMDAwMDAsImRlbGV0ZSI6OTAwMDAwMDAwMDAwfSwic2NoZW1hX3ZlcnNpb24iOiIxIn0=",
          "dependencies": [
            "module.vpc.aws_vpc.main"
          ],
          "create_before_destroy": true
        }
      ]
    },
    {
      "module": "module.eks",
      "mode": "managed",
      "type": "aws_security_group_rule",
      "name": "cluster_egress_all",
      "provider": "provider[\"registry.terraform.io/hashicorp/aws\"]",
      "instances": [
        {
          "schema_version": 2,
          "attributes": {
            "cidr_blocks": [
              "0.0.0.0/0"
            ],
            "description": "Allow cluster egress access to the Internet",
            "from_port": 0,
            "id": "sgrule-1751739098",
            "ipv6_cidr_blocks": null,
            "prefix_list_ids": null,
            "protocol": "-1",
            "security_group_id": "sg-0b779ee37f87e204b",
            "security_group_rule_id": "sgr-0280468baac6c3f8a",
            "self": false,
            "source_security_group_id": null,
            "timeouts": null,
            "to_port": 0,
            "type": "egress"
          },
          "sensitive_attributes": [],
          "identity_schema_version": 0,
          "private": "eyJlMmJmYjczMC1lY2FhLTExZTYtOGY4OC0zNDM2M2JjN2M0YzAiOnsiY3JlYXRlIjozMDAwMDAwMDAwMDB9LCJzY2hlbWFfdmVyc2lvbiI6IjIifQ==",
          "dependencies": [
            "module.eks.aws_security_group.cluster",
            "module.vpc.aws_vpc.main"
          ]
        }
      ]
    },
    {
      "module": "module.eks",
      "mode": "managed",
      "type": "aws_security_group_rule",
      "name": "cluster_ingress_workstation_https",
      "provider": "provider[\"registry.terraform.io/hashicorp/aws\"]",
      "instances": [
        {
          "schema_version": 2,
          "attributes": {
            "cidr_blocks": [
              "0.0.0.0/0"
            ],
            "description": "Allow workstation to communicate with the cluster API Server",
            "from_port": 443,
            "id": "sgrule-497245736",
            "ipv6_cidr_blocks": null,
            "prefix_list_ids": null,
            "protocol": "tcp",
            "security_group_id": "sg-0b779ee37f87e204b",
            "security_group_rule_id": "sgr-0a46fa56fcaf80afe",
            "self": false,
            "source_security_group_id": null,
            "timeouts": null,
            "to_port": 443,
            "type": "ingress"
          },
          "sensitive_attributes": [],
          "identity_schema_version": 0,
          "private": "eyJlMmJmYjczMC1lY2FhLTExZTYtOGY4OC0zNDM2M2JjN2M0YzAiOnsiY3JlYXRlIjozMDAwMDAwMDAwMDB9LCJzY2hlbWFfdmVyc2lvbiI6IjIifQ==",
          "dependencies": [
            "module.eks.aws_security_group.cluster",
            "module.vpc.aws_vpc.main"
          ]
        }
      ]
    },
    {
      "module": "module.jaeger",
      "mode": "data",
      "type": "aws_ami",
      "name": "ubuntu",
      "provider": "provider[\"registry.terraform.io/hashicorp/aws\"]",
      "instances": [
        {
          "schema_version": 0,
          "attributes": {
            "architecture": "x86_64",
            "arn": "arn:aws:ec2:ap-southeast-1::image/ami-0827b3068f1548bf6",
            "block_device_mappings": [
              {
                "device_name": "/dev/sda1",
                "ebs": {
                  "delete_on_termination": "true",
                  "encrypted": "false",
                  "iops": "0",
                  "snapshot_id": "snap-08b877539a3882387",
                  "throughput": "0",
                  "volume_initialization_rate": "0",
                  "volume_size": "8",
                  "volume_type": "gp2"
                },
                "no_device": "",
                "virtual_name": ""
              },
              {
                "device_name": "/dev/sdb",
                "ebs": {},
                "no_device": "",
                "virtual_name": "ephemeral0"
              },
              {
                "device_name": "/dev/sdc",
                "ebs": {},
                "no_device": "",
                "virtual_name": "ephemeral1"
              }
            ],
            "boot_mode": "uefi-preferred",
            "creation_date": "2025-10-15T08:05:44.000Z",
            "deprecation_time": "2027-10-15T08:05:44.000Z",
            "description": "Canonical, Ubuntu, 22.04, amd64 jammy image",
            "ena_support": true,
            "executable_users": null,
            "filter": [
              {
                "name": "name",
                "values": [
                  "ubuntu/images/hvm-ssd/ubuntu-jammy-22.04-amd64-server-*"
                ]
              },
              {
                "name": "virtualization-type",
                "values": [
                  "hvm"
                ]
              }
            ],
            "hypervisor": "xen",
            "id": "ami-0827b3068f1548bf6",
            "image_id": "ami-0827b3068f1548bf6",
            "image_location": "amazon/ubuntu/images/hvm-ssd/ubuntu-jammy-22.04-amd64-server-20251015",
            "image_owner_alias": "amazon",
            "image_type": "machine",
            "imds_support": "",
            "include_deprecated": false,
            "kernel_id": "",
            "last_launched_time": "",
            "most_recent": true,
            "name": "ubuntu/images/hvm-ssd/ubuntu-jammy-22.04-amd64-server-20251015",
            "name_regex": null,
            "owner_id": "099720109477",
            "owners": [
              "099720109477"
            ],
            "platform": "",
            "platform_details": "Linux/UNIX",
            "product_codes": [],
            "public": true,
            "ramdisk_id": "",
            "root_device_name": "/dev/sda1",
            "root_device_type": "ebs",
            "root_snapshot_id": "snap-08b877539a3882387",
            "sriov_net_support": "simple",
            "state": "available",
            "state_reason": {
              "code": "UNSET",
              "message": "UNSET"
            },
            "tags": {},
            "timeouts": null,
            "tpm_support": "",
            "uefi_data": null,
            "usage_operation": "RunInstances",
            "virtualization_type": "hvm"
          },
          "sensitive_attributes": [],
          "identity_schema_version": 0
        }
      ]
    },
    {
      "module": "module.jaeger",
      "mode": "managed",
      "type": "aws_iam_instance_profile",
      "name": "jaeger",
      "provider": "provider[\"registry.terraform.io/hashicorp/aws\"]",
      "instances": [
        {
          "schema_version": 0,
          "attributes": {
            "arn": "arn:aws:iam::711387107956:instance-profile/observability-platform-dev-jaeger-profile",
            "create_date": "2025-10-29T16:20:52Z",
            "id": "observability-platform-dev-jaeger-profile",
            "name": "observability-platform-dev-jaeger-profile",
            "name_prefix": "",
            "path": "/",
            "role": "observability-platform-dev-jaeger-role",
            "tags": {
              "Name": "observability-platform-dev-jaeger-profile"
            },
            "tags_all": {
              "Environment": "dev",
              "ManagedBy": "Terraform",
              "Name": "observability-platform-dev-jaeger-profile",
              "Project": "observability-platform"
            },
            "unique_id": "AIPA2LIPZ2J2OLXA55SVF"
          },
          "sensitive_attributes": [],
          "identity_schema_version": 0,
          "private": "bnVsbA==",
          "dependencies": [
            "module.jaeger.aws_iam_role.jaeger"
          ]
        }
      ]
    },
    {
      "module": "module.jaeger",
      "mode": "managed",
      "type": "aws_iam_role",
      "name": "jaeger",
      "provider": "provider[\"registry.terraform.io/hashicorp/aws\"]",
      "instances": [
        {
          "schema_version": 0,
          "attributes": {
            "arn": "arn:aws:iam::711387107956:role/observability-platform-dev-jaeger-role",
            "assume_role_policy": "{\"Statement\":[{\"Action\":\"sts:AssumeRole\",\"Effect\":\"Allow\",\"Principal\":{\"Service\":\"ec2.amazonaws.com\"}}],\"Version\":\"2012-10-17\"}",
            "create_date": "2025-10-29T16:20:50Z",
            "description": "",
            "force_detach_policies": false,
            "id": "observability-platform-dev-jaeger-role",
            "inline_policy": [],
            "managed_policy_arns": [
              "arn:aws:iam::aws:policy/AmazonSSMManagedInstanceCore",
              "arn:aws:iam::aws:policy/CloudWatchAgentServerPolicy"
            ],
            "max_session_duration": 3600,
            "name": "observability-platform-dev-jaeger-role",
            "name_prefix": "",
            "path": "/",
            "permissions_boundary": "",
            "tags": {
              "Name": "observability-platform-dev-jaeger-role"
            },
            "tags_all": {
              "Environment": "dev",
              "ManagedBy": "Terraform",
              "Name": "observability-platform-dev-jaeger-role",
              "Project": "observability-platform"
            },
            "unique_id": "AROA2LIPZ2J2PELGMZB2N"
          },
          "sensitive_attributes": [],
          "identity_schema_version": 0,
          "private": "bnVsbA=="
        }
      ]
    },
    {
      "module": "module.jaeger",
      "mode": "managed",
      "type": "aws_iam_role_policy_attachment",
      "name": "jaeger_cloudwatch",
      "provider": "provider[\"registry.terraform.io/hashicorp/aws\"]",
      "instances": [
        {
          "schema_version": 0,
          "attributes": {
            "id": "observability-platform-dev-jaeger-role-20251029162052820200000009",
            "policy_arn": "arn:aws:iam::aws:policy/CloudWatchAgentServerPolicy",
            "role": "observability-platform-dev-jaeger-role"
          },
          "sensitive_attributes": [],
          "identity_schema_version": 0,
          "private": "bnVsbA==",
          "dependencies": [
            "module.jaeger.aws_iam_role.jaeger"
          ]
        }
      ]
    },
    {
      "module": "module.jaeger",
      "mode": "managed",
      "type": "aws_iam_role_policy_attachment",
      "name": "jaeger_ssm",
      "provider": "provider[\"registry.terraform.io/hashicorp/aws\"]",
      "instances": [
        {
          "schema_version": 0,
          "attributes": {
            "id": "observability-platform-dev-jaeger-role-20251029162052747700000008",
            "policy_arn": "arn:aws:iam::aws:policy/AmazonSSMManagedInstanceCore",
            "role": "observability-platform-dev-jaeger-role"
          },
          "sensitive_attributes": [],
          "identity_schema_version": 0,
          "private": "bnVsbA==",
          "dependencies": [
            "module.jaeger.aws_iam_role.jaeger"
          ]
        }
      ]
    },
    {
      "module": "module.jaeger",
      "mode": "managed",
      "type": "aws_instance",
      "name": "jaeger",
      "provider": "provider[\"registry.terraform.io/hashicorp/aws\"]",
      "instances": [
        {
          "schema_version": 1,
          "attributes": {
            "ami": "ami-0827b3068f1548bf6",
            "arn": "arn:aws:ec2:ap-southeast-1:711387107956:instance/i-08098bc9376c3af83",
            "associate_public_ip_address": false,
            "availability_zone": "ap-southeast-1a",
            "capacity_reservation_specification": [
              {
                "capacity_reservation_preference": "open",
                "capacity_reservation_target": []
              }
            ],
            "cpu_core_count": 1,
            "cpu_options": [
              {
                "amd_sev_snp": "",
                "core_count": 1,
                "threads_per_core": 2
              }
            ],
            "cpu_threads_per_core": 2,
            "credit_specification": [
              {
                "cpu_credits": "unlimited"
              }
            ],
            "disable_api_stop": false,
            "disable_api_termination": false,
            "ebs_block_device": [],
            "ebs_optimized": false,
            "enable_primary_ipv6": null,
            "enclave_options": [
              {
                "enabled": false
              }
            ],
            "ephemeral_block_device": [],
            "get_password_data": false,
            "hibernation": false,
            "host_id": "",
            "host_resource_group_arn": null,
            "iam_instance_profile": "observability-platform-dev-jaeger-profile",
            "id": "i-08098bc9376c3af83",
            "instance_initiated_shutdown_behavior": "stop",
            "instance_lifecycle": "",
            "instance_market_options": [],
            "instance_state": "running",
            "instance_type": "t3.medium",
            "ipv6_address_count": 0,
            "ipv6_addresses": [],
            "key_name": "KeyPair",
            "launch_template": [],
            "maintenance_options": [
              {
                "auto_recovery": "default"
              }
            ],
            "metadata_options": [
              {
                "http_endpoint": "enabled",
                "http_protocol_ipv6": "disabled",
                "http_put_response_hop_limit": 1,
                "http_tokens": "required",
                "instance_metadata_tags": "disabled"
              }
            ],
            "monitoring": false,
            "network_interface": [],
            "outpost_arn": "",
            "password_data": "",
            "placement_group": "",
            "placement_partition_number": 0,
            "primary_network_interface_id": "eni-06e64314c7001b0f5",
            "private_dns": "ip-10-0-11-14.ap-southeast-1.compute.internal",
            "private_dns_name_options": [
              {
                "enable_resource_name_dns_a_record": false,
                "enable_resource_name_dns_aaaa_record": false,
                "hostname_type": "ip-name"
              }
            ],
            "private_ip": "10.0.11.14",
            "public_dns": "",
            "public_ip": "",
            "root_block_device": [
              {
                "delete_on_termination": true,
                "device_name": "/dev/sda1",
                "encrypted": true,
                "iops": 3000,
                "kms_key_id": "arn:aws:kms:ap-southeast-1:711387107956:key/6c49865f-114d-4807-a538-94638a14a015",
                "tags": {},
                "tags_all": {
                  "Environment": "dev",
                  "ManagedBy": "Terraform",
                  "Project": "observability-platform"
                },
                "throughput": 125,
                "volume_id": "vol-09301f6528b0059da",
                "volume_size": 30,
                "volume_type": "gp3"
              }
            ],
            "secondary_private_ips": [],
            "security_groups": [],
            "source_dest_check": true,
            "spot_instance_request_id": "",
            "subnet_id": "subnet-0ae7ddcac23915574",
            "tags": {
              "Name": "observability-platform-dev-jaeger"
            },
            "tags_all": {
              "Environment": "dev",
              "ManagedBy": "Terraform",
              "Name": "observability-platform-dev-jaeger",
              "Project": "observability-platform"
            },
            "tenancy": "default",
            "timeouts": null,
            "user_data": "65d95848a378517d7d32219b4ee99d30e98cd64c",
            "user_data_base64": null,
            "user_data_replace_on_change": false,
            "volume_tags": null,
            "vpc_security_group_ids": [
              "sg-004fd0270bd794681"
            ]
          },
          "sensitive_attributes": [],
          "identity_schema_version": 0,
          "private": "eyJlMmJmYjczMC1lY2FhLTExZTYtOGY4OC0zNDM2M2JjN2M0YzAiOnsiY3JlYXRlIjo2MDAwMDAwMDAwMDAsImRlbGV0ZSI6MTIwMDAwMDAwMDAwMCwicmVhZCI6OTAwMDAwMDAwMDAwLCJ1cGRhdGUiOjYwMDAwMDAwMDAwMH0sInNjaGVtYV92ZXJzaW9uIjoiMSJ9",
          "dependencies": [
            "data.aws_availability_zones.available",
            "module.clickhouse.aws_iam_instance_profile.clickhouse",
            "module.clickhouse.aws_iam_role.clickhouse",
            "module.clickhouse.aws_instance.clickhouse",
            "module.clickhouse.data.aws_ami.ubuntu",
            "module.jaeger.aws_iam_instance_profile.jaeger",
            "module.jaeger.aws_iam_role.jaeger",
            "module.jaeger.data.aws_ami.ubuntu",
            "module.security_groups.aws_security_group.clickhouse",
            "module.security_groups.aws_security_group.jaeger",
            "module.vpc.aws_subnet.private",
            "module.vpc.aws_vpc.main"
          ]
        }
      ]
    },
    {
      "module": "module.msk",
      "mode": "data",
      "type": "aws_caller_identity",
      "name": "current",
      "provider": "provider[\"registry.terraform.io/hashicorp/aws\"]",
      "instances": [
        {
          "schema_version": 0,
          "attributes": {
            "account_id": "711387107956",
            "arn": "arn:aws:iam::711387107956:user/terraform-user",
            "id": "711387107956",
            "user_id": "AIDA2LIPZ2J2LPAIFT3TX"
          },
          "sensitive_attributes": [],
          "identity_schema_version": 0
        }
      ]
    },
    {
      "module": "module.msk",
      "mode": "managed",
      "type": "aws_cloudwatch_log_group",
      "name": "msk",
      "provider": "provider[\"registry.terraform.io/hashicorp/aws\"]",
      "instances": [
        {
          "schema_version": 0,
          "attributes": {
            "arn": "arn:aws:logs:ap-southeast-1:711387107956:log-group:/aws/msk/observability-platform-dev",
            "id": "/aws/msk/observability-platform-dev",
            "kms_key_id": "",
            "log_group_class": "STANDARD",
            "name": "/aws/msk/observability-platform-dev",
            "name_prefix": "",
            "retention_in_days": 7,
            "skip_destroy": false,
            "tags": {
              "Name": "observability-platform-dev-msk-logs"
            },
            "tags_all": {
              "Environment": "dev",
              "ManagedBy": "Terraform",
              "Name": "observability-platform-dev-msk-logs",
              "Project": "observability-platform"
            }
          },
          "sensitive_attributes": [],
          "identity_schema_version": 0,
          "private": "bnVsbA=="
        }
      ]
    },
    {
      "module": "module.msk",
      "mode": "managed",
      "type": "aws_kms_alias",
      "name": "msk",
      "provider": "provider[\"registry.terraform.io/hashicorp/aws\"]",
      "instances": [
        {
          "schema_version": 0,
          "attributes": {
            "arn": "arn:aws:kms:ap-southeast-1:711387107956:alias/observability-platform-dev-msk",
            "id": "alias/observability-platform-dev-msk",
            "name": "alias/observability-platform-dev-msk",
            "name_prefix": "",
            "target_key_arn": "arn:aws:kms:ap-southeast-1:711387107956:key/e28944e8-93ed-4a4f-9fe0-51c9bdfafc68",
            "target_key_id": "e28944e8-93ed-4a4f-9fe0-51c9bdfafc68"
          },
          "sensitive_attributes": [],
          "identity_schema_version": 0,
          "private": "bnVsbA==",
          "dependencies": [
            "module.msk.aws_kms_key.msk"
          ]
        }
      ]
    },
    {
      "module": "module.msk",
      "mode": "managed",
      "type": "aws_kms_key",
      "name": "msk",
      "provider": "provider[\"registry.terraform.io/hashicorp/aws\"]",
      "instances": [
        {
          "schema_version": 0,
          "attributes": {
            "arn": "arn:aws:kms:ap-southeast-1:711387107956:key/e28944e8-93ed-4a4f-9fe0-51c9bdfafc68",
            "bypass_policy_lockout_safety_check": false,
            "custom_key_store_id": "",
            "customer_master_key_spec": "SYMMETRIC_DEFAULT",
            "deletion_window_in_days": 7,
            "description": "KMS key for MSK cluster encryption",
            "enable_key_rotation": false,
            "id": "e28944e8-93ed-4a4f-9fe0-51c9bdfafc68",
            "is_enabled": true,
            "key_id": "e28944e8-93ed-4a4f-9fe0-51c9bdfafc68",
            "key_usage": "ENCRYPT_DECRYPT",
            "multi_region": false,
            "policy": "{\"Id\":\"key-default-1\",\"Statement\":[{\"Action\":\"kms:*\",\"Effect\":\"Allow\",\"Principal\":{\"AWS\":\"arn:aws:iam::711387107956:root\"},\"Resource\":\"*\",\"Sid\":\"Enable IAM User Permissions\"}],\"Version\":\"2012-10-17\"}",
            "rotation_period_in_days": 0,
            "tags": {
              "Name": "observability-platform-dev-msk-key"
            },
            "tags_all": {
              "Environment": "dev",
              "ManagedBy": "Terraform",
              "Name": "observability-platform-dev-msk-key",
              "Project": "observability-platform"
            },
            "timeouts": null,
            "xks_key_id": ""
          },
          "sensitive_attributes": [],
          "identity_schema_version": 0,
          "private": "eyJlMmJmYjczMC1lY2FhLTExZTYtOGY4OC0zNDM2M2JjN2M0YzAiOnsiY3JlYXRlIjoxMjAwMDAwMDAwMDB9fQ=="
        }
      ]
    },
    {
      "module": "module.msk",
      "mode": "managed",
      "type": "aws_msk_cluster",
      "name": "main",
      "provider": "provider[\"registry.terraform.io/hashicorp/aws\"]",
      "instances": [
        {
          "schema_version": 0,
          "attributes": {
            "arn": "arn:aws:kafka:ap-southeast-1:711387107956:cluster/observability-platform-dev-msk/0fac61e4-a6f2-47ff-b661-598686a8815a-4",
            "bootstrap_brokers": "",
            "bootstrap_brokers_public_sasl_iam": "",
            "bootstrap_brokers_public_sasl_scram": "",
            "bootstrap_brokers_public_tls": "",
            "bootstrap_brokers_sasl_iam": "b-1.observabilityplat.wf4psm.c4.kafka.ap-southeast-1.amazonaws.com:9098,b-2.observabilityplat.wf4psm.c4.kafka.ap-southeast-1.amazonaws.com:9098,b-3.observabilityplat.wf4psm.c4.kafka.ap-southeast-1.amazonaws.com:9098",
            "bootstrap_brokers_sasl_scram": "",
            "bootstrap_brokers_tls": "b-1.observabilityplat.wf4psm.c4.kafka.ap-southeast-1.amazonaws.com:9094,b-2.observabilityplat.wf4psm.c4.kafka.ap-southeast-1.amazonaws.com:9094,b-3.observabilityplat.wf4psm.c4.kafka.ap-southeast-1.amazonaws.com:9094",
            "bootstrap_brokers_vpc_connectivity_sasl_iam": "",
            "bootstrap_brokers_vpc_connectivity_sasl_scram": "",
            "bootstrap_brokers_vpc_connectivity_tls": "",
            "broker_node_group_info": [
              {
                "az_distribution": "DEFAULT",
                "client_subnets": [
                  "subnet-0039023fed1441da7",
                  "subnet-01e9ffa2fadbf9e42",
                  "subnet-0ae7ddcac23915574"
                ],
                "connectivity_info": [
                  {
                    "public_access": [
                      {
                        "type": "DISABLED"
                      }
                    ],
                    "vpc_connectivity": [
                      {
                        "client_authentication": [
                          {
                            "sasl": [
                              {
                                "iam": false,
                                "scram": false
                              }
                            ],
                            "tls": false
                          }
                        ]
                      }
                    ]
                  }
                ],
                "instance_type": "kafka.t3.small",
                "security_groups": [
                  "sg-0f0adc9315339503d"
                ],
                "storage_info": [
                  {
                    "ebs_storage_info": [
                      {
                        "provisioned_throughput": [],
                        "volume_size": 100
                      }
                    ]
                  }
                ]
              }
            ],
            "client_authentication": [
              {
                "sasl": [
                  {
                    "iam": true,
                    "scram": false
                  }
                ],
                "tls": [],
                "unauthenticated": true
              }
            ],
            "cluster_name": "observability-platform-dev-msk",
            "cluster_uuid": "0fac61e4-a6f2-47ff-b661-598686a8815a-4",
            "configuration_info": [
              {
                "arn": "arn:aws:kafka:ap-southeast-1:711387107956:configuration/observability-platform-dev-msk-config/262bcccc-89f0-4a5a-a29d-a83692a92490-4",
                "revision": 1
              }
            ],
            "current_version": "K1X6FK5RDHNB96",
            "encryption_info": [
              {
                "encryption_at_rest_kms_key_arn": "arn:aws:kms:ap-southeast-1:711387107956:key/e28944e8-93ed-4a4f-9fe0-51c9bdfafc68",
                "encryption_in_transit": [
                  {
                    "client_broker": "TLS",
                    "in_cluster": true
                  }
                ]
              }
            ],
            "enhanced_monitoring": "DEFAULT",
            "id": "arn:aws:kafka:ap-southeast-1:711387107956:cluster/observability-platform-dev-msk/0fac61e4-a6f2-47ff-b661-598686a8815a-4",
            "kafka_version": "3.6.0",
            "logging_info": [
              {
                "broker_logs": [
                  {
                    "cloudwatch_logs": [
                      {
                        "enabled": true,
                        "log_group": "/aws/msk/observability-platform-dev"
                      }
                    ],
                    "firehose": [],
                    "s3": [
                      {
                        "bucket": "observability-platform-dev-msk-logs-711387107956",
                        "enabled": true,
                        "prefix": "msk-logs/"
                      }
                    ]
                  }
                ]
              }
            ],
            "number_of_broker_nodes": 3,
            "open_monitoring": [
              {
                "prometheus": [
                  {
                    "jmx_exporter": [
                      {
                        "enabled_in_broker": true
                      }
                    ],
                    "node_exporter": [
                      {
                        "enabled_in_broker": true
                      }
                    ]
                  }
                ]
              }
            ],
            "storage_mode": "LOCAL",
            "tags": {
              "Name": "observability-platform-dev-msk"
            },
            "tags_all": {
              "Environment": "dev",
              "ManagedBy": "Terraform",
              "Name": "observability-platform-dev-msk",
              "Project": "observability-platform"
            },
            "timeouts": null,
            "zookeeper_connect_string": "z-1.observabilityplat.wf4psm.c4.kafka.ap-southeast-1.amazonaws.com:2181,z-2.observabilityplat.wf4psm.c4.kafka.ap-southeast-1.amazonaws.com:2181,z-3.observabilityplat.wf4psm.c4.kafka.ap-southeast-1.amazonaws.com:2181",
            "zookeeper_connect_string_tls": "z-1.observabilityplat.wf4psm.c4.kafka.ap-southeast-1.amazonaws.com:2182,z-2.observabilityplat.wf4psm.c4.kafka.ap-southeast-1.amazonaws.com:2182,z-3.observabilityplat.wf4psm.c4.kafka.ap-southeast-1.amazonaws.com:2182"
          },
          "sensitive_attributes": [],
          "identity_schema_version": 0,
          "private": "eyJlMmJmYjczMC1lY2FhLTExZTYtOGY4OC0zNDM2M2JjN2M0YzAiOnsiY3JlYXRlIjo3MjAwMDAwMDAwMDAwLCJkZWxldGUiOjcyMDAwMDAwMDAwMDAsInVwZGF0ZSI6NzIwMDAwMDAwMDAwMH19",
          "dependencies": [
            "data.aws_availability_zones.available",
            "module.msk.aws_cloudwatch_log_group.msk",
            "module.msk.aws_kms_key.msk",
            "module.msk.aws_msk_configuration.main",
            "module.msk.aws_s3_bucket.msk_logs",
            "module.msk.data.aws_caller_identity.current",
            "module.security_groups.aws_security_group.msk",
            "module.vpc.aws_subnet.private",
            "module.vpc.aws_vpc.main"
          ]
        }
      ]
    },
    {
      "module": "module.msk",
      "mode": "managed",
      "type": "aws_msk_cluster_policy",
      "name": "main",
      "provider": "provider[\"registry.terraform.io/hashicorp/aws\"]",
      "instances": [
        {
          "schema_version": 0,
          "attributes": {
            "cluster_arn": "arn:aws:kafka:ap-southeast-1:711387107956:cluster/observability-platform-dev-msk/0fac61e4-a6f2-47ff-b661-598686a8815a-4",
            "current_version": "KTVPDKIKX0DER",
            "id": "arn:aws:kafka:ap-southeast-1:711387107956:cluster/observability-platform-dev-msk/0fac61e4-a6f2-47ff-b661-598686a8815a-4",
            "policy": "{\"Statement\":[{\"Action\":[\"kafka:CreateVpcConnection\",\"kafka:GetBootstrapBrokers\",\"kafka:DescribeCluster\",\"kafka:DescribeClusterV2\"],\"Effect\":\"Allow\",\"Principal\":{\"AWS\":\"*\"},\"Resource\":\"arn:aws:kafka:ap-southeast-1:711387107956:cluster/observability-platform-dev-msk/0fac61e4-a6f2-47ff-b661-598686a8815a-4\",\"Sid\":\"AllowIAMAccess\"}],\"Version\":\"2012-10-17\"}"
          },
          "sensitive_attributes": [],
          "identity_schema_version": 0,
          "private": "bnVsbA==",
          "dependencies": [
            "data.aws_availability_zones.available",
            "module.msk.aws_cloudwatch_log_group.msk",
            "module.msk.aws_kms_key.msk",
            "module.msk.aws_msk_cluster.main",
            "module.msk.aws_msk_configuration.main",
            "module.msk.aws_s3_bucket.msk_logs",
            "module.msk.data.aws_caller_identity.current",
            "module.security_groups.aws_security_group.msk",
            "module.vpc.aws_subnet.private",
            "module.vpc.aws_vpc.main"
          ]
        }
      ]
    },
    {
      "module": "module.msk",
      "mode": "managed",
      "type": "aws_msk_configuration",
      "name": "main",
      "provider": "provider[\"registry.terraform.io/hashicorp/aws\"]",
      "instances": [
        {
          "schema_version": 0,
          "attributes": {
            "arn": "arn:aws:kafka:ap-southeast-1:711387107956:configuration/observability-platform-dev-msk-config/262bcccc-89f0-4a5a-a29d-a83692a92490-4",
            "description": "MSK configuration for observability-platform-dev",
            "id": "arn:aws:kafka:ap-southeast-1:711387107956:configuration/observability-platform-dev-msk-config/262bcccc-89f0-4a5a-a29d-a83692a92490-4",
            "kafka_versions": [
              "3.6.0"
            ],
            "latest_revision": 1,
            "name": "observability-platform-dev-msk-config",
            "server_properties": "auto.create.topics.enable=true\ndefault.replication.factor=3\nmin.insync.replicas=2\nnum.io.threads=8\nnum.network.threads=5\nnum.partitions=3\nnum.replica.fetchers=2\nreplica.lag.time.max.ms=30000\nsocket.receive.buffer.bytes=102400\nsocket.request.max.bytes=104857600\nsocket.send.buffer.bytes=102400\nunclean.leader.election.enable=false\nzookeeper.session.timeout.ms=18000\nlog.retention.hours=168\nlog.segment.bytes=1073741824\ncompression.type=producer\n"
          },
          "sensitive_attributes": [],
          "identity_schema_version": 0,
          "private": "bnVsbA=="
        }
      ]
    },
    {
      "module": "module.msk",
      "mode": "managed",
      "type": "aws_s3_bucket",
      "name": "msk_logs",
      "provider": "provider[\"registry.terraform.io/hashicorp/aws\"]",
      "instances": [
        {
          "schema_version": 0,
          "attributes": {
            "acceleration_status": "",
            "acl": null,
            "arn": "arn:aws:s3:::observability-platform-dev-msk-logs-711387107956",
            "bucket": "observability-platform-dev-msk-logs-711387107956",
            "bucket_domain_name": "observability-platform-dev-msk-logs-711387107956.s3.amazonaws.com",
            "bucket_prefix": "",
            "bucket_regional_domain_name": "observability-platform-dev-msk-logs-711387107956.s3.ap-southeast-1.amazonaws.com",
            "cors_rule": [],
            "force_destroy": false,
            "grant": [
              {
                "id": "b62266cd1044e76a28286d8788d0386979af49d3d97682bb8fc7c315bda57e20",
                "permissions": [
                  "FULL_CONTROL"
                ],
                "type": "CanonicalUser",
                "uri": ""
              }
            ],
            "hosted_zone_id": "Z3O0J2DXBE1FTB",
            "id": "observability-platform-dev-msk-logs-711387107956",
            "lifecycle_rule": [],
            "logging": [],
            "object_lock_configuration": [],
            "object_lock_enabled": false,
            "policy": "{\"Id\":\"AWSLogDeliveryWrite20150319\",\"Statement\":[{\"Action\":\"s3:PutObject\",\"Condition\":{\"ArnLike\":{\"aws:SourceArn\":\"arn:aws:logs:ap-southeast-1:711387107956:*\"},\"StringEquals\":{\"aws:SourceAccount\":\"711387107956\",\"s3:x-amz-acl\":\"bucket-owner-full-control\"}},\"Effect\":\"Allow\",\"Principal\":{\"Service\":\"delivery.logs.amazonaws.com\"},\"Resource\":\"arn:aws:s3:::observability-platform-dev-msk-logs-711387107956/msk-logs/AWSLogs/711387107956/*\",\"Sid\":\"AWSLogDeliveryWrite1\"},{\"Action\":\"s3:GetBucketAcl\",\"Condition\":{\"ArnLike\":{\"aws:SourceArn\":\"arn:aws:logs:ap-southeast-1:711387107956:*\"},\"StringEquals\":{\"aws:SourceAccount\":\"711387107956\"}},\"Effect\":\"Allow\",\"Principal\":{\"Service\":\"delivery.logs.amazonaws.com\"},\"Resource\":\"arn:aws:s3:::observability-platform-dev-msk-logs-711387107956\",\"Sid\":\"AWSLogDeliveryAclCheck1\"}],\"Version\":\"2012-10-17\"}",
            "region": "ap-southeast-1",
            "replication_configuration": [],
            "request_payer": "BucketOwner",
            "server_side_encryption_configuration": [
              {
                "rule": [
                  {
                    "apply_server_side_encryption_by_default": [
                      {
                        "kms_master_key_id": "",
                        "sse_algorithm": "AES256"
                      }
                    ],
                    "bucket_key_enabled": false
                  }
                ]
              }
            ],
            "tags": {
              "Name": "observability-platform-dev-msk-logs"
            },
            "tags_all": {
              "Environment": "dev",
              "ManagedBy": "Terraform",
              "Name": "observability-platform-dev-msk-logs",
              "Project": "observability-platform"
            },
            "timeouts": null,
            "versioning": [
              {
                "enabled": false,
                "mfa_delete": false
              }
            ],
            "website": [],
            "website_domain": null,
            "website_endpoint": null
          },
          "sensitive_attributes": [],
          "identity_schema_version": 0,
          "private": "eyJlMmJmYjczMC1lY2FhLTExZTYtOGY4OC0zNDM2M2JjN2M0YzAiOnsiY3JlYXRlIjoxMjAwMDAwMDAwMDAwLCJkZWxldGUiOjM2MDAwMDAwMDAwMDAsInJlYWQiOjEyMDAwMDAwMDAwMDAsInVwZGF0ZSI6MTIwMDAwMDAwMDAwMH19",
          "dependencies": [
            "module.msk.data.aws_caller_identity.current"
          ]
        }
      ]
    },
    {
      "module": "module.msk",
      "mode": "managed",
      "type": "aws_s3_bucket_public_access_block",
      "name": "msk_logs",
      "provider": "provider[\"registry.terraform.io/hashicorp/aws\"]",
      "instances": [
        {
          "schema_version": 0,
          "attributes": {
            "block_public_acls": true,
            "block_public_policy": true,
            "bucket": "observability-platform-dev-msk-logs-711387107956",
            "id": "observability-platform-dev-msk-logs-711387107956",
            "ignore_public_acls": true,
            "restrict_public_buckets": true
          },
          "sensitive_attributes": [],
          "identity_schema_version": 0,
          "private": "bnVsbA==",
          "dependencies": [
            "module.msk.aws_s3_bucket.msk_logs",
            "module.msk.data.aws_caller_identity.current"
          ]
        }
      ]
    },
    {
      "module": "module.msk",
      "mode": "managed",
      "type": "aws_s3_bucket_server_side_encryption_configuration",
      "name": "msk_logs",
      "provider": "provider[\"registry.terraform.io/hashicorp/aws\"]",
      "instances": [
        {
          "schema_version": 0,
          "attributes": {
            "bucket": "observability-platform-dev-msk-logs-711387107956",
            "expected_bucket_owner": "",
            "id": "observability-platform-dev-msk-logs-711387107956",
            "rule": [
              {
                "apply_server_side_encryption_by_default": [
                  {
                    "kms_master_key_id": "",
                    "sse_algorithm": "AES256"
                  }
                ],
                "bucket_key_enabled": false
              }
            ]
          },
          "sensitive_attributes": [],
          "identity_schema_version": 0,
          "private": "bnVsbA==",
          "dependencies": [
            "module.msk.aws_s3_bucket.msk_logs",
            "module.msk.data.aws_caller_identity.current"
          ]
        }
      ]
    },
    {
      "module": "module.opensearch",
      "mode": "managed",
      "type": "aws_cloudwatch_log_group",
      "name": "opensearch",
      "provider": "provider[\"registry.terraform.io/hashicorp/aws\"]",
      "instances": [
        {
          "schema_version": 0,
          "attributes": {
            "arn": "arn:aws:logs:ap-southeast-1:711387107956:log-group:/aws/opensearch/observability-platform-dev",
            "id": "/aws/opensearch/observability-platform-dev",
            "kms_key_id": "",
            "log_group_class": "STANDARD",
            "name": "/aws/opensearch/observability-platform-dev",
            "name_prefix": "",
            "retention_in_days": 7,
            "skip_destroy": false,
            "tags": {
              "Name": "observability-platform-dev-opensearch-logs"
            },
            "tags_all": {
              "Environment": "dev",
              "ManagedBy": "Terraform",
              "Name": "observability-platform-dev-opensearch-logs",
              "Project": "observability-platform"
            }
          },
          "sensitive_attributes": [],
          "identity_schema_version": 0,
          "private": "bnVsbA=="
        }
      ]
    },
    {
      "module": "module.opensearch",
      "mode": "managed",
      "type": "aws_cloudwatch_log_resource_policy",
      "name": "opensearch",
      "provider": "provider[\"registry.terraform.io/hashicorp/aws\"]",
      "instances": [
        {
          "schema_version": 0,
          "attributes": {
            "id": "observability-platform-dev-opensearch-log-policy",
            "policy_document": "{\"Statement\":[{\"Action\":[\"logs:PutLogEvents\",\"logs:CreateLogStream\"],\"Effect\":\"Allow\",\"Principal\":{\"Service\":\"es.amazonaws.com\"},\"Resource\":\"arn:aws:logs:ap-southeast-1:711387107956:log-group:/aws/opensearch/observability-platform-dev:*\"}],\"Version\":\"2012-10-17\"}",
            "policy_name": "observability-platform-dev-opensearch-log-policy"
          },
          "sensitive_attributes": [],
          "identity_schema_version": 0,
          "private": "bnVsbA==",
          "dependencies": [
            "module.opensearch.aws_cloudwatch_log_group.opensearch"
          ]
        }
      ]
    },
    {
      "module": "module.opensearch",
      "mode": "managed",
      "type": "aws_iam_service_linked_role",
      "name": "opensearch",
      "provider": "provider[\"registry.terraform.io/hashicorp/aws\"]",
      "instances": [
        {
          "schema_version": 0,
          "attributes": {
            "arn": "arn:aws:iam::711387107956:role/aws-service-role/opensearchservice.amazonaws.com/AWSServiceRoleForAmazonOpenSearchService",
            "aws_service_name": "opensearchservice.amazonaws.com",
            "create_date": "2025-10-29T16:20:50Z",
            "custom_suffix": "",
            "description": "Service-linked role for OpenSearch",
            "id": "arn:aws:iam::711387107956:role/aws-service-role/opensearchservice.amazonaws.com/AWSServiceRoleForAmazonOpenSearchService",
            "name": "AWSServiceRoleForAmazonOpenSearchService",
            "path": "/aws-service-role/opensearchservice.amazonaws.com/",
            "tags": {},
            "tags_all": {
              "Environment": "dev",
              "ManagedBy": "Terraform",
              "Project": "observability-platform"
            },
            "unique_id": "AROA2LIPZ2J2OZV5GGUQH"
          },
          "sensitive_attributes": [],
          "identity_schema_version": 0,
          "private": "bnVsbA=="
        }
      ]
    },
    {
      "module": "module.opensearch",
      "mode": "managed",
      "type": "aws_opensearch_domain",
      "name": "main",
      "provider": "provider[\"registry.terraform.io/hashicorp/aws\"]",
      "instances": [
        {
          "schema_version": 0,
          "attributes": {
            "access_policies": "{\"Statement\":[{\"Action\":\"es:*\",\"Effect\":\"Allow\",\"Principal\":{\"AWS\":\"*\"},\"Resource\":\"arn:aws:es:ap-southeast-1:711387107956:domain/obs-platform-dev-os/*\"}],\"Version\":\"2012-10-17\"}",
            "advanced_options": {
              "override_main_response_version": "false",
              "rest.action.multi.allow_explicit_index": "true"
            },
            "advanced_security_options": [
              {
                "anonymous_auth_enabled": false,
                "enabled": true,
                "internal_user_database_enabled": true,
                "master_user_options": [
                  {
                    "master_user_arn": "",
                    "master_user_name": "admin",
                    "master_user_password": "YourSecurePassword123!"
                  }
                ]
              }
            ],
            "arn": "arn:aws:es:ap-southeast-1:711387107956:domain/obs-platform-dev-os",
            "auto_tune_options": [
              {
                "desired_state": "DISABLED",
                "maintenance_schedule": [],
                "rollback_on_disable": "NO_ROLLBACK",
                "use_off_peak_window": false
              }
            ],
            "cluster_config": [
              {
                "cold_storage_options": [
                  {
                    "enabled": false
                  }
                ],
                "dedicated_master_count": 3,
                "dedicated_master_enabled": true,
                "dedicated_master_type": "t3.medium.search",
                "instance_count": 3,
                "instance_type": "t3.medium.search",
                "multi_az_with_standby_enabled": false,
                "node_options": [],
                "warm_count": 0,
                "warm_enabled": false,
                "warm_type": "",
                "zone_awareness_config": [
                  {
                    "availability_zone_count": 3
                  }
                ],
                "zone_awareness_enabled": true
              }
            ],
            "cognito_options": [
              {
                "enabled": false,
                "identity_pool_id": "",
                "role_arn": "",
                "user_pool_id": ""
              }
            ],
            "dashboard_endpoint": "vpc-obs-platform-dev-os-uzlp5yleesyhj5wgazuw5bnugi.ap-southeast-1.es.amazonaws.com/_dashboards",
            "dashboard_endpoint_v2": null,
            "domain_endpoint_options": [
              {
                "custom_endpoint": "",
                "custom_endpoint_certificate_arn": "",
                "custom_endpoint_enabled": false,
                "enforce_https": true,
                "tls_security_policy": "Policy-Min-TLS-1-2-2019-07"
              }
            ],
            "domain_endpoint_v2_hosted_zone_id": "",
            "domain_id": "711387107956/obs-platform-dev-os",
            "domain_name": "obs-platform-dev-os",
            "ebs_options": [
              {
                "ebs_enabled": true,
                "iops": 3000,
                "throughput": 125,
                "volume_size": 100,
                "volume_type": "gp3"
              }
            ],
            "encrypt_at_rest": [
              {
                "enabled": true,
                "kms_key_id": "arn:aws:kms:ap-southeast-1:711387107956:key/6b75aad6-66b8-4aac-aaf7-abf2c7520fad"
              }
            ],
            "endpoint": "vpc-obs-platform-dev-os-uzlp5yleesyhj5wgazuw5bnugi.ap-southeast-1.es.amazonaws.com",
            "endpoint_v2": null,
            "engine_version": "OpenSearch_2.11",
            "id": "arn:aws:es:ap-southeast-1:711387107956:domain/obs-platform-dev-os",
            "ip_address_type": "ipv4",
            "kibana_endpoint": "vpc-obs-platform-dev-os-uzlp5yleesyhj5wgazuw5bnugi.ap-southeast-1.es.amazonaws.com/_plugin/kibana/",
            "log_publishing_options": [
              {
                "cloudwatch_log_group_arn": "arn:aws:logs:ap-southeast-1:711387107956:log-group:/aws/opensearch/observability-platform-dev",
                "enabled": true,
                "log_type": "ES_APPLICATION_LOGS"
              },
              {
                "cloudwatch_log_group_arn": "arn:aws:logs:ap-southeast-1:711387107956:log-group:/aws/opensearch/observability-platform-dev",
                "enabled": true,
                "log_type": "INDEX_SLOW_LOGS"
              },
              {
                "cloudwatch_log_group_arn": "arn:aws:logs:ap-southeast-1:711387107956:log-group:/aws/opensearch/observability-platform-dev",
                "enabled": true,
                "log_type": "SEARCH_SLOW_LOGS"
              }
            ],
            "node_to_node_encryption": [
              {
                "enabled": true
              }
            ],
            "off_peak_window_options": [
              {
                "enabled": true,
                "off_peak_window": [
                  {
                    "window_start_time": [
                      {
                        "hours": 14,
                        "minutes": 0
                      }
                    ]
                  }
                ]
              }
            ],
            "snapshot_options": [
              {
                "automated_snapshot_start_hour": 0
              }
            ],
            "software_update_options": [
              {
                "auto_software_update_enabled": false
              }
            ],
            "tags": {
              "Name": "observability-platform-dev-opensearch"
            },
            "tags_all": {
              "Environment": "dev",
              "ManagedBy": "Terraform",
              "Name": "observability-platform-dev-opensearch",
              "Project": "observability-platform"
            },
            "timeouts": null,
            "vpc_options": [
              {
                "availability_zones": [
                  "ap-southeast-1a",
                  "ap-southeast-1b",
                  "ap-southeast-1c"
                ],
                "security_group_ids": [
                  "sg-01b739b239277cd04"
                ],
                "subnet_ids": [
                  "subnet-0039023fed1441da7",
                  "subnet-01e9ffa2fadbf9e42",
                  "subnet-0ae7ddcac23915574"
                ],
                "vpc_id": "vpc-09ea04bebf9fca5da"
              }
            ]
          },
          "sensitive_attributes": [
            [
              {
                "type": "get_attr",
                "value": "advanced_security_options"
              },
              {
                "type": "index",
                "value": {
                  "value": 0,
                  "type": "number"
                }
              },
              {
                "type": "get_attr",
                "value": "master_user_options"
              },
              {
                "type": "index",
                "value": {
                  "value": 0,
                  "type": "number"
                }
              },
              {
                "type": "get_attr",
                "value": "master_user_password"
              }
            ]
          ],
          "identity_schema_version": 0,
          "private": "eyJlMmJmYjczMC1lY2FhLTExZTYtOGY4OC0zNDM2M2JjN2M0YzAiOnsiY3JlYXRlIjo3MjAwMDAwMDAwMDAwLCJkZWxldGUiOjU0MDAwMDAwMDAwMDAsInVwZGF0ZSI6MTA4MDAwMDAwMDAwMDB9fQ==",
          "dependencies": [
            "data.aws_availability_zones.available",
            "module.opensearch.aws_cloudwatch_log_group.opensearch",
            "module.opensearch.aws_iam_service_linked_role.opensearch",
            "module.security_groups.aws_security_group.opensearch",
            "module.vpc.aws_subnet.private",
            "module.vpc.aws_vpc.main"
          ]
        }
      ]
    },
    {
      "module": "module.opensearch",
      "mode": "managed",
      "type": "aws_opensearch_domain_policy",
      "name": "main",
      "provider": "provider[\"registry.terraform.io/hashicorp/aws\"]",
      "instances": [
        {
          "schema_version": 0,
          "attributes": {
            "access_policies": "{\"Statement\":[{\"Action\":\"es:*\",\"Effect\":\"Allow\",\"Principal\":{\"AWS\":\"*\"},\"Resource\":\"arn:aws:es:ap-southeast-1:711387107956:domain/obs-platform-dev-os/*\"}],\"Version\":\"2012-10-17\"}",
            "domain_name": "obs-platform-dev-os",
            "id": "esd-policy-obs-platform-dev-os",
            "timeouts": null
          },
          "sensitive_attributes": [],
          "identity_schema_version": 0,
          "private": "eyJlMmJmYjczMC1lY2FhLTExZTYtOGY4OC0zNDM2M2JjN2M0YzAiOnsiZGVsZXRlIjo1NDAwMDAwMDAwMDAwLCJ1cGRhdGUiOjEwODAwMDAwMDAwMDAwfX0=",
          "dependencies": [
            "data.aws_availability_zones.available",
            "module.opensearch.aws_cloudwatch_log_group.opensearch",
            "module.opensearch.aws_iam_service_linked_role.opensearch",
            "module.opensearch.aws_opensearch_domain.main",
            "module.security_groups.aws_security_group.opensearch",
            "module.vpc.aws_subnet.private",
            "module.vpc.aws_vpc.main"
          ]
        }
      ]
    },
    {
      "module": "module.rds",
      "mode": "managed",
      "type": "aws_cloudwatch_log_group",
      "name": "postgresql",
      "provider": "provider[\"registry.terraform.io/hashicorp/aws\"]",
      "instances": [
        {
          "schema_version": 0,
          "attributes": {
            "arn": "arn:aws:logs:ap-southeast-1:711387107956:log-group:/aws/rds/instance/observability-platform-dev-postgres/postgresql",
            "id": "/aws/rds/instance/observability-platform-dev-postgres/postgresql",
            "kms_key_id": "",
            "log_group_class": "STANDARD",
            "name": "/aws/rds/instance/observability-platform-dev-postgres/postgresql",
            "name_prefix": "",
            "retention_in_days": 7,
            "skip_destroy": false,
            "tags": {
              "Name": "observability-platform-dev-postgres-logs"
            },
            "tags_all": {
              "Environment": "dev",
              "ManagedBy": "Terraform",
              "Name": "observability-platform-dev-postgres-logs",
              "Project": "observability-platform"
            }
          },
          "sensitive_attributes": [],
          "identity_schema_version": 0,
          "private": "bnVsbA=="
        }
      ]
    },
    {
      "module": "module.rds",
      "mode": "managed",
      "type": "aws_db_instance",
      "name": "postgres",
      "provider": "provider[\"registry.terraform.io/hashicorp/aws\"]",
      "instances": [
        {
          "schema_version": 2,
          "attributes": {
            "address": "observability-platform-dev-postgres.ct6co8iq0yhj.ap-southeast-1.rds.amazonaws.com",
            "allocated_storage": 20,
            "allow_major_version_upgrade": null,
            "apply_immediately": false,
            "arn": "arn:aws:rds:ap-southeast-1:711387107956:db:observability-platform-dev-postgres",
            "auto_minor_version_upgrade": true,
            "availability_zone": "ap-southeast-1c",
            "backup_retention_period": 7,
            "backup_target": "region",
            "backup_window": "03:00-04:00",
            "blue_green_update": [],
            "ca_cert_identifier": "rds-ca-rsa2048-g1",
            "character_set_name": "",
            "copy_tags_to_snapshot": true,
            "custom_iam_instance_profile": "",
            "customer_owned_ip_enabled": false,
            "database_insights_mode": "standard",
            "db_name": "observability",
            "db_subnet_group_name": "observability-platform-dev-rds-subnet-group",
            "dedicated_log_volume": false,
            "delete_automated_backups": true,
            "deletion_protection": false,
            "domain": "",
            "domain_auth_secret_arn": "",
            "domain_dns_ips": null,
            "domain_fqdn": "",
            "domain_iam_role_name": "",
            "domain_ou": "",
            "enabled_cloudwatch_logs_exports": [
              "postgresql",
              "upgrade"
            ],
            "endpoint": "observability-platform-dev-postgres.ct6co8iq0yhj.ap-southeast-1.rds.amazonaws.com:5432",
            "engine": "postgres",
            "engine_lifecycle_support": "open-source-rds-extended-support",
            "engine_version": "16.10",
            "engine_version_actual": "16.10",
            "final_snapshot_identifier": "observability-platform-dev-postgres-final-snapshot-2025-10-29-1721",
            "hosted_zone_id": "Z2G0U3KFCY8NZ5",
            "iam_database_authentication_enabled": false,
            "id": "db-ODJZH4CCAZZ4AWQROCTE2MTWUY",
            "identifier": "observability-platform-dev-postgres",
            "identifier_prefix": "",
            "instance_class": "db.t3.micro",
            "iops": 3000,
            "kms_key_id": "arn:aws:kms:ap-southeast-1:711387107956:key/f64dd0bf-35da-4653-93a9-dd7ccc5f2dd2",
            "latest_restorable_time": "2025-10-29T17:28:36Z",
            "license_model": "postgresql-license",
            "listener_endpoint": [],
            "maintenance_window": "mon:04:00-mon:05:00",
            "manage_master_user_password": null,
            "master_user_secret": [],
            "master_user_secret_kms_key_id": null,
            "max_allocated_storage": 100,
            "monitoring_interval": 60,
            "monitoring_role_arn": "arn:aws:iam::711387107956:role/observability-platform-dev-rds-monitoring-role",
            "multi_az": false,
            "nchar_character_set_name": "",
            "network_type": "IPV4",
            "option_group_name": "default:postgres-16",
            "parameter_group_name": "observability-platform-dev-postgres-params",
            "password": "Bj86mfdiWXms6c3OUwMQVYNC2x",
            "password_wo": null,
            "password_wo_version": null,
            "performance_insights_enabled": true,
            "performance_insights_kms_key_id": "arn:aws:kms:ap-southeast-1:711387107956:key/f64dd0bf-35da-4653-93a9-dd7ccc5f2dd2",
            "performance_insights_retention_period": 7,
            "port": 5432,
            "publicly_accessible": false,
            "replica_mode": "",
            "replicas": [],
            "replicate_source_db": "",
            "resource_id": "db-ODJZH4CCAZZ4AWQROCTE2MTWUY",
            "restore_to_point_in_time": [],
            "s3_import": [],
            "skip_final_snapshot": false,
            "snapshot_identifier": null,
            "status": "available",
            "storage_encrypted": true,
            "storage_throughput": 125,
            "storage_type": "gp3",
            "tags": {
              "Name": "observability-platform-dev-postgres"
            },
            "tags_all": {
              "Environment": "dev",
              "ManagedBy": "Terraform",
              "Name": "observability-platform-dev-postgres",
              "Project": "observability-platform"
            },
            "timeouts": null,
            "timezone": "",
            "upgrade_storage_config": null,
            "username": "postgres",
            "vpc_security_group_ids": [
              "sg-03ae66ae92ea9ac77"
            ]
          },
          "sensitive_attributes": [
            [
              {
                "type": "get_attr",
                "value": "password"
              }
            ],
            [
              {
                "type": "get_attr",
                "value": "password_wo"
              }
            ]
          ],
          "identity_schema_version": 0,
          "private": "eyJlMmJmYjczMC1lY2FhLTExZTYtOGY4OC0zNDM2M2JjN2M0YzAiOnsiY3JlYXRlIjozMDAwMDAwMDAwMDAwLCJkZWxldGUiOjM2MDAwMDAwMDAwMDAsInVwZGF0ZSI6NDgwMDAwMDAwMDAwMH0sInNjaGVtYV92ZXJzaW9uIjoiMiJ9",
          "dependencies": [
            "data.aws_availability_zones.available",
            "module.rds.aws_cloudwatch_log_group.postgresql",
            "module.rds.aws_db_parameter_group.postgres",
            "module.rds.aws_db_subnet_group.main",
            "module.rds.aws_iam_role.rds_monitoring",
            "module.rds.aws_kms_key.rds",
            "module.security_groups.aws_security_group.rds",
            "module.vpc.aws_subnet.private",
            "module.vpc.aws_vpc.main"
          ]
        }
      ]
    },
    {
      "module": "module.rds",
      "mode": "managed",
      "type": "aws_db_parameter_group",
      "name": "postgres",
      "provider": "provider[\"registry.terraform.io/hashicorp/aws\"]",
      "instances": [
        {
          "schema_version": 0,
          "attributes": {
            "arn": "arn:aws:rds:ap-southeast-1:711387107956:pg:observability-platform-dev-postgres-params",
            "description": "Managed by Terraform",
            "family": "postgres16",
            "id": "observability-platform-dev-postgres-params",
            "name": "observability-platform-dev-postgres-params",
            "name_prefix": "",
            "parameter": [
              {
                "apply_method": "immediate",
                "name": "log_connections",
                "value": "1"
              },
              {
                "apply_method": "immediate",
                "name": "log_disconnections",
                "value": "1"
              },
              {
                "apply_method": "immediate",
                "name": "log_duration",
                "value": "1"
              },
              {
                "apply_method": "pending-reboot",
                "name": "shared_preload_libraries",
                "value": "pg_stat_statements"
              }
            ],
            "skip_destroy": false,
            "tags": {
              "Name": "observability-platform-dev-postgres-params"
            },
            "tags_all": {
              "Environment": "dev",
              "ManagedBy": "Terraform",
              "Name": "observability-platform-dev-postgres-params",
              "Project": "observability-platform"
            }
          },
          "sensitive_attributes": [],
          "identity_schema_version": 0,
          "private": "bnVsbA=="
        }
      ]
    },
    {
      "module": "module.rds",
      "mode": "managed",
      "type": "aws_db_subnet_group",
      "name": "main",
      "provider": "provider[\"registry.terraform.io/hashicorp/aws\"]",
      "instances": [
        {
          "schema_version": 0,
          "attributes": {
            "arn": "arn:aws:rds:ap-southeast-1:711387107956:subgrp:observability-platform-dev-rds-subnet-group",
            "description": "Managed by Terraform",
            "id": "observability-platform-dev-rds-subnet-group",
            "name": "observability-platform-dev-rds-subnet-group",
            "name_prefix": "",
            "subnet_ids": [
              "subnet-0039023fed1441da7",
              "subnet-01e9ffa2fadbf9e42",
              "subnet-0ae7ddcac23915574"
            ],
            "supported_network_types": [
              "IPV4"
            ],
            "tags": {
              "Name": "observability-platform-dev-rds-subnet-group"
            },
            "tags_all": {
              "Environment": "dev",
              "ManagedBy": "Terraform",
              "Name": "observability-platform-dev-rds-subnet-group",
              "Project": "observability-platform"
            },
            "vpc_id": "vpc-09ea04bebf9fca5da"
          },
          "sensitive_attributes": [],
          "identity_schema_version": 0,
          "private": "bnVsbA==",
          "dependencies": [
            "data.aws_availability_zones.available",
            "module.vpc.aws_subnet.private",
            "module.vpc.aws_vpc.main"
          ]
        }
      ]
    },
    {
      "module": "module.rds",
      "mode": "managed",
      "type": "aws_iam_role",
      "name": "rds_monitoring",
      "provider": "provider[\"registry.terraform.io/hashicorp/aws\"]",
      "instances": [
        {
          "schema_version": 0,
          "attributes": {
            "arn": "arn:aws:iam::711387107956:role/observability-platform-dev-rds-monitoring-role",
            "assume_role_policy": "{\"Statement\":[{\"Action\":\"sts:AssumeRole\",\"Effect\":\"Allow\",\"Principal\":{\"Service\":\"monitoring.rds.amazonaws.com\"}}],\"Version\":\"2012-10-17\"}",
            "create_date": "2025-10-29T17:18:16Z",
            "description": "",
            "force_detach_policies": false,
            "id": "observability-platform-dev-rds-monitoring-role",
            "inline_policy": [],
            "managed_policy_arns": [
              "arn:aws:iam::aws:policy/service-role/AmazonRDSEnhancedMonitoringRole"
            ],
            "max_session_duration": 3600,
            "name": "observability-platform-dev-rds-monitoring-role",
            "name_prefix": "",
            "path": "/",
            "permissions_boundary": "",
            "tags": {
              "Name": "observability-platform-dev-rds-monitoring-role"
            },
            "tags_all": {
              "Environment": "dev",
              "ManagedBy": "Terraform",
              "Name": "observability-platform-dev-rds-monitoring-role",
              "Project": "observability-platform"
            },
            "unique_id": "AROA2LIPZ2J2KVEXFKA3P"
          },
          "sensitive_attributes": [],
          "identity_schema_version": 0,
          "private": "bnVsbA=="
        }
      ]
    },
    {
      "module": "module.rds",
      "mode": "managed",
      "type": "aws_iam_role_policy_attachment",
      "name": "rds_monitoring",
      "provider": "provider[\"registry.terraform.io/hashicorp/aws\"]",
      "instances": [
        {
          "schema_version": 0,
          "attributes": {
            "id": "observability-platform-dev-rds-monitoring-role-20251029171818121900000003",
            "policy_arn": "arn:aws:iam::aws:policy/service-role/AmazonRDSEnhancedMonitoringRole",
            "role": "observability-platform-dev-rds-monitoring-role"
          },
          "sensitive_attributes": [],
          "identity_schema_version": 0,
          "private": "bnVsbA==",
          "dependencies": [
            "module.rds.aws_iam_role.rds_monitoring"
          ]
        }
      ]
    },
    {
      "module": "module.rds",
      "mode": "managed",
      "type": "aws_kms_alias",
      "name": "rds",
      "provider": "provider[\"registry.terraform.io/hashicorp/aws\"]",
      "instances": [
        {
          "schema_version": 0,
          "attributes": {
            "arn": "arn:aws:kms:ap-southeast-1:711387107956:alias/observability-platform-dev-rds",
            "id": "alias/observability-platform-dev-rds",
            "name": "alias/observability-platform-dev-rds",
            "name_prefix": "",
            "target_key_arn": "arn:aws:kms:ap-southeast-1:711387107956:key/f64dd0bf-35da-4653-93a9-dd7ccc5f2dd2",
            "target_key_id": "f64dd0bf-35da-4653-93a9-dd7ccc5f2dd2"
          },
          "sensitive_attributes": [],
          "identity_schema_version": 0,
          "private": "bnVsbA==",
          "dependencies": [
            "module.rds.aws_kms_key.rds"
          ]
        }
      ]
    },
    {
      "module": "module.rds",
      "mode": "managed",
      "type": "aws_kms_key",
      "name": "rds",
      "provider": "provider[\"registry.terraform.io/hashicorp/aws\"]",
      "instances": [
        {
          "schema_version": 0,
          "attributes": {
            "arn": "arn:aws:kms:ap-southeast-1:711387107956:key/f64dd0bf-35da-4653-93a9-dd7ccc5f2dd2",
            "bypass_policy_lockout_safety_check": false,
            "custom_key_store_id": "",
            "customer_master_key_spec": "SYMMETRIC_DEFAULT",
            "deletion_window_in_days": 7,
            "description": "KMS key for RDS encryption",
            "enable_key_rotation": false,
            "id": "f64dd0bf-35da-4653-93a9-dd7ccc5f2dd2",
            "is_enabled": true,
            "key_id": "f64dd0bf-35da-4653-93a9-dd7ccc5f2dd2",
            "key_usage": "ENCRYPT_DECRYPT",
            "multi_region": false,
            "policy": "{\"Id\":\"key-default-1\",\"Statement\":[{\"Action\":\"kms:*\",\"Effect\":\"Allow\",\"Principal\":{\"AWS\":\"arn:aws:iam::711387107956:root\"},\"Resource\":\"*\",\"Sid\":\"Enable IAM User Permissions\"}],\"Version\":\"2012-10-17\"}",
            "rotation_period_in_days": 0,
            "tags": {
              "Name": "observability-platform-dev-rds-key"
            },
            "tags_all": {
              "Environment": "dev",
              "ManagedBy": "Terraform",
              "Name": "observability-platform-dev-rds-key",
              "Project": "observability-platform"
            },
            "timeouts": null,
            "xks_key_id": ""
          },
          "sensitive_attributes": [],
          "identity_schema_version": 0,
          "private": "eyJlMmJmYjczMC1lY2FhLTExZTYtOGY4OC0zNDM2M2JjN2M0YzAiOnsiY3JlYXRlIjoxMjAwMDAwMDAwMDB9fQ=="
        }
      ]
    },
    {
      "module": "module.security_groups",
      "mode": "managed",
      "type": "aws_security_group",
      "name": "clickhouse",
      "provider": "provider[\"registry.terraform.io/hashicorp/aws\"]",
      "instances": [
        {
          "schema_version": 1,
          "attributes": {
            "arn": "arn:aws:ec2:ap-southeast-1:711387107956:security-group/sg-0b93775880a516b9c",
            "description": "Security group for ClickHouse server",
            "egress": [
              {
                "cidr_blocks": [
                  "0.0.0.0/0"
                ],
                "description": "Allow all outbound traffic",
                "from_port": 0,
                "ipv6_cidr_blocks": [],
                "prefix_list_ids": [],
                "protocol": "-1",
                "security_groups": [],
                "self": false,
                "to_port": 0
              }
            ],
            "id": "sg-0b93775880a516b9c",
            "ingress": [
              {
                "cidr_blocks": [
                  "10.0.0.0/16"
                ],
                "description": "ClickHouse HTTP interface",
                "from_port": 8123,
                "ipv6_cidr_blocks": [],
                "prefix_list_ids": [],
                "protocol": "tcp",
                "security_groups": [],
                "self": false,
                "to_port": 8123
              },
              {
                "cidr_blocks": [
                  "10.0.0.0/16"
                ],
                "description": "ClickHouse interserver HTTP",
                "from_port": 9009,
                "ipv6_cidr_blocks": [],
                "prefix_list_ids": [],
                "protocol": "tcp",
                "security_groups": [],
                "self": false,
                "to_port": 9009
              },
              {
                "cidr_blocks": [
                  "10.0.0.0/16"
                ],
                "description": "ClickHouse native protocol",
                "from_port": 9000,
                "ipv6_cidr_blocks": [],
                "prefix_list_ids": [],
                "protocol": "tcp",
                "security_groups": [],
                "self": false,
                "to_port": 9000
              },
              {
                "cidr_blocks": [
                  "10.0.0.0/16"
                ],
                "description": "SSH access",
                "from_port": 22,
                "ipv6_cidr_blocks": [],
                "prefix_list_ids": [],
                "protocol": "tcp",
                "security_groups": [],
                "self": false,
                "to_port": 22
              }
            ],
            "name": "observability-platform-dev-clickhouse-20251029162101893400000013",
            "name_prefix": "observability-platform-dev-clickhouse-",
            "owner_id": "711387107956",
            "revoke_rules_on_delete": false,
            "tags": {
              "Name": "observability-platform-dev-clickhouse-sg"
            },
            "tags_all": {
              "Environment": "dev",
              "ManagedBy": "Terraform",
              "Name": "observability-platform-dev-clickhouse-sg",
              "Project": "observability-platform"
            },
            "timeouts": null,
            "vpc_id": "vpc-09ea04bebf9fca5da"
          },
          "sensitive_attributes": [],
          "identity_schema_version": 0,
          "private": "eyJlMmJmYjczMC1lY2FhLTExZTYtOGY4OC0zNDM2M2JjN2M0YzAiOnsiY3JlYXRlIjo2MDAwMDAwMDAwMDAsImRlbGV0ZSI6OTAwMDAwMDAwMDAwfSwic2NoZW1hX3ZlcnNpb24iOiIxIn0=",
          "dependencies": [
            "module.vpc.aws_vpc.main"
          ],
          "create_before_destroy": true
        }
      ]
    },
    {
      "module": "module.security_groups",
      "mode": "managed",
      "type": "aws_security_group",
      "name": "eks_additional",
      "provider": "provider[\"registry.terraform.io/hashicorp/aws\"]",
      "instances": [
        {
          "schema_version": 1,
          "attributes": {
            "arn": "arn:aws:ec2:ap-southeast-1:711387107956:security-group/sg-016dde60d3291bc91",
            "description": "Additional security group for EKS cluster communication",
            "egress": [
              {
                "cidr_blocks": [
                  "0.0.0.0/0"
                ],
                "description": "Allow all outbound traffic",
                "from_port": 0,
                "ipv6_cidr_blocks": [],
                "prefix_list_ids": [],
                "protocol": "-1",
                "security_groups": [],
                "self": false,
                "to_port": 0
              },
              {
                "cidr_blocks": [],
                "description": "Allow EKS pods to connect to ClickHouse HTTP",
                "from_port": 8123,
                "ipv6_cidr_blocks": [],
                "prefix_list_ids": [],
                "protocol": "tcp",
                "security_groups": [
                  "sg-0b93775880a516b9c"
                ],
                "self": false,
                "to_port": 8123
              },
              {
                "cidr_blocks": [],
                "description": "Allow EKS pods to connect to ClickHouse native",
                "from_port": 9000,
                "ipv6_cidr_blocks": [],
                "prefix_list_ids": [],
                "protocol": "tcp",
                "security_groups": [
                  "sg-0b93775880a516b9c"
                ],
                "self": false,
                "to_port": 9000
              },
              {
                "cidr_blocks": [],
                "description": "Allow EKS pods to connect to Kafka",
                "from_port": 9092,
                "ipv6_cidr_blocks": [],
                "prefix_list_ids": [],
                "protocol": "tcp",
                "security_groups": [
                  "sg-0f0adc9315339503d"
                ],
                "self": false,
                "to_port": 9098
              },
              {
                "cidr_blocks": [],
                "description": "Allow EKS pods to connect to OpenSearch",
                "from_port": 443,
                "ipv6_cidr_blocks": [],
                "prefix_list_ids": [],
                "protocol": "tcp",
                "security_groups": [
                  "sg-01b739b239277cd04"
                ],
                "self": false,
                "to_port": 443
              },
              {
                "cidr_blocks": [],
                "description": "Allow EKS pods to connect to PostgreSQL",
                "from_port": 5432,
                "ipv6_cidr_blocks": [],
                "prefix_list_ids": [],
                "protocol": "tcp",
                "security_groups": [
                  "sg-03ae66ae92ea9ac77"
                ],
                "self": false,
                "to_port": 5432
              },
              {
                "cidr_blocks": [],
                "description": "Allow EKS pods to send traces to Jaeger",
                "from_port": 14250,
                "ipv6_cidr_blocks": [],
                "prefix_list_ids": [],
                "protocol": "tcp",
                "security_groups": [
                  "sg-004fd0270bd794681"
                ],
                "self": false,
                "to_port": 14250
              }
            ],
            "id": "sg-016dde60d3291bc91",
            "ingress": [],
            "name": "observability-platform-dev-eks-additional-20251029162103795800000016",
            "name_prefix": "observability-platform-dev-eks-additional-",
            "owner_id": "711387107956",
            "revoke_rules_on_delete": false,
            "tags": {
              "Name": "observability-platform-dev-eks-additional-sg"
            },
            "tags_all": {
              "Environment": "dev",
              "ManagedBy": "Terraform",
              "Name": "observability-platform-dev-eks-additional-sg",
              "Project": "observability-platform"
            },
            "timeouts": null,
            "vpc_id": "vpc-09ea04bebf9fca5da"
          },
          "sensitive_attributes": [],
          "identity_schema_version": 0,
          "private": "eyJlMmJmYjczMC1lY2FhLTExZTYtOGY4OC0zNDM2M2JjN2M0YzAiOnsiY3JlYXRlIjo2MDAwMDAwMDAwMDAsImRlbGV0ZSI6OTAwMDAwMDAwMDAwfSwic2NoZW1hX3ZlcnNpb24iOiIxIn0=",
          "dependencies": [
            "module.security_groups.aws_security_group.clickhouse",
            "module.security_groups.aws_security_group.jaeger",
            "module.security_groups.aws_security_group.msk",
            "module.security_groups.aws_security_group.opensearch",
            "module.security_groups.aws_security_group.rds",
            "module.vpc.aws_vpc.main"
          ],
          "create_before_destroy": true
        }
      ]
    },
    {
      "module": "module.security_groups",
      "mode": "managed",
      "type": "aws_security_group",
      "name": "jaeger",
      "provider": "provider[\"registry.terraform.io/hashicorp/aws\"]",
      "instances": [
        {
          "schema_version": 1,
          "attributes": {
            "arn": "arn:aws:ec2:ap-southeast-1:711387107956:security-group/sg-004fd0270bd794681",
            "description": "Security group for Jaeger Collector",
            "egress": [
              {
                "cidr_blocks": [
                  "0.0.0.0/0"
                ],
                "description": "Allow all outbound traffic",
                "from_port": 0,
                "ipv6_cidr_blocks": [],
                "prefix_list_ids": [],
                "protocol": "-1",
                "security_groups": [],
                "self": false,
                "to_port": 0
              }
            ],
            "id": "sg-004fd0270bd794681",
            "ingress": [
              {
                "cidr_blocks": [
                  "10.0.0.0/16"
                ],
                "description": "Jaeger Admin port",
                "from_port": 14269,
                "ipv6_cidr_blocks": [],
                "prefix_list_ids": [],
                "protocol": "tcp",
                "security_groups": [],
                "self": false,
                "to_port": 14269
              },
              {
                "cidr_blocks": [
                  "10.0.0.0/16"
                ],
                "description": "Jaeger Collector HTTP",
                "from_port": 14268,
                "ipv6_cidr_blocks": [],
                "prefix_list_ids": [],
                "protocol": "tcp",
                "security_groups": [],
                "self": false,
                "to_port": 14268
              },
              {
                "cidr_blocks": [
                  "10.0.0.0/16"
                ],
                "description": "Jaeger Collector gRPC",
                "from_port": 14250,
                "ipv6_cidr_blocks": [],
                "prefix_list_ids": [],
                "protocol": "tcp",
                "security_groups": [],
                "self": false,
                "to_port": 14250
              },
              {
                "cidr_blocks": [
                  "10.0.0.0/16"
                ],
                "description": "SSH access",
                "from_port": 22,
                "ipv6_cidr_blocks": [],
                "prefix_list_ids": [],
                "protocol": "tcp",
                "security_groups": [],
                "self": false,
                "to_port": 22
              },
              {
                "cidr_blocks": [
                  "10.0.0.0/16"
                ],
                "description": "Zipkin compatible endpoint",
                "from_port": 9411,
                "ipv6_cidr_blocks": [],
                "prefix_list_ids": [],
                "protocol": "tcp",
                "security_groups": [],
                "self": false,
                "to_port": 9411
              }
            ],
            "name": "observability-platform-dev-jaeger-20251029162101861000000012",
            "name_prefix": "observability-platform-dev-jaeger-",
            "owner_id": "711387107956",
            "revoke_rules_on_delete": false,
            "tags": {
              "Name": "observability-platform-dev-jaeger-sg"
            },
            "tags_all": {
              "Environment": "dev",
              "ManagedBy": "Terraform",
              "Name": "observability-platform-dev-jaeger-sg",
              "Project": "observability-platform"
            },
            "timeouts": null,
            "vpc_id": "vpc-09ea04bebf9fca5da"
          },
          "sensitive_attributes": [],
          "identity_schema_version": 0,
          "private": "eyJlMmJmYjczMC1lY2FhLTExZTYtOGY4OC0zNDM2M2JjN2M0YzAiOnsiY3JlYXRlIjo2MDAwMDAwMDAwMDAsImRlbGV0ZSI6OTAwMDAwMDAwMDAwfSwic2NoZW1hX3ZlcnNpb24iOiIxIn0=",
          "dependencies": [
            "module.vpc.aws_vpc.main"
          ],
          "create_before_destroy": true
        }
      ]
    },
    {
      "module": "module.security_groups",
      "mode": "managed",
      "type": "aws_security_group",
      "name": "msk",
      "provider": "provider[\"registry.terraform.io/hashicorp/aws\"]",
      "instances": [
        {
          "schema_version": 1,
          "attributes": {
            "arn": "arn:aws:ec2:ap-southeast-1:711387107956:security-group/sg-0f0adc9315339503d",
            "description": "Security group for MSK Kafka cluster",
            "egress": [
              {
                "cidr_blocks": [
                  "0.0.0.0/0"
                ],
                "description": "Allow all outbound traffic",
                "from_port": 0,
                "ipv6_cidr_blocks": [],
                "prefix_list_ids": [],
                "protocol": "-1",
                "security_groups": [],
                "self": false,
                "to_port": 0
              }
            ],
            "id": "sg-0f0adc9315339503d",
            "ingress": [
              {
                "cidr_blocks": [
                  "10.0.0.0/16"
                ],
                "description": "JMX Exporter",
                "from_port": 11001,
                "ipv6_cidr_blocks": [],
                "prefix_list_ids": [],
                "protocol": "tcp",
                "security_groups": [],
                "self": false,
                "to_port": 11001
              },
              {
                "cidr_blocks": [
                  "10.0.0.0/16"
                ],
                "description": "Kafka IAM",
                "from_port": 9098,
                "ipv6_cidr_blocks": [],
                "prefix_list_ids": [],
                "protocol": "tcp",
                "security_groups": [],
                "self": false,
                "to_port": 9098
              },
              {
                "cidr_blocks": [
                  "10.0.0.0/16"
                ],
                "description": "Kafka SASL/SCRAM",
                "from_port": 9096,
                "ipv6_cidr_blocks": [],
                "prefix_list_ids": [],
                "protocol": "tcp",
                "security_groups": [],
                "self": false,
                "to_port": 9096
              },
              {
                "cidr_blocks": [
                  "10.0.0.0/16"
                ],
                "description": "Kafka TLS",
                "from_port": 9094,
                "ipv6_cidr_blocks": [],
                "prefix_list_ids": [],
                "protocol": "tcp",
                "security_groups": [],
                "self": false,
                "to_port": 9094
              },
              {
                "cidr_blocks": [
                  "10.0.0.0/16"
                ],
                "description": "Kafka plaintext",
                "from_port": 9092,
                "ipv6_cidr_blocks": [],
                "prefix_list_ids": [],
                "protocol": "tcp",
                "security_groups": [],
                "self": false,
                "to_port": 9092
              },
              {
                "cidr_blocks": [
                  "10.0.0.0/16"
                ],
                "description": "Node Exporter",
                "from_port": 11002,
                "ipv6_cidr_blocks": [],
                "prefix_list_ids": [],
                "protocol": "tcp",
                "security_groups": [],
                "self": false,
                "to_port": 11002
              },
              {
                "cidr_blocks": [
                  "10.0.0.0/16"
                ],
                "description": "Zookeeper TLS",
                "from_port": 2182,
                "ipv6_cidr_blocks": [],
                "prefix_list_ids": [],
                "protocol": "tcp",
                "security_groups": [],
                "self": false,
                "to_port": 2182
              },
              {
                "cidr_blocks": [
                  "10.0.0.0/16"
                ],
                "description": "Zookeeper",
                "from_port": 2181,
                "ipv6_cidr_blocks": [],
                "prefix_list_ids": [],
                "protocol": "tcp",
                "security_groups": [],
                "self": false,
                "to_port": 2181
              }
            ],
            "name": "observability-platform-dev-msk-20251029162101804400000011",
            "name_prefix": "observability-platform-dev-msk-",
            "owner_id": "711387107956",
            "revoke_rules_on_delete": false,
            "tags": {
              "Name": "observability-platform-dev-msk-sg"
            },
            "tags_all": {
              "Environment": "dev",
              "ManagedBy": "Terraform",
              "Name": "observability-platform-dev-msk-sg",
              "Project": "observability-platform"
            },
            "timeouts": null,
            "vpc_id": "vpc-09ea04bebf9fca5da"
          },
          "sensitive_attributes": [],
          "identity_schema_version": 0,
          "private": "eyJlMmJmYjczMC1lY2FhLTExZTYtOGY4OC0zNDM2M2JjN2M0YzAiOnsiY3JlYXRlIjo2MDAwMDAwMDAwMDAsImRlbGV0ZSI6OTAwMDAwMDAwMDAwfSwic2NoZW1hX3ZlcnNpb24iOiIxIn0=",
          "dependencies": [
            "module.vpc.aws_vpc.main"
          ],
          "create_before_destroy": true
        }
      ]
    },
    {
      "module": "module.security_groups",
      "mode": "managed",
      "type": "aws_security_group",
      "name": "opensearch",
      "provider": "provider[\"registry.terraform.io/hashicorp/aws\"]",
      "instances": [
        {
          "schema_version": 1,
          "attributes": {
            "arn": "arn:aws:ec2:ap-southeast-1:711387107956:security-group/sg-01b739b239277cd04",
            "description": "Security group for OpenSearch",
            "egress": [
              {
                "cidr_blocks": [
                  "0.0.0.0/0"
                ],
                "description": "Allow all outbound traffic",
                "from_port": 0,
                "ipv6_cidr_blocks": [],
                "prefix_list_ids": [],
                "protocol": "-1",
                "security_groups": [],
                "self": false,
                "to_port": 0
              }
            ],
            "id": "sg-01b739b239277cd04",
            "ingress": [
              {
                "cidr_blocks": [
                  "10.0.0.0/16"
                ],
                "description": "OpenSearch HTTPS",
                "from_port": 443,
                "ipv6_cidr_blocks": [],
                "prefix_list_ids": [],
                "protocol": "tcp",
                "security_groups": [],
                "self": false,
                "to_port": 443
              }
            ],
            "name": "observability-platform-dev-opensearch-20251029162101272500000010",
            "name_prefix": "observability-platform-dev-opensearch-",
            "owner_id": "711387107956",
            "revoke_rules_on_delete": false,
            "tags": {
              "Name": "observability-platform-dev-opensearch-sg"
            },
            "tags_all": {
              "Environment": "dev",
              "ManagedBy": "Terraform",
              "Name": "observability-platform-dev-opensearch-sg",
              "Project": "observability-platform"
            },
            "timeouts": null,
            "vpc_id": "vpc-09ea04bebf9fca5da"
          },
          "sensitive_attributes": [],
          "identity_schema_version": 0,
          "private": "eyJlMmJmYjczMC1lY2FhLTExZTYtOGY4OC0zNDM2M2JjN2M0YzAiOnsiY3JlYXRlIjo2MDAwMDAwMDAwMDAsImRlbGV0ZSI6OTAwMDAwMDAwMDAwfSwic2NoZW1hX3ZlcnNpb24iOiIxIn0=",
          "dependencies": [
            "module.vpc.aws_vpc.main"
          ],
          "create_before_destroy": true
        }
      ]
    },
    {
      "module": "module.security_groups",
      "mode": "managed",
      "type": "aws_security_group",
      "name": "rds",
      "provider": "provider[\"registry.terraform.io/hashicorp/aws\"]",
      "instances": [
        {
          "schema_version": 1,
          "attributes": {
            "arn": "arn:aws:ec2:ap-southeast-1:711387107956:security-group/sg-03ae66ae92ea9ac77",
            "description": "Security group for RDS PostgreSQL",
            "egress": [
              {
                "cidr_blocks": [
                  "0.0.0.0/0"
                ],
                "description": "Allow all outbound traffic",
                "from_port": 0,
                "ipv6_cidr_blocks": [],
                "prefix_list_ids": [],
                "protocol": "-1",
                "security_groups": [],
                "self": false,
                "to_port": 0
              }
            ],
            "id": "sg-03ae66ae92ea9ac77",
            "ingress": [
              {
                "cidr_blocks": [
                  "10.0.0.0/16"
                ],
                "description": "PostgreSQL access from VPC",
                "from_port": 5432,
                "ipv6_cidr_blocks": [],
                "prefix_list_ids": [],
                "protocol": "tcp",
                "security_groups": [],
                "self": false,
                "to_port": 5432
              }
            ],
            "name": "observability-platform-dev-rds-20251029171815847700000001",
            "name_prefix": "observability-platform-dev-rds-",
            "owner_id": "711387107956",
            "revoke_rules_on_delete": false,
            "tags": {
              "Name": "observability-platform-dev-rds-sg"
            },
            "tags_all": {
              "Environment": "dev",
              "ManagedBy": "Terraform",
              "Name": "observability-platform-dev-rds-sg",
              "Project": "observability-platform"
            },
            "timeouts": null,
            "vpc_id": "vpc-09ea04bebf9fca5da"
          },
          "sensitive_attributes": [],
          "identity_schema_version": 0,
          "private": "eyJlMmJmYjczMC1lY2FhLTExZTYtOGY4OC0zNDM2M2JjN2M0YzAiOnsiY3JlYXRlIjo2MDAwMDAwMDAwMDAsImRlbGV0ZSI6OTAwMDAwMDAwMDAwfSwic2NoZW1hX3ZlcnNpb24iOiIxIn0=",
          "dependencies": [
            "module.vpc.aws_vpc.main"
          ],
          "create_before_destroy": true
        }
      ]
    },
    {
      "module": "module.vpc",
      "mode": "managed",
      "type": "aws_cloudwatch_log_group",
      "name": "vpc_flow_log",
      "provider": "provider[\"registry.terraform.io/hashicorp/aws\"]",
      "instances": [
        {
          "schema_version": 0,
          "attributes": {
            "arn": "arn:aws:logs:ap-southeast-1:711387107956:log-group:/aws/vpc/observability-platform-dev",
            "id": "/aws/vpc/observability-platform-dev",
            "kms_key_id": "",
            "log_group_class": "STANDARD",
            "name": "/aws/vpc/observability-platform-dev",
            "name_prefix": "",
            "retention_in_days": 7,
            "skip_destroy": false,
            "tags": {
              "Name": "observability-platform-dev-vpc-flow-log"
            },
            "tags_all": {
              "Environment": "dev",
              "ManagedBy": "Terraform",
              "Name": "observability-platform-dev-vpc-flow-log",
              "Project": "observability-platform"
            }
          },
          "sensitive_attributes": [],
          "identity_schema_version": 0,
          "private": "bnVsbA=="
        }
      ]
    },
    {
      "module": "module.vpc",
      "mode": "managed",
      "type": "aws_eip",
      "name": "nat",
      "provider": "provider[\"registry.terraform.io/hashicorp/aws\"]",
      "instances": [
        {
          "index_key": 0,
          "schema_version": 0,
          "attributes": {
            "address": null,
            "allocation_id": "eipalloc-084404ed8409f423c",
            "arn": "arn:aws:ec2:ap-southeast-1:711387107956:elastic-ip/eipalloc-084404ed8409f423c",
            "associate_with_private_ip": null,
            "association_id": "eipassoc-0fa9d5e3a0f871ff4",
            "carrier_ip": "",
            "customer_owned_ip": "",
            "customer_owned_ipv4_pool": "",
            "domain": "vpc",
            "id": "eipalloc-084404ed8409f423c",
            "instance": "",
            "ipam_pool_id": null,
            "network_border_group": "ap-southeast-1",
            "network_interface": "eni-0ce8be6bf1d4a3cc0",
            "private_dns": "ip-10-0-1-105.ap-southeast-1.compute.internal",
            "private_ip": "10.0.1.105",
            "ptr_record": "",
            "public_dns": "ec2-54-255-109-176.ap-southeast-1.compute.amazonaws.com",
            "public_ip": "54.255.109.176",
            "public_ipv4_pool": "amazon",
            "tags": {
              "Name": "observability-platform-dev-nat-eip-1"
            },
            "tags_all": {
              "Environment": "dev",
              "ManagedBy": "Terraform",
              "Name": "observability-platform-dev-nat-eip-1",
              "Project": "observability-platform"
            },
            "timeouts": null,
            "vpc": true
          },
          "sensitive_attributes": [],
          "identity_schema_version": 0,
          "private": "eyJlMmJmYjczMC1lY2FhLTExZTYtOGY4OC0zNDM2M2JjN2M0YzAiOnsiZGVsZXRlIjoxODAwMDAwMDAwMDAsInJlYWQiOjkwMDAwMDAwMDAwMCwidXBkYXRlIjozMDAwMDAwMDAwMDB9fQ==",
          "dependencies": [
            "module.vpc.aws_internet_gateway.main",
            "module.vpc.aws_vpc.main"
          ]
        },
        {
          "index_key": 1,
          "schema_version": 0,
          "attributes": {
            "address": null,
            "allocation_id": "eipalloc-0097dcb068862c323",
            "arn": "arn:aws:ec2:ap-southeast-1:711387107956:elastic-ip/eipalloc-0097dcb068862c323",
            "associate_with_private_ip": null,
            "association_id": "eipassoc-0bd7d150898186877",
            "carrier_ip": "",
            "customer_owned_ip": "",
            "customer_owned_ipv4_pool": "",
            "domain": "vpc",
            "id": "eipalloc-0097dcb068862c323",
            "instance": "",
            "ipam_pool_id": null,
            "network_border_group": "ap-southeast-1",
            "network_interface": "eni-0d682396633c255d7",
            "private_dns": "ip-10-0-2-169.ap-southeast-1.compute.internal",
            "private_ip": "10.0.2.169",
            "ptr_record": "",
            "public_dns": "ec2-18-142-216-240.ap-southeast-1.compute.amazonaws.com",
            "public_ip": "18.142.216.240",
            "public_ipv4_pool": "amazon",
            "tags": {
              "Name": "observability-platform-dev-nat-eip-2"
            },
            "tags_all": {
              "Environment": "dev",
              "ManagedBy": "Terraform",
              "Name": "observability-platform-dev-nat-eip-2",
              "Project": "observability-platform"
            },
            "timeouts": null,
            "vpc": true
          },
          "sensitive_attributes": [],
          "identity_schema_version": 0,
          "private": "eyJlMmJmYjczMC1lY2FhLTExZTYtOGY4OC0zNDM2M2JjN2M0YzAiOnsiZGVsZXRlIjoxODAwMDAwMDAwMDAsInJlYWQiOjkwMDAwMDAwMDAwMCwidXBkYXRlIjozMDAwMDAwMDAwMDB9fQ==",
          "dependencies": [
            "module.vpc.aws_internet_gateway.main",
            "module.vpc.aws_vpc.main"
          ]
        },
        {
          "index_key": 2,
          "schema_version": 0,
          "attributes": {
            "address": null,
            "allocation_id": "eipalloc-0b47f26b38d75d02d",
            "arn": "arn:aws:ec2:ap-southeast-1:711387107956:elastic-ip/eipalloc-0b47f26b38d75d02d",
            "associate_with_private_ip": null,
            "association_id": "eipassoc-02834bb8f59c8351b",
            "carrier_ip": "",
            "customer_owned_ip": "",
            "customer_owned_ipv4_pool": "",
            "domain": "vpc",
            "id": "eipalloc-0b47f26b38d75d02d",
            "instance": "",
            "ipam_pool_id": null,
            "network_border_group": "ap-southeast-1",
            "network_interface": "eni-0b55e52304bfa4a71",
            "private_dns": "ip-10-0-3-38.ap-southeast-1.compute.internal",
            "private_ip": "10.0.3.38",
            "ptr_record": "",
            "public_dns": "ec2-13-229-68-166.ap-southeast-1.compute.amazonaws.com",
            "public_ip": "13.229.68.166",
            "public_ipv4_pool": "amazon",
            "tags": {
              "Name": "observability-platform-dev-nat-eip-3"
            },
            "tags_all": {
              "Environment": "dev",
              "ManagedBy": "Terraform",
              "Name": "observability-platform-dev-nat-eip-3",
              "Project": "observability-platform"
            },
            "timeouts": null,
            "vpc": true
          },
          "sensitive_attributes": [],
          "identity_schema_version": 0,
          "private": "eyJlMmJmYjczMC1lY2FhLTExZTYtOGY4OC0zNDM2M2JjN2M0YzAiOnsiZGVsZXRlIjoxODAwMDAwMDAwMDAsInJlYWQiOjkwMDAwMDAwMDAwMCwidXBkYXRlIjozMDAwMDAwMDAwMDB9fQ==",
          "dependencies": [
            "module.vpc.aws_internet_gateway.main",
            "module.vpc.aws_vpc.main"
          ]
        }
      ]
    },
    {
      "module": "module.vpc",
      "mode": "managed",
      "type": "aws_flow_log",
      "name": "main",
      "provider": "provider[\"registry.terraform.io/hashicorp/aws\"]",
      "instances": [
        {
          "schema_version": 0,
          "attributes": {
            "arn": "arn:aws:ec2:ap-southeast-1:711387107956:vpc-flow-log/fl-0387f55eddc753bad",
            "deliver_cross_account_role": "",
            "destination_options": [],
            "eni_id": null,
            "iam_role_arn": "arn:aws:iam::711387107956:role/observability-platform-dev-vpc-flow-log-role",
            "id": "fl-0387f55eddc753bad",
            "log_destination": "arn:aws:logs:ap-southeast-1:711387107956:log-group:/aws/vpc/observability-platform-dev",
            "log_destination_type": "cloud-watch-logs",
            "log_format": "${version} ${account-id} ${interface-id} ${srcaddr} ${dstaddr} ${srcport} ${dstport} ${protocol} ${packets} ${bytes} ${start} ${end} ${action} ${log-status}",
            "log_group_name": "/aws/vpc/observability-platform-dev",
            "max_aggregation_interval": 600,
            "subnet_id": null,
            "tags": {
              "Name": "observability-platform-dev-vpc-flow-log"
            },
            "tags_all": {
              "Environment": "dev",
              "ManagedBy": "Terraform",
              "Name": "observability-platform-dev-vpc-flow-log",
              "Project": "observability-platform"
            },
            "traffic_type": "ALL",
            "transit_gateway_attachment_id": null,
            "transit_gateway_id": null,
            "vpc_id": "vpc-09ea04bebf9fca5da"
          },
          "sensitive_attributes": [],
          "identity_schema_version": 0,
          "private": "bnVsbA==",
          "dependencies": [
            "module.vpc.aws_cloudwatch_log_group.vpc_flow_log",
            "module.vpc.aws_iam_role.vpc_flow_log",
            "module.vpc.aws_vpc.main"
          ]
        }
      ]
    },
    {
      "module": "module.vpc",
      "mode": "managed",
      "type": "aws_iam_role",
      "name": "vpc_flow_log",
      "provider": "provider[\"registry.terraform.io/hashicorp/aws\"]",
      "instances": [
        {
          "schema_version": 0,
          "attributes": {
            "arn": "arn:aws:iam::711387107956:role/observability-platform-dev-vpc-flow-log-role",
            "assume_role_policy": "{\"Statement\":[{\"Action\":\"sts:AssumeRole\",\"Effect\":\"Allow\",\"Principal\":{\"Service\":\"vpc-flow-logs.amazonaws.com\"}}],\"Version\":\"2012-10-17\"}",
            "create_date": "2025-10-29T16:20:50Z",
            "description": "",
            "force_detach_policies": false,
            "id": "observability-platform-dev-vpc-flow-log-role",
            "inline_policy": [
              {
                "name": "observability-platform-dev-vpc-flow-log-policy",
                "policy": "{\"Version\":\"2012-10-17\",\"Statement\":[{\"Action\":[\"logs:CreateLogGroup\",\"logs:CreateLogStream\",\"logs:PutLogEvents\",\"logs:DescribeLogGroups\",\"logs:DescribeLogStreams\"],\"Effect\":\"Allow\",\"Resource\":\"*\"}]}"
              }
            ],
            "managed_policy_arns": [],
            "max_session_duration": 3600,
            "name": "observability-platform-dev-vpc-flow-log-role",
            "name_prefix": "",
            "path": "/",
            "permissions_boundary": "",
            "tags": {
              "Name": "observability-platform-dev-vpc-flow-log-role"
            },
            "tags_all": {
              "Environment": "dev",
              "ManagedBy": "Terraform",
              "Name": "observability-platform-dev-vpc-flow-log-role",
              "Project": "observability-platform"
            },
            "unique_id": "AROA2LIPZ2J2OBIUHZNZY"
          },
          "sensitive_attributes": [],
          "identity_schema_version": 0,
          "private": "bnVsbA=="
        }
      ]
    },
    {
      "module": "module.vpc",
      "mode": "managed",
      "type": "aws_iam_role_policy",
      "name": "vpc_flow_log",
      "provider": "provider[\"registry.terraform.io/hashicorp/aws\"]",
      "instances": [
        {
          "schema_version": 0,
          "attributes": {
            "id": "observability-platform-dev-vpc-flow-log-role:observability-platform-dev-vpc-flow-log-policy",
            "name": "observability-platform-dev-vpc-flow-log-policy",
            "name_prefix": "",
            "policy": "{\"Version\":\"2012-10-17\",\"Statement\":[{\"Action\":[\"logs:CreateLogGroup\",\"logs:CreateLogStream\",\"logs:PutLogEvents\",\"logs:DescribeLogGroups\",\"logs:DescribeLogStreams\"],\"Effect\":\"Allow\",\"Resource\":\"*\"}]}",
            "role": "observability-platform-dev-vpc-flow-log-role"
          },
          "sensitive_attributes": [],
          "identity_schema_version": 0,
          "private": "bnVsbA==",
          "dependencies": [
            "module.vpc.aws_iam_role.vpc_flow_log"
          ]
        }
      ]
    },
    {
      "module": "module.vpc",
      "mode": "managed",
      "type": "aws_internet_gateway",
      "name": "main",
      "provider": "provider[\"registry.terraform.io/hashicorp/aws\"]",
      "instances": [
        {
          "schema_version": 0,
          "attributes": {
            "arn": "arn:aws:ec2:ap-southeast-1:711387107956:internet-gateway/igw-02837aa9a908b2bb2",
            "id": "igw-02837aa9a908b2bb2",
            "owner_id": "711387107956",
            "tags": {
              "Name": "observability-platform-dev-igw"
            },
            "tags_all": {
              "Environment": "dev",
              "ManagedBy": "Terraform",
              "Name": "observability-platform-dev-igw",
              "Project": "observability-platform"
            },
            "timeouts": null,
            "vpc_id": "vpc-09ea04bebf9fca5da"
          },
          "sensitive_attributes": [],
          "identity_schema_version": 0,
          "private": "eyJlMmJmYjczMC1lY2FhLTExZTYtOGY4OC0zNDM2M2JjN2M0YzAiOnsiY3JlYXRlIjoxMjAwMDAwMDAwMDAwLCJkZWxldGUiOjEyMDAwMDAwMDAwMDAsInVwZGF0ZSI6MTIwMDAwMDAwMDAwMH19",
          "dependencies": [
            "module.vpc.aws_vpc.main"
          ]
        }
      ]
    },
    {
      "module": "module.vpc",
      "mode": "managed",
      "type": "aws_nat_gateway",
      "name": "main",
      "provider": "provider[\"registry.terraform.io/hashicorp/aws\"]",
      "instances": [
        {
          "index_key": 0,
          "schema_version": 0,
          "attributes": {
            "allocation_id": "eipalloc-084404ed8409f423c",
            "association_id": "eipassoc-0fa9d5e3a0f871ff4",
            "connectivity_type": "public",
            "id": "nat-0be4db2c6daef15cf",
            "network_interface_id": "eni-0ce8be6bf1d4a3cc0",
            "private_ip": "10.0.1.105",
            "public_ip": "54.255.109.176",
            "secondary_allocation_ids": [],
            "secondary_private_ip_address_count": 0,
            "secondary_private_ip_addresses": [],
            "subnet_id": "subnet-0584e9080cb2aafd8",
            "tags": {
              "Name": "observability-platform-dev-nat-1"
            },
            "tags_all": {
              "Environment": "dev",
              "ManagedBy": "Terraform",
              "Name": "observability-platform-dev-nat-1",
              "Project": "observability-platform"
            },
            "timeouts": null
          },
          "sensitive_attributes": [],
          "identity_schema_version": 0,
          "private": "eyJlMmJmYjczMC1lY2FhLTExZTYtOGY4OC0zNDM2M2JjN2M0YzAiOnsiY3JlYXRlIjo2MDAwMDAwMDAwMDAsImRlbGV0ZSI6MTgwMDAwMDAwMDAwMCwidXBkYXRlIjo2MDAwMDAwMDAwMDB9fQ==",
          "dependencies": [
            "data.aws_availability_zones.available",
            "module.vpc.aws_eip.nat",
            "module.vpc.aws_internet_gateway.main",
            "module.vpc.aws_subnet.public",
            "module.vpc.aws_vpc.main"
          ]
        },
        {
          "index_key": 1,
          "schema_version": 0,
          "attributes": {
            "allocation_id": "eipalloc-0097dcb068862c323",
            "association_id": "eipassoc-0bd7d150898186877",
            "connectivity_type": "public",
            "id": "nat-082da545409792292",
            "network_interface_id": "eni-0d682396633c255d7",
            "private_ip": "10.0.2.169",
            "public_ip": "18.142.216.240",
            "secondary_allocation_ids": [],
            "secondary_private_ip_address_count": 0,
            "secondary_private_ip_addresses": [],
            "subnet_id": "subnet-01c795ba4b070cd78",
            "tags": {
              "Name": "observability-platform-dev-nat-2"
            },
            "tags_all": {
              "Environment": "dev",
              "ManagedBy": "Terraform",
              "Name": "observability-platform-dev-nat-2",
              "Project": "observability-platform"
            },
            "timeouts": null
          },
          "sensitive_attributes": [],
          "identity_schema_version": 0,
          "private": "eyJlMmJmYjczMC1lY2FhLTExZTYtOGY4OC0zNDM2M2JjN2M0YzAiOnsiY3JlYXRlIjo2MDAwMDAwMDAwMDAsImRlbGV0ZSI6MTgwMDAwMDAwMDAwMCwidXBkYXRlIjo2MDAwMDAwMDAwMDB9fQ==",
          "dependencies": [
            "data.aws_availability_zones.available",
            "module.vpc.aws_eip.nat",
            "module.vpc.aws_internet_gateway.main",
            "module.vpc.aws_subnet.public",
            "module.vpc.aws_vpc.main"
          ]
        },
        {
          "index_key": 2,
          "schema_version": 0,
          "attributes": {
            "allocation_id": "eipalloc-0b47f26b38d75d02d",
            "association_id": "eipassoc-02834bb8f59c8351b",
            "connectivity_type": "public",
            "id": "nat-0957f60ff5787cadb",
            "network_interface_id": "eni-0b55e52304bfa4a71",
            "private_ip": "10.0.3.38",
            "public_ip": "13.229.68.166",
            "secondary_allocation_ids": [],
            "secondary_private_ip_address_count": 0,
            "secondary_private_ip_addresses": [],
            "subnet_id": "subnet-0092422a1445ef5ab",
            "tags": {
              "Name": "observability-platform-dev-nat-3"
            },
            "tags_all": {
              "Environment": "dev",
              "ManagedBy": "Terraform",
              "Name": "observability-platform-dev-nat-3",
              "Project": "observability-platform"
            },
            "timeouts": null
          },
          "sensitive_attributes": [],
          "identity_schema_version": 0,
          "private": "eyJlMmJmYjczMC1lY2FhLTExZTYtOGY4OC0zNDM2M2JjN2M0YzAiOnsiY3JlYXRlIjo2MDAwMDAwMDAwMDAsImRlbGV0ZSI6MTgwMDAwMDAwMDAwMCwidXBkYXRlIjo2MDAwMDAwMDAwMDB9fQ==",
          "dependencies": [
            "data.aws_availability_zones.available",
            "module.vpc.aws_eip.nat",
            "module.vpc.aws_internet_gateway.main",
            "module.vpc.aws_subnet.public",
            "module.vpc.aws_vpc.main"
          ]
        }
      ]
    },
    {
      "module": "module.vpc",
      "mode": "managed",
      "type": "aws_route_table",
      "name": "private",
      "provider": "provider[\"registry.terraform.io/hashicorp/aws\"]",
      "instances": [
        {
          "index_key": 0,
          "schema_version": 0,
          "attributes": {
            "arn": "arn:aws:ec2:ap-southeast-1:711387107956:route-table/rtb-0b01b0e25a45bbeb2",
            "id": "rtb-0b01b0e25a45bbeb2",
            "owner_id": "711387107956",
            "propagating_vgws": [],
            "route": [
              {
                "carrier_gateway_id": "",
                "cidr_block": "0.0.0.0/0",
                "core_network_arn": "",
                "destination_prefix_list_id": "",
                "egress_only_gateway_id": "",
                "gateway_id": "",
                "ipv6_cidr_block": "",
                "local_gateway_id": "",
                "nat_gateway_id": "nat-0be4db2c6daef15cf",
                "network_interface_id": "",
                "transit_gateway_id": "",
                "vpc_endpoint_id": "",
                "vpc_peering_connection_id": ""
              }
            ],
            "tags": {
              "Name": "observability-platform-dev-private-rt-1"
            },
            "tags_all": {
              "Environment": "dev",
              "ManagedBy": "Terraform",
              "Name": "observability-platform-dev-private-rt-1",
              "Project": "observability-platform"
            },
            "timeouts": null,
            "vpc_id": "vpc-09ea04bebf9fca5da"
          },
          "sensitive_attributes": [],
          "identity_schema_version": 0,
          "private": "eyJlMmJmYjczMC1lY2FhLTExZTYtOGY4OC0zNDM2M2JjN2M0YzAiOnsiY3JlYXRlIjozMDAwMDAwMDAwMDAsImRlbGV0ZSI6MzAwMDAwMDAwMDAwLCJ1cGRhdGUiOjEyMDAwMDAwMDAwMH19",
          "dependencies": [
            "data.aws_availability_zones.available",
            "module.vpc.aws_eip.nat",
            "module.vpc.aws_internet_gateway.main",
            "module.vpc.aws_nat_gateway.main",
            "module.vpc.aws_subnet.public",
            "module.vpc.aws_vpc.main"
          ]
        },
        {
          "index_key": 1,
          "schema_version": 0,
          "attributes": {
            "arn": "arn:aws:ec2:ap-southeast-1:711387107956:route-table/rtb-0bcedd1c92f39ba7b",
            "id": "rtb-0bcedd1c92f39ba7b",
            "owner_id": "711387107956",
            "propagating_vgws": [],
            "route": [
              {
                "carrier_gateway_id": "",
                "cidr_block": "0.0.0.0/0",
                "core_network_arn": "",
                "destination_prefix_list_id": "",
                "egress_only_gateway_id": "",
                "gateway_id": "",
                "ipv6_cidr_block": "",
                "local_gateway_id": "",
                "nat_gateway_id": "nat-082da545409792292",
                "network_interface_id": "",
                "transit_gateway_id": "",
                "vpc_endpoint_id": "",
                "vpc_peering_connection_id": ""
              }
            ],
            "tags": {
              "Name": "observability-platform-dev-private-rt-2"
            },
            "tags_all": {
              "Environment": "dev",
              "ManagedBy": "Terraform",
              "Name": "observability-platform-dev-private-rt-2",
              "Project": "observability-platform"
            },
            "timeouts": null,
            "vpc_id": "vpc-09ea04bebf9fca5da"
          },
          "sensitive_attributes": [],
          "identity_schema_version": 0,
          "private": "eyJlMmJmYjczMC1lY2FhLTExZTYtOGY4OC0zNDM2M2JjN2M0YzAiOnsiY3JlYXRlIjozMDAwMDAwMDAwMDAsImRlbGV0ZSI6MzAwMDAwMDAwMDAwLCJ1cGRhdGUiOjEyMDAwMDAwMDAwMH19",
          "dependencies": [
            "data.aws_availability_zones.available",
            "module.vpc.aws_eip.nat",
            "module.vpc.aws_internet_gateway.main",
            "module.vpc.aws_nat_gateway.main",
            "module.vpc.aws_subnet.public",
            "module.vpc.aws_vpc.main"
          ]
        },
        {
          "index_key": 2,
          "schema_version": 0,
          "attributes": {
            "arn": "arn:aws:ec2:ap-southeast-1:711387107956:route-table/rtb-0eccbd2fe4bd42b45",
            "id": "rtb-0eccbd2fe4bd42b45",
            "owner_id": "711387107956",
            "propagating_vgws": [],
            "route": [
              {
                "carrier_gateway_id": "",
                "cidr_block": "0.0.0.0/0",
                "core_network_arn": "",
                "destination_prefix_list_id": "",
                "egress_only_gateway_id": "",
                "gateway_id": "",
                "ipv6_cidr_block": "",
                "local_gateway_id": "",
                "nat_gateway_id": "nat-0957f60ff5787cadb",
                "network_interface_id": "",
                "transit_gateway_id": "",
                "vpc_endpoint_id": "",
                "vpc_peering_connection_id": ""
              }
            ],
            "tags": {
              "Name": "observability-platform-dev-private-rt-3"
            },
            "tags_all": {
              "Environment": "dev",
              "ManagedBy": "Terraform",
              "Name": "observability-platform-dev-private-rt-3",
              "Project": "observability-platform"
            },
            "timeouts": null,
            "vpc_id": "vpc-09ea04bebf9fca5da"
          },
          "sensitive_attributes": [],
          "identity_schema_version": 0,
          "private": "eyJlMmJmYjczMC1lY2FhLTExZTYtOGY4OC0zNDM2M2JjN2M0YzAiOnsiY3JlYXRlIjozMDAwMDAwMDAwMDAsImRlbGV0ZSI6MzAwMDAwMDAwMDAwLCJ1cGRhdGUiOjEyMDAwMDAwMDAwMH19",
          "dependencies": [
            "data.aws_availability_zones.available",
            "module.vpc.aws_eip.nat",
            "module.vpc.aws_internet_gateway.main",
            "module.vpc.aws_nat_gateway.main",
            "module.vpc.aws_subnet.public",
            "module.vpc.aws_vpc.main"
          ]
        }
      ]
    },
    {
      "module": "module.vpc",
      "mode": "managed",
      "type": "aws_route_table",
      "name": "public",
      "provider": "provider[\"registry.terraform.io/hashicorp/aws\"]",
      "instances": [
        {
          "schema_version": 0,
          "attributes": {
            "arn": "arn:aws:ec2:ap-southeast-1:711387107956:route-table/rtb-0b590dcb5028fc5a7",
            "id": "rtb-0b590dcb5028fc5a7",
            "owner_id": "711387107956",
            "propagating_vgws": [],
            "route": [
              {
                "carrier_gateway_id": "",
                "cidr_block": "0.0.0.0/0",
                "core_network_arn": "",
                "destination_prefix_list_id": "",
                "egress_only_gateway_id": "",
                "gateway_id": "igw-02837aa9a908b2bb2",
                "ipv6_cidr_block": "",
                "local_gateway_id": "",
                "nat_gateway_id": "",
                "network_interface_id": "",
                "transit_gateway_id": "",
                "vpc_endpoint_id": "",
                "vpc_peering_connection_id": ""
              }
            ],
            "tags": {
              "Name": "observability-platform-dev-public-rt"
            },
            "tags_all": {
              "Environment": "dev",
              "ManagedBy": "Terraform",
              "Name": "observability-platform-dev-public-rt",
              "Project": "observability-platform"
            },
            "timeouts": null,
            "vpc_id": "vpc-09ea04bebf9fca5da"
          },
          "sensitive_attributes": [],
          "identity_schema_version": 0,
          "private": "eyJlMmJmYjczMC1lY2FhLTExZTYtOGY4OC0zNDM2M2JjN2M0YzAiOnsiY3JlYXRlIjozMDAwMDAwMDAwMDAsImRlbGV0ZSI6MzAwMDAwMDAwMDAwLCJ1cGRhdGUiOjEyMDAwMDAwMDAwMH19",
          "dependencies": [
            "module.vpc.aws_internet_gateway.main",
            "module.vpc.aws_vpc.main"
          ]
        }
      ]
    },
    {
      "module": "module.vpc",
      "mode": "managed",
      "type": "aws_route_table_association",
      "name": "private",
      "provider": "provider[\"registry.terraform.io/hashicorp/aws\"]",
      "instances": [
        {
          "index_key": 0,
          "schema_version": 0,
          "attributes": {
            "gateway_id": "",
            "id": "rtbassoc-05f175f5ff8fe688a",
            "route_table_id": "rtb-0b01b0e25a45bbeb2",
            "subnet_id": "subnet-0ae7ddcac23915574",
            "timeouts": null
          },
          "sensitive_attributes": [],
          "identity_schema_version": 0,
          "private": "eyJlMmJmYjczMC1lY2FhLTExZTYtOGY4OC0zNDM2M2JjN2M0YzAiOnsiY3JlYXRlIjozMDAwMDAwMDAwMDAsImRlbGV0ZSI6MzAwMDAwMDAwMDAwLCJ1cGRhdGUiOjEyMDAwMDAwMDAwMH19",
          "dependencies": [
            "data.aws_availability_zones.available",
            "module.vpc.aws_eip.nat",
            "module.vpc.aws_internet_gateway.main",
            "module.vpc.aws_nat_gateway.main",
            "module.vpc.aws_route_table.private",
            "module.vpc.aws_subnet.private",
            "module.vpc.aws_subnet.public",
            "module.vpc.aws_vpc.main"
          ]
        },
        {
          "index_key": 1,
          "schema_version": 0,
          "attributes": {
            "gateway_id": "",
            "id": "rtbassoc-06ca7b48573b7a8c9",
            "route_table_id": "rtb-0bcedd1c92f39ba7b",
            "subnet_id": "subnet-01e9ffa2fadbf9e42",
            "timeouts": null
          },
          "sensitive_attributes": [],
          "identity_schema_version": 0,
          "private": "eyJlMmJmYjczMC1lY2FhLTExZTYtOGY4OC0zNDM2M2JjN2M0YzAiOnsiY3JlYXRlIjozMDAwMDAwMDAwMDAsImRlbGV0ZSI6MzAwMDAwMDAwMDAwLCJ1cGRhdGUiOjEyMDAwMDAwMDAwMH19",
          "dependencies": [
            "data.aws_availability_zones.available",
            "module.vpc.aws_eip.nat",
            "module.vpc.aws_internet_gateway.main",
            "module.vpc.aws_nat_gateway.main",
            "module.vpc.aws_route_table.private",
            "module.vpc.aws_subnet.private",
            "module.vpc.aws_subnet.public",
            "module.vpc.aws_vpc.main"
          ]
        },
        {
          "index_key": 2,
          "schema_version": 0,
          "attributes": {
            "gateway_id": "",
            "id": "rtbassoc-0c7c33557c9f9a721",
            "route_table_id": "rtb-0eccbd2fe4bd42b45",
            "subnet_id": "subnet-0039023fed1441da7",
            "timeouts": null
          },
          "sensitive_attributes": [],
          "identity_schema_version": 0,
          "private": "eyJlMmJmYjczMC1lY2FhLTExZTYtOGY4OC0zNDM2M2JjN2M0YzAiOnsiY3JlYXRlIjozMDAwMDAwMDAwMDAsImRlbGV0ZSI6MzAwMDAwMDAwMDAwLCJ1cGRhdGUiOjEyMDAwMDAwMDAwMH19",
          "dependencies": [
            "data.aws_availability_zones.available",
            "module.vpc.aws_eip.nat",
            "module.vpc.aws_internet_gateway.main",
            "module.vpc.aws_nat_gateway.main",
            "module.vpc.aws_route_table.private",
            "module.vpc.aws_subnet.private",
            "module.vpc.aws_subnet.public",
            "module.vpc.aws_vpc.main"
          ]
        }
      ]
    },
    {
      "module": "module.vpc",
      "mode": "managed",
      "type": "aws_route_table_association",
      "name": "public",
      "provider": "provider[\"registry.terraform.io/hashicorp/aws\"]",
      "instances": [
        {
          "index_key": 0,
          "schema_version": 0,
          "attributes": {
            "gateway_id": "",
            "id": "rtbassoc-08d8d1c4df0b10608",
            "route_table_id": "rtb-0b590dcb5028fc5a7",
            "subnet_id": "subnet-0584e9080cb2aafd8",
            "timeouts": null
          },
          "sensitive_attributes": [],
          "identity_schema_version": 0,
          "private": "eyJlMmJmYjczMC1lY2FhLTExZTYtOGY4OC0zNDM2M2JjN2M0YzAiOnsiY3JlYXRlIjozMDAwMDAwMDAwMDAsImRlbGV0ZSI6MzAwMDAwMDAwMDAwLCJ1cGRhdGUiOjEyMDAwMDAwMDAwMH19",
          "dependencies": [
            "data.aws_availability_zones.available",
            "module.vpc.aws_internet_gateway.main",
            "module.vpc.aws_route_table.public",
            "module.vpc.aws_subnet.public",
            "module.vpc.aws_vpc.main"
          ]
        },
        {
          "index_key": 1,
          "schema_version": 0,
          "attributes": {
            "gateway_id": "",
            "id": "rtbassoc-06f1eae8911e9f74a",
            "route_table_id": "rtb-0b590dcb5028fc5a7",
            "subnet_id": "subnet-01c795ba4b070cd78",
            "timeouts": null
          },
          "sensitive_attributes": [],
          "identity_schema_version": 0,
          "private": "eyJlMmJmYjczMC1lY2FhLTExZTYtOGY4OC0zNDM2M2JjN2M0YzAiOnsiY3JlYXRlIjozMDAwMDAwMDAwMDAsImRlbGV0ZSI6MzAwMDAwMDAwMDAwLCJ1cGRhdGUiOjEyMDAwMDAwMDAwMH19",
          "dependencies": [
            "data.aws_availability_zones.available",
            "module.vpc.aws_internet_gateway.main",
            "module.vpc.aws_route_table.public",
            "module.vpc.aws_subnet.public",
            "module.vpc.aws_vpc.main"
          ]
        },
        {
          "index_key": 2,
          "schema_version": 0,
          "attributes": {
            "gateway_id": "",
            "id": "rtbassoc-0e70f4b268ba0cb8f",
            "route_table_id": "rtb-0b590dcb5028fc5a7",
            "subnet_id": "subnet-0092422a1445ef5ab",
            "timeouts": null
          },
          "sensitive_attributes": [],
          "identity_schema_version": 0,
          "private": "eyJlMmJmYjczMC1lY2FhLTExZTYtOGY4OC0zNDM2M2JjN2M0YzAiOnsiY3JlYXRlIjozMDAwMDAwMDAwMDAsImRlbGV0ZSI6MzAwMDAwMDAwMDAwLCJ1cGRhdGUiOjEyMDAwMDAwMDAwMH19",
          "dependencies": [
            "data.aws_availability_zones.available",
            "module.vpc.aws_internet_gateway.main",
            "module.vpc.aws_route_table.public",
            "module.vpc.aws_subnet.public",
            "module.vpc.aws_vpc.main"
          ]
        }
      ]
    },
    {
      "module": "module.vpc",
      "mode": "managed",
      "type": "aws_subnet",
      "name": "private",
      "provider": "provider[\"registry.terraform.io/hashicorp/aws\"]",
      "instances": [
        {
          "index_key": 0,
          "schema_version": 1,
          "attributes": {
            "arn": "arn:aws:ec2:ap-southeast-1:711387107956:subnet/subnet-0ae7ddcac23915574",
            "assign_ipv6_address_on_creation": false,
            "availability_zone": "ap-southeast-1a",
            "availability_zone_id": "apse1-az1",
            "cidr_block": "10.0.11.0/24",
            "customer_owned_ipv4_pool": "",
            "enable_dns64": false,
            "enable_lni_at_device_index": 0,
            "enable_resource_name_dns_a_record_on_launch": false,
            "enable_resource_name_dns_aaaa_record_on_launch": false,
            "id": "subnet-0ae7ddcac23915574",
            "ipv6_cidr_block": "",
            "ipv6_cidr_block_association_id": "",
            "ipv6_native": false,
            "map_customer_owned_ip_on_launch": false,
            "map_public_ip_on_launch": false,
            "outpost_arn": "",
            "owner_id": "711387107956",
            "private_dns_hostname_type_on_launch": "ip-name",
            "tags": {
              "Name": "observability-platform-dev-private-subnet-1",
              "kubernetes.io/cluster/observability-platform-dev-eks": "shared",
              "kubernetes.io/role/internal-elb": "1"
            },
            "tags_all": {
              "Environment": "dev",
              "ManagedBy": "Terraform",
              "Name": "observability-platform-dev-private-subnet-1",
              "Project": "observability-platform",
              "kubernetes.io/cluster/observability-platform-dev-eks": "shared",
              "kubernetes.io/role/internal-elb": "1"
            },
            "timeouts": null,
            "vpc_id": "vpc-09ea04bebf9fca5da"
          },
          "sensitive_attributes": [],
          "identity_schema_version": 0,
          "private": "eyJlMmJmYjczMC1lY2FhLTExZTYtOGY4OC0zNDM2M2JjN2M0YzAiOnsiY3JlYXRlIjo2MDAwMDAwMDAwMDAsImRlbGV0ZSI6MTIwMDAwMDAwMDAwMH0sInNjaGVtYV92ZXJzaW9uIjoiMSJ9",
          "dependencies": [
            "data.aws_availability_zones.available",
            "module.vpc.aws_vpc.main"
          ]
        },
        {
          "index_key": 1,
          "schema_version": 1,
          "attributes": {
            "arn": "arn:aws:ec2:ap-southeast-1:711387107956:subnet/subnet-01e9ffa2fadbf9e42",
            "assign_ipv6_address_on_creation": false,
            "availability_zone": "ap-southeast-1b",
            "availability_zone_id": "apse1-az2",
            "cidr_block": "10.0.12.0/24",
            "customer_owned_ipv4_pool": "",
            "enable_dns64": false,
            "enable_lni_at_device_index": 0,
            "enable_resource_name_dns_a_record_on_launch": false,
            "enable_resource_name_dns_aaaa_record_on_launch": false,
            "id": "subnet-01e9ffa2fadbf9e42",
            "ipv6_cidr_block": "",
            "ipv6_cidr_block_association_id": "",
            "ipv6_native": false,
            "map_customer_owned_ip_on_launch": false,
            "map_public_ip_on_launch": false,
            "outpost_arn": "",
            "owner_id": "711387107956",
            "private_dns_hostname_type_on_launch": "ip-name",
            "tags": {
              "Name": "observability-platform-dev-private-subnet-2",
              "kubernetes.io/cluster/observability-platform-dev-eks": "shared",
              "kubernetes.io/role/internal-elb": "1"
            },
            "tags_all": {
              "Environment": "dev",
              "ManagedBy": "Terraform",
              "Name": "observability-platform-dev-private-subnet-2",
              "Project": "observability-platform",
              "kubernetes.io/cluster/observability-platform-dev-eks": "shared",
              "kubernetes.io/role/internal-elb": "1"
            },
            "timeouts": null,
            "vpc_id": "vpc-09ea04bebf9fca5da"
          },
          "sensitive_attributes": [],
          "identity_schema_version": 0,
          "private": "eyJlMmJmYjczMC1lY2FhLTExZTYtOGY4OC0zNDM2M2JjN2M0YzAiOnsiY3JlYXRlIjo2MDAwMDAwMDAwMDAsImRlbGV0ZSI6MTIwMDAwMDAwMDAwMH0sInNjaGVtYV92ZXJzaW9uIjoiMSJ9",
          "dependencies": [
            "data.aws_availability_zones.available",
            "module.vpc.aws_vpc.main"
          ]
        },
        {
          "index_key": 2,
          "schema_version": 1,
          "attributes": {
            "arn": "arn:aws:ec2:ap-southeast-1:711387107956:subnet/subnet-0039023fed1441da7",
            "assign_ipv6_address_on_creation": false,
            "availability_zone": "ap-southeast-1c",
            "availability_zone_id": "apse1-az3",
            "cidr_block": "10.0.13.0/24",
            "customer_owned_ipv4_pool": "",
            "enable_dns64": false,
            "enable_lni_at_device_index": 0,
            "enable_resource_name_dns_a_record_on_launch": false,
            "enable_resource_name_dns_aaaa_record_on_launch": false,
            "id": "subnet-0039023fed1441da7",
            "ipv6_cidr_block": "",
            "ipv6_cidr_block_association_id": "",
            "ipv6_native": false,
            "map_customer_owned_ip_on_launch": false,
            "map_public_ip_on_launch": false,
            "outpost_arn": "",
            "owner_id": "711387107956",
            "private_dns_hostname_type_on_launch": "ip-name",
            "tags": {
              "Name": "observability-platform-dev-private-subnet-3",
              "kubernetes.io/cluster/observability-platform-dev-eks": "shared",
              "kubernetes.io/role/internal-elb": "1"
            },
            "tags_all": {
              "Environment": "dev",
              "ManagedBy": "Terraform",
              "Name": "observability-platform-dev-private-subnet-3",
              "Project": "observability-platform",
              "kubernetes.io/cluster/observability-platform-dev-eks": "shared",
              "kubernetes.io/role/internal-elb": "1"
            },
            "timeouts": null,
            "vpc_id": "vpc-09ea04bebf9fca5da"
          },
          "sensitive_attributes": [],
          "identity_schema_version": 0,
          "private": "eyJlMmJmYjczMC1lY2FhLTExZTYtOGY4OC0zNDM2M2JjN2M0YzAiOnsiY3JlYXRlIjo2MDAwMDAwMDAwMDAsImRlbGV0ZSI6MTIwMDAwMDAwMDAwMH0sInNjaGVtYV92ZXJzaW9uIjoiMSJ9",
          "dependencies": [
            "data.aws_availability_zones.available",
            "module.vpc.aws_vpc.main"
          ]
        }
      ]
    },
    {
      "module": "module.vpc",
      "mode": "managed",
      "type": "aws_subnet",
      "name": "public",
      "provider": "provider[\"registry.terraform.io/hashicorp/aws\"]",
      "instances": [
        {
          "index_key": 0,
          "schema_version": 1,
          "attributes": {
            "arn": "arn:aws:ec2:ap-southeast-1:711387107956:subnet/subnet-0584e9080cb2aafd8",
            "assign_ipv6_address_on_creation": false,
            "availability_zone": "ap-southeast-1a",
            "availability_zone_id": "apse1-az1",
            "cidr_block": "10.0.1.0/24",
            "customer_owned_ipv4_pool": "",
            "enable_dns64": false,
            "enable_lni_at_device_index": 0,
            "enable_resource_name_dns_a_record_on_launch": false,
            "enable_resource_name_dns_aaaa_record_on_launch": false,
            "id": "subnet-0584e9080cb2aafd8",
            "ipv6_cidr_block": "",
            "ipv6_cidr_block_association_id": "",
            "ipv6_native": false,
            "map_customer_owned_ip_on_launch": false,
            "map_public_ip_on_launch": true,
            "outpost_arn": "",
            "owner_id": "711387107956",
            "private_dns_hostname_type_on_launch": "ip-name",
            "tags": {
              "Name": "observability-platform-dev-public-subnet-1",
              "kubernetes.io/cluster/observability-platform-dev-eks": "shared",
              "kubernetes.io/role/elb": "1"
            },
            "tags_all": {
              "Environment": "dev",
              "ManagedBy": "Terraform",
              "Name": "observability-platform-dev-public-subnet-1",
              "Project": "observability-platform",
              "kubernetes.io/cluster/observability-platform-dev-eks": "shared",
              "kubernetes.io/role/elb": "1"
            },
            "timeouts": null,
            "vpc_id": "vpc-09ea04bebf9fca5da"
          },
          "sensitive_attributes": [],
          "identity_schema_version": 0,
          "private": "eyJlMmJmYjczMC1lY2FhLTExZTYtOGY4OC0zNDM2M2JjN2M0YzAiOnsiY3JlYXRlIjo2MDAwMDAwMDAwMDAsImRlbGV0ZSI6MTIwMDAwMDAwMDAwMH0sInNjaGVtYV92ZXJzaW9uIjoiMSJ9",
          "dependencies": [
            "data.aws_availability_zones.available",
            "module.vpc.aws_vpc.main"
          ]
        },
        {
          "index_key": 1,
          "schema_version": 1,
          "attributes": {
            "arn": "arn:aws:ec2:ap-southeast-1:711387107956:subnet/subnet-01c795ba4b070cd78",
            "assign_ipv6_address_on_creation": false,
            "availability_zone": "ap-southeast-1b",
            "availability_zone_id": "apse1-az2",
            "cidr_block": "10.0.2.0/24",
            "customer_owned_ipv4_pool": "",
            "enable_dns64": false,
            "enable_lni_at_device_index": 0,
            "enable_resource_name_dns_a_record_on_launch": false,
            "enable_resource_name_dns_aaaa_record_on_launch": false,
            "id": "subnet-01c795ba4b070cd78",
            "ipv6_cidr_block": "",
            "ipv6_cidr_block_association_id": "",
            "ipv6_native": false,
            "map_customer_owned_ip_on_launch": false,
            "map_public_ip_on_launch": true,
            "outpost_arn": "",
            "owner_id": "711387107956",
            "private_dns_hostname_type_on_launch": "ip-name",
            "tags": {
              "Name": "observability-platform-dev-public-subnet-2",
              "kubernetes.io/cluster/observability-platform-dev-eks": "shared",
              "kubernetes.io/role/elb": "1"
            },
            "tags_all": {
              "Environment": "dev",
              "ManagedBy": "Terraform",
              "Name": "observability-platform-dev-public-subnet-2",
              "Project": "observability-platform",
              "kubernetes.io/cluster/observability-platform-dev-eks": "shared",
              "kubernetes.io/role/elb": "1"
            },
            "timeouts": null,
            "vpc_id": "vpc-09ea04bebf9fca5da"
          },
          "sensitive_attributes": [],
          "identity_schema_version": 0,
          "private": "eyJlMmJmYjczMC1lY2FhLTExZTYtOGY4OC0zNDM2M2JjN2M0YzAiOnsiY3JlYXRlIjo2MDAwMDAwMDAwMDAsImRlbGV0ZSI6MTIwMDAwMDAwMDAwMH0sInNjaGVtYV92ZXJzaW9uIjoiMSJ9",
          "dependencies": [
            "data.aws_availability_zones.available",
            "module.vpc.aws_vpc.main"
          ]
        },
        {
          "index_key": 2,
          "schema_version": 1,
          "attributes": {
            "arn": "arn:aws:ec2:ap-southeast-1:711387107956:subnet/subnet-0092422a1445ef5ab",
            "assign_ipv6_address_on_creation": false,
            "availability_zone": "ap-southeast-1c",
            "availability_zone_id": "apse1-az3",
            "cidr_block": "10.0.3.0/24",
            "customer_owned_ipv4_pool": "",
            "enable_dns64": false,
            "enable_lni_at_device_index": 0,
            "enable_resource_name_dns_a_record_on_launch": false,
            "enable_resource_name_dns_aaaa_record_on_launch": false,
            "id": "subnet-0092422a1445ef5ab",
            "ipv6_cidr_block": "",
            "ipv6_cidr_block_association_id": "",
            "ipv6_native": false,
            "map_customer_owned_ip_on_launch": false,
            "map_public_ip_on_launch": true,
            "outpost_arn": "",
            "owner_id": "711387107956",
            "private_dns_hostname_type_on_launch": "ip-name",
            "tags": {
              "Name": "observability-platform-dev-public-subnet-3",
              "kubernetes.io/cluster/observability-platform-dev-eks": "shared",
              "kubernetes.io/role/elb": "1"
            },
            "tags_all": {
              "Environment": "dev",
              "ManagedBy": "Terraform",
              "Name": "observability-platform-dev-public-subnet-3",
              "Project": "observability-platform",
              "kubernetes.io/cluster/observability-platform-dev-eks": "shared",
              "kubernetes.io/role/elb": "1"
            },
            "timeouts": null,
            "vpc_id": "vpc-09ea04bebf9fca5da"
          },
          "sensitive_attributes": [],
          "identity_schema_version": 0,
          "private": "eyJlMmJmYjczMC1lY2FhLTExZTYtOGY4OC0zNDM2M2JjN2M0YzAiOnsiY3JlYXRlIjo2MDAwMDAwMDAwMDAsImRlbGV0ZSI6MTIwMDAwMDAwMDAwMH0sInNjaGVtYV92ZXJzaW9uIjoiMSJ9",
          "dependencies": [
            "data.aws_availability_zones.available",
            "module.vpc.aws_vpc.main"
          ]
        }
      ]
    },
    {
      "module": "module.vpc",
      "mode": "managed",
      "type": "aws_vpc",
      "name": "main",
      "provider": "provider[\"registry.terraform.io/hashicorp/aws\"]",
      "instances": [
        {
          "schema_version": 1,
          "attributes": {
            "arn": "arn:aws:ec2:ap-southeast-1:711387107956:vpc/vpc-09ea04bebf9fca5da",
            "assign_generated_ipv6_cidr_block": false,
            "cidr_block": "10.0.0.0/16",
            "default_network_acl_id": "acl-0c78edb53c2ee8e0b",
            "default_route_table_id": "rtb-0f449811e62d649a0",
            "default_security_group_id": "sg-0068cf342a4618f71",
            "dhcp_options_id": "dopt-06c302ad9fa4344bb",
            "enable_dns_hostnames": true,
            "enable_dns_support": true,
            "enable_network_address_usage_metrics": false,
            "id": "vpc-09ea04bebf9fca5da",
            "instance_tenancy": "default",
            "ipv4_ipam_pool_id": null,
            "ipv4_netmask_length": null,
            "ipv6_association_id": "",
            "ipv6_cidr_block": "",
            "ipv6_cidr_block_network_border_group": "",
            "ipv6_ipam_pool_id": "",
            "ipv6_netmask_length": 0,
            "main_route_table_id": "rtb-0f449811e62d649a0",
            "owner_id": "711387107956",
            "tags": {
              "Name": "observability-platform-dev-vpc"
            },
            "tags_all": {
              "Environment": "dev",
              "ManagedBy": "Terraform",
              "Name": "observability-platform-dev-vpc",
              "Project": "observability-platform"
            }
          },
          "sensitive_attributes": [],
          "identity_schema_version": 0,
          "private": "eyJzY2hlbWFfdmVyc2lvbiI6IjEifQ==",
          "create_before_destroy": true
        }
      ]
    }
  ],
  "check_results": [
    {
      "object_kind": "var",
      "config_addr": "module.msk.var.number_of_brokers",
      "status": "pass",
      "objects": [
        {
          "object_addr": "module.msk.var.number_of_brokers",
          "status": "pass"
        }
      ]
    }
  ]
}
